{
  "originHash" : "fd8a7ab3bef43022c77af71fe6bacc3b1428759cb2570767081d8589b3eeef5f",
  "pins" : [
    {
      "identity" : "nsobject-safeexpectations",
      "kind" : "remoteSourceControl",
      "location" : "https://github.com/wordpress-mobile/NSObject-SafeExpectations",
      "state" : {
        "revision" : "eb84d994ab13a153888a19e5b99f536aafa77434",
        "version" : "0.0.6"
      }
    },
    {
      "identity" : "reachability",
      "kind" : "remoteSourceControl",
      "location" : "https://github.com/Automattic/Reachability",
      "state" : {
        "branch" : "framework-support-via-spm",
        "revision" : "5552d6a2ceeb40ad6aa1a288ea7bbd544fb68d6f"
      }
    },
    {
      "identity" : "wordpress-rs",
      "kind" : "remoteSourceControl",
      "location" : "https://github.com/Automattic/wordpress-rs",
      "state" : {
        "branch" : "alpha-20260226",
        "revision" : "9d28dfbf4d1041ea06d9d81241cabaa9a37db600"
      }
    },
    {
      "identity" : "wpxmlrpc",
      "kind" : "remoteSourceControl",
      "location" : "https://github.com/wordpress-mobile/wpxmlrpc",
      "state" : {
        "revision" : "bfc413d336bdeaab89e62dc483380baa99b2257e",
        "version" : "0.10.0"
      }
    }
  ],
  "version" : 3
}
