PODS:
  - 1PasswordExtension (1.6.4)
  - AFNetworking (2.6.3):
    - AFNetworking/NSURLConnection (= 2.6.3)
    - AFNetworking/NSURLSession (= 2.6.3)
    - AFNetworking/Reachability (= 2.6.3)
    - AFNetworking/Security (= 2.6.3)
    - AFNetworking/Serialization (= 2.6.3)
    - AFNetworking/UIKit (= 2.6.3)
  - AFNetworking/NSURLConnection (2.6.3):
    - AFNetworking/Reachability
    - AFNetworking/Security
    - AFNetworking/Serialization
  - AFNetworking/NSURLSession (2.6.3):
    - AFNetworking/Reachability
    - AFNetworking/Security
    - AFNetworking/Serialization
  - AFNetworking/Reachability (2.6.3)
  - AFNetworking/Security (2.6.3)
  - AFNetworking/Serialization (2.6.3)
  - AFNetworking/UIKit (2.6.3):
    - AFNetworking/NSURLConnection
    - AFNetworking/NSURLSession
  - AMPopTip (0.10.2)
  - Automattic-Tracks-iOS (0.0.13):
    - CocoaLumberjack (~> 2.2.0)
    - Reachability (~> 3.1)
    - UIDeviceIdentifier (~> 0.4)
  - CocoaLumberjack (2.2.0):
    - CocoaLumberjack/Default (= 2.2.0)
    - CocoaLumberjack/Extensions (= 2.2.0)
  - CocoaLumberjack/Core (2.2.0)
  - CocoaLumberjack/Default (2.2.0):
    - CocoaLumberjack/Core
  - CocoaLumberjack/Extensions (2.2.0):
    - CocoaLumberjack/Default
  - Crashlytics (3.7.0):
    - Fabric (~> 1.6.3)
  - DTCoreText (1.6.16):
    - DTFoundation/Core (~> 1.7.5)
    - DTFoundation/DTAnimatedGIF (~> 1.7.5)
    - DTFoundation/DTHTMLParser (~> 1.7.5)
    - DTFoundation/UIKit (~> 1.7.5)
  - DTFoundation/Core (1.7.9)
  - DTFoundation/DTAnimatedGIF (1.7.9)
  - DTFoundation/DTHTMLParser (1.7.9):
    - DTFoundation/Core
  - DTFoundation/UIKit (1.7.9):
    - DTFoundation/Core
  - EmailChecker (0.1)
  - Expecta (0.3.2)
  - Fabric (1.6.6)
  - FormatterKit (1.8.0):
    - FormatterKit/AddressFormatter (= 1.8.0)
    - FormatterKit/ArrayFormatter (= 1.8.0)
    - FormatterKit/ColorFormatter (= 1.8.0)
    - FormatterKit/LocationFormatter (= 1.8.0)
    - FormatterKit/NameFormatter (= 1.8.0)
    - FormatterKit/OrdinalNumberFormatter (= 1.8.0)
    - FormatterKit/TimeIntervalFormatter (= 1.8.0)
    - FormatterKit/UnitOfInformationFormatter (= 1.8.0)
    - FormatterKit/URLRequestFormatter (= 1.8.0)
  - FormatterKit/AddressFormatter (1.8.0)
  - FormatterKit/ArrayFormatter (1.8.0)
  - FormatterKit/ColorFormatter (1.8.0)
  - FormatterKit/LocationFormatter (1.8.0)
  - FormatterKit/NameFormatter (1.8.0)
  - FormatterKit/OrdinalNumberFormatter (1.8.0)
  - FormatterKit/TimeIntervalFormatter (1.8.0)
  - FormatterKit/UnitOfInformationFormatter (1.8.0)
  - FormatterKit/URLRequestFormatter (1.8.0)
  - Helpshift (5.3.0-supportXcode6)
  - HockeySDK (3.8.5):
    - HockeySDK/AllFeaturesLib (= 3.8.5)
  - HockeySDK/AllFeaturesLib (3.8.5)
  - KIF/Core (3.4.1)
  - KIF/IdentifierTests (3.4.1):
    - KIF/Core
  - Lookback (1.1.4):
    - PDKTZipArchive
  - MGImageUtilities (0.0.1)
  - Mixpanel (2.9.4):
    - Mixpanel/Mixpanel (= 2.9.4)
  - Mixpanel/Mixpanel (2.9.4)
  - MRProgress (0.7.0):
    - MRProgress/ActivityIndicator (= 0.7.0)
    - MRProgress/Blur (= 0.7.0)
    - MRProgress/Circular (= 0.7.0)
    - MRProgress/Icons (= 0.7.0)
    - MRProgress/NavigationBarProgress (= 0.7.0)
    - MRProgress/Overlay (= 0.7.0)
  - MRProgress/ActivityIndicator (0.7.0):
    - MRProgress/Stopable
  - MRProgress/Blur (0.7.0):
    - MRProgress/Helper
  - MRProgress/Circular (0.7.0):
    - MRProgress/Helper
    - MRProgress/ProgressBaseClass
    - MRProgress/Stopable
  - MRProgress/Helper (0.7.0)
  - MRProgress/Icons (0.7.0)
  - MRProgress/NavigationBarProgress (0.7.0):
    - MRProgress/ProgressBaseClass
  - MRProgress/Overlay (0.7.0):
    - MRProgress/ActivityIndicator
    - MRProgress/Blur
    - MRProgress/Circular
    - MRProgress/Helper
    - MRProgress/Icons
  - MRProgress/ProgressBaseClass (0.7.0)
  - MRProgress/Stopable (0.7.0):
    - MRProgress/Helper
  - Nimble (3.0.0)
  - NSObject-SafeExpectations (0.0.2)
  - NSURL+IDN (0.3)
  - OCMock (3.1.2)
  - OHHTTPStubs (4.6.0):
    - OHHTTPStubs/Default (= 4.6.0)
  - OHHTTPStubs/Core (4.6.0)
  - OHHTTPStubs/Default (4.6.0):
    - OHHTTPStubs/Core
    - OHHTTPStubs/JSON
    - OHHTTPStubs/NSURLSession
    - OHHTTPStubs/OHPathHelpers
  - OHHTTPStubs/JSON (4.6.0):
    - OHHTTPStubs/Core
  - OHHTTPStubs/NSURLSession (4.6.0):
    - OHHTTPStubs/Core
  - OHHTTPStubs/OHPathHelpers (4.6.0)
  - OHHTTPStubs/Swift (4.6.0):
    - OHHTTPStubs/Core
  - PDKTZipArchive (0.3.5)
  - Reachability (3.2)
  - ReactiveCocoa (2.4.7):
    - ReactiveCocoa/UI (= 2.4.7)
  - ReactiveCocoa/Core (2.4.7):
    - ReactiveCocoa/no-arc
  - ReactiveCocoa/no-arc (2.4.7)
  - ReactiveCocoa/UI (2.4.7):
    - ReactiveCocoa/Core
  - RxCocoa (2.1.0):
    - RxSwift (~> 2.0)
  - RxSwift (2.1.0)
  - RxTests (2.1.0):
    - RxSwift (~> 2.0)
  - Simperium (0.8.12):
    - Simperium/DiffMatchPach (= 0.8.12)
    - Simperium/JRSwizzle (= 0.8.12)
    - Simperium/SocketRocket (= 0.8.12)
    - Simperium/SPReachability (= 0.8.12)
    - Simperium/SSKeychain (= 0.8.12)
  - Simperium/DiffMatchPach (0.8.12)
  - Simperium/JRSwizzle (0.8.12)
  - Simperium/SocketRocket (0.8.12)
  - Simperium/SPReachability (0.8.12)
  - Simperium/SSKeychain (0.8.12)
  - Specta (1.0.5)
  - SVProgressHUD (1.1.3)
  - UIDeviceIdentifier (0.5.0)
  - WordPress-AppbotX (1.0.6)
  - WordPress-iOS-Editor (1.1.5):
    - CocoaLumberjack (~> 2.2.0)
    - NSObject-SafeExpectations (~> 0.0.2)
    - WordPress-iOS-Shared (~> 0.5.3)
    - WordPressCom-Analytics-iOS (~> 0.1.0)
  - WordPress-iOS-Shared (0.5.3):
    - AFNetworking (~> 2.5)
    - CocoaLumberjack (~> 2.2.0)
  - WordPressApi (0.3.6):
    - AFNetworking (~> 2.6.0)
    - wpxmlrpc (~> 0.7)
  - WordPressCom-Analytics-iOS (0.1.4)
  - WordPressCom-Stats-iOS/Services (0.6.3):
    - AFNetworking (~> 2.6.0)
    - CocoaLumberjack (~> 2.2.0)
    - NSObject-SafeExpectations (= 0.0.2)
    - WordPress-iOS-Shared (~> 0.5.3)
    - WordPressCom-Analytics-iOS (~> 0.1.0)
  - WordPressCom-Stats-iOS/UI (0.6.3):
    - AFNetworking (~> 2.6.0)
    - CocoaLumberjack (~> 2.2.0)
    - NSObject-SafeExpectations (= 0.0.2)
    - WordPress-iOS-Shared (~> 0.5.3)
    - WordPressCom-Analytics-iOS (~> 0.1.0)
    - WordPressCom-Stats-iOS/Services
  - WPMediaPicker (0.9.0)
  - wpxmlrpc (0.8.1)

DEPENDENCIES:
  - 1PasswordExtension (= 1.6.4)
  - AFNetworking (= 2.6.3)
  - AMPopTip (~> 0.7)
  - Automattic-Tracks-iOS (from `https://github.com/Automattic/Automattic-Tracks-iOS.git`,
    tag `0.0.13`)
  - CocoaLumberjack (~> 2.2.0)
  - Crashlytics
  - DTCoreText (= 1.6.16)
  - EmailChecker (from `https://raw.github.com/wordpress-mobile/EmailChecker/develop/ios/EmailChecker.podspec`)
  - Expecta (= 0.3.2)
  - FormatterKit (~> 1.8.0)
  - Helpshift (~> 5.3.0-support)
  - HockeySDK (~> 3.8.0)
  - KIF/IdentifierTests (~> 3.1)
  - Lookback (= 1.1.4)
  - MGImageUtilities (from `git://github.com/wordpress-mobile/MGImageUtilities.git`,
    branch `gifsupport`)
  - Mixpanel (= 2.9.4)
  - MRProgress (~> 0.7.0)
  - Nimble (~> 3.0.0)
  - NSObject-SafeExpectations (= 0.0.2)
  - NSURL+IDN (= 0.3)
  - OCMock (= 3.1.2)
  - OHHTTPStubs (~> 4.6.0)
  - OHHTTPStubs/Swift (~> 4.6.0)
  - Reachability (= 3.2)
  - ReactiveCocoa (~> 2.4.7)
  - RxCocoa (~> 2.1.0)
  - RxSwift (~> 2.1.0)
  - RxTests (~> 2.1.0)
  - Simperium (= 0.8.12)
  - Specta (= 1.0.5)
  - SVProgressHUD (~> 1.1.3)
  - UIDeviceIdentifier (~> 0.1)
  - WordPress-AppbotX (from `https://github.com/wordpress-mobile/appbotx.git`, commit
    `87bae8c770cfc4e053119f2d00f76b2f653b26ce`)
  - WordPress-iOS-Editor (= 1.1.5)
  - WordPress-iOS-Shared (= 0.5.3)
  - WordPressApi (from `https://github.com/wordpress-mobile/WordPress-API-iOS.git`)
  - WordPressCom-Analytics-iOS (= 0.1.4)
  - WordPressCom-Stats-iOS/Services (= 0.6.3)
  - WordPressCom-Stats-iOS/UI (= 0.6.3)
  - WPMediaPicker (~> 0.9.0)
  - wpxmlrpc (~> 0.8)

EXTERNAL SOURCES:
  Automattic-Tracks-iOS:
    :git: https://github.com/Automattic/Automattic-Tracks-iOS.git
    :tag: 0.0.13
  EmailChecker:
    :podspec: https://raw.github.com/wordpress-mobile/EmailChecker/develop/ios/EmailChecker.podspec
  MGImageUtilities:
    :branch: gifsupport
    :git: git://github.com/wordpress-mobile/MGImageUtilities.git
  WordPress-AppbotX:
    :commit: 87bae8c770cfc4e053119f2d00f76b2f653b26ce
    :git: https://github.com/wordpress-mobile/appbotx.git
  WordPressApi:
    :git: https://github.com/wordpress-mobile/WordPress-API-iOS.git

CHECKOUT OPTIONS:
  Automattic-Tracks-iOS:
    :git: https://github.com/Automattic/Automattic-Tracks-iOS.git
    :tag: 0.0.13
  MGImageUtilities:
    :commit: e946cf3d97eb95372f4fc4478bf2e0099e73f4b0
    :git: git://github.com/wordpress-mobile/MGImageUtilities.git
  WordPress-AppbotX:
    :commit: 87bae8c770cfc4e053119f2d00f76b2f653b26ce
    :git: https://github.com/wordpress-mobile/appbotx.git
  WordPressApi:
    :commit: e89ef2bf8820d785c3fe9713ebeeb83f8a3f0429
    :git: https://github.com/wordpress-mobile/WordPress-API-iOS.git

SPEC CHECKSUMS:
  1PasswordExtension: 9f471645d378283cb88c6d4bf502e4381a42c0ad
  AFNetworking: cb8d14a848e831097108418f5d49217339d4eb60
  AMPopTip: 0788a9452806049e3aa0d6d09324606fc41ea646
  Automattic-Tracks-iOS: ba47c35576a07376facc7a91740fb78867831e1c
  CocoaLumberjack: 17fe8581f84914d5d7e6360f7c70022b173c3ae0
  Crashlytics: c3a2333dea9e2733d2777f730910321fc9e25c0d
  DTCoreText: 934a16fe9ffdd169c96261721b39dc312b75713d
  DTFoundation: 70a0765e3596f82dd421832e95c65e2166eb3102
  EmailChecker: 78dd8dfa9d004826c8b5889be6c380b72b837d44
  Expecta: 8c507baf13211207b1e9d0a741480600e6b4ed15
  Fabric: 1abc1e59f11fa39ede6f690ef7309d8563e3ec59
  FormatterKit: bddde83e054edf9d9ee14f9de3b3a5103db256f4
  Helpshift: af8567ca7991c6d2c1aa76e10ee6e6893409c0a1
  HockeySDK: dd11a2b9da3372fd025643bee5bc10c8c613d169
  KIF: 2275c6d59c77e5e56f660f006b99d73780130540
  Lookback: 9ab9027ff246d2dc5ce34be483f70e4a6718280b
  MGImageUtilities: b54a815970e231903c495fff33699467158f61a0
  Mixpanel: 80d2ca9bb38ae91c1044d738e80fe448377ac89f
  MRProgress: 1cb0051b678be4a2ef4881414cd316768fc70028
  Nimble: 4c353d43735b38b545cbb4cb91504588eb5de926
  NSObject-SafeExpectations: 7d7f48df90df4e11da7cfe86b64f45eff7a7f521
  NSURL+IDN: 82355a0afd532fe1de08f6417c134b49b1a1c4b3
  OCMock: a10ea9f0a6e921651f96f78b6faee95ebc813b92
  OHHTTPStubs: cb1aefbbeb4de4e741644455d4b945538e5248a2
  PDKTZipArchive: 81c4824eb5587131e422fc58b92c043c4aa96466
  Reachability: 33e18b67625424e47b6cde6d202dce689ad7af96
  ReactiveCocoa: eb38dee0a0e698f73a9b25e5c1faea2bb4c79240
  RxCocoa: 79b5feb8378545336e756a0a33fcf5e95050b71c
  RxSwift: 110fb07f81c17c2c3b3254d168363057b1880d18
  RxTests: 94c67ffc37c36bd8c7aec90a84601a3db142be94
  Simperium: 6622a66f72cb56632547f55215e884702f9b6339
  Specta: ac94d110b865115fe60ff2c6d7281053c6f8e8a2
  SVProgressHUD: 748080e4f36e603f6c02aec292664239df5279c1
  UIDeviceIdentifier: a959a6d4f51036b4180dd31fb26483a820f1cc46
  WordPress-AppbotX: d0ebf5bb2d70bee56272796e1e7a97787b5bfb14
  WordPress-iOS-Editor: 81649efb004edc8286d3af98225d8ec2a24452ae
  WordPress-iOS-Shared: 43f55f24f0685e431167084071b7914d7c7134a8
  WordPressApi: 78e75bd45467f8bb0f7dad41cd7c3b0a1a9d3d4c
  WordPressCom-Analytics-iOS: 1d4cf0426fdc91393ea1ba65daf19133e440ff6a
  WordPressCom-Stats-iOS: 75dbdf4765c09b90a8fe00375dc96a93e64feffa
  WPMediaPicker: 2c399b1cbd4d8a7fcd312eb93107a349d26fb23f
  wpxmlrpc: bd391dab54e9bdceb5d1de23d161ecf1ba80f0e0

COCOAPODS: 0.39.0
