PODS:
  - 1PasswordExtension (1.8.5)
  - AFNetworking (3.2.1):
    - AFNetworking/NSURLSession (= 3.2.1)
    - AFNetworking/Reachability (= 3.2.1)
    - AFNetworking/Security (= 3.2.1)
    - AFNetworking/Serialization (= 3.2.1)
    - AFNetworking/UIKit (= 3.2.1)
  - AFNetworking/NSURLSession (3.2.1):
    - AFNetworking/Reachability
    - AFNetworking/Security
    - AFNetworking/Serialization
  - AFNetworking/Reachability (3.2.1)
  - AFNetworking/Security (3.2.1)
  - AFNetworking/Serialization (3.2.1)
  - AFNetworking/UIKit (3.2.1):
    - AFNetworking/NSURLSession
  - Alamofire (4.7.3)
  - Automattic-Tracks-iOS (0.3.2):
    - CocoaLumberjack (~> 3.4.1)
    - Reachability (~> 3.1)
    - UIDeviceIdentifier (~> 1.1.4)
  - boost-for-react-native (1.63.0)
  - Charts (3.2.2):
    - Charts/Core (= 3.2.2)
  - Charts/Core (3.2.2)
  - CocoaLumberjack (3.4.2):
    - CocoaLumberjack/Default (= 3.4.2)
    - CocoaLumberjack/Extensions (= 3.4.2)
  - CocoaLumberjack/Default (3.4.2)
  - CocoaLumberjack/Extensions (3.4.2):
    - CocoaLumberjack/Default
  - Crashlytics (3.12.0):
    - Fabric (~> 1.9.0)
  - DoubleConversion (1.1.5)
  - Fabric (1.9.0)
  - Folly (2018.10.22.00):
    - boost-for-react-native
    - DoubleConversion
    - glog
  - FormatterKit/Resources (1.8.2)
  - FormatterKit/TimeIntervalFormatter (1.8.2):
    - FormatterKit/Resources
  - Gifu (3.2.0)
  - GiphyCoreSDK (1.4.1)
  - glog (0.3.4)
  - GoogleSignInRepacked (4.1.2):
    - "GoogleToolboxForMac/NSDictionary+URLArguments (~> 2.1)"
    - "GoogleToolboxForMac/NSString+URLArguments (~> 2.1)"
  - GoogleToolboxForMac/DebugUtils (2.2.0):
    - GoogleToolboxForMac/Defines (= 2.2.0)
  - GoogleToolboxForMac/Defines (2.2.0)
  - "GoogleToolboxForMac/NSDictionary+URLArguments (2.2.0)":
    - GoogleToolboxForMac/DebugUtils (= 2.2.0)
    - GoogleToolboxForMac/Defines (= 2.2.0)
    - "GoogleToolboxForMac/NSString+URLArguments (= 2.2.0)"
  - "GoogleToolboxForMac/NSString+URLArguments (2.2.0)"
  - Gridicons (0.18)
  - Gutenberg (1.1.0):
    - React/Core (= 0.59.0)
    - React/CxxBridge (= 0.59.0)
    - React/DevSupport (= 0.59.0)
    - React/RCTActionSheet (= 0.59.0)
    - React/RCTAnimation (= 0.59.0)
    - React/RCTImage (= 0.59.0)
    - React/RCTLinkingIOS (= 0.59.0)
    - React/RCTNetwork (= 0.59.0)
    - React/RCTText (= 0.59.0)
    - RNTAztecView
    - WordPress-Aztec-iOS
    - yoga (= 0.59.0.React)
  - HockeySDK (5.1.4):
    - HockeySDK/DefaultLib (= 5.1.4)
  - HockeySDK/DefaultLib (5.1.4)
  - lottie-ios (2.5.2)
  - MGSwipeTableCell (1.6.8)
  - MRProgress (0.8.3):
    - MRProgress/ActivityIndicator (= 0.8.3)
    - MRProgress/Blur (= 0.8.3)
    - MRProgress/Circular (= 0.8.3)
    - MRProgress/Icons (= 0.8.3)
    - MRProgress/NavigationBarProgress (= 0.8.3)
    - MRProgress/Overlay (= 0.8.3)
  - MRProgress/ActivityIndicator (0.8.3):
    - MRProgress/Stopable
  - MRProgress/Blur (0.8.3):
    - MRProgress/Helper
  - MRProgress/Circular (0.8.3):
    - MRProgress/Helper
    - MRProgress/ProgressBaseClass
    - MRProgress/Stopable
  - MRProgress/Helper (0.8.3)
  - MRProgress/Icons (0.8.3)
  - MRProgress/NavigationBarProgress (0.8.3):
    - MRProgress/ProgressBaseClass
  - MRProgress/Overlay (0.8.3):
    - MRProgress/ActivityIndicator
    - MRProgress/Blur
    - MRProgress/Circular
    - MRProgress/Helper
    - MRProgress/Icons
  - MRProgress/ProgressBaseClass (0.8.3)
  - MRProgress/Stopable (0.8.3):
    - MRProgress/Helper
  - Nimble (7.3.4)
  - NSObject-SafeExpectations (0.0.3)
  - "NSURL+IDN (0.3)"
  - OCMock (3.4.3)
  - OHHTTPStubs (6.1.0):
    - OHHTTPStubs/Default (= 6.1.0)
  - OHHTTPStubs/Core (6.1.0)
  - OHHTTPStubs/Default (6.1.0):
    - OHHTTPStubs/Core
    - OHHTTPStubs/JSON
    - OHHTTPStubs/NSURLSession
    - OHHTTPStubs/OHPathHelpers
  - OHHTTPStubs/JSON (6.1.0):
    - OHHTTPStubs/Core
  - OHHTTPStubs/NSURLSession (6.1.0):
    - OHHTTPStubs/Core
  - OHHTTPStubs/OHPathHelpers (6.1.0)
  - OHHTTPStubs/Swift (6.1.0):
    - OHHTTPStubs/Default
  - Reachability (3.2)
  - React (0.59.0):
    - React/Core (= 0.59.0)
  - react-native-keyboard-aware-scroll-view (0.8.7):
    - React
  - react-native-safe-area (0.5.0):
    - React
  - React/Core (0.59.0):
    - yoga (= 0.59.0.React)
  - React/CxxBridge (0.59.0):
    - Folly (= 2018.10.22.00)
    - React/Core
    - React/cxxreact
    - React/jsiexecutor
  - React/cxxreact (0.59.0):
    - boost-for-react-native (= 1.63.0)
    - DoubleConversion
    - Folly (= 2018.10.22.00)
    - glog
    - React/jsinspector
  - React/DevSupport (0.59.0):
    - React/Core
    - React/RCTWebSocket
  - React/fishhook (0.59.0)
  - React/jsi (0.59.0):
    - DoubleConversion
    - Folly (= 2018.10.22.00)
    - glog
  - React/jsiexecutor (0.59.0):
    - DoubleConversion
    - Folly (= 2018.10.22.00)
    - glog
    - React/cxxreact
    - React/jsi
  - React/jsinspector (0.59.0)
  - React/RCTActionSheet (0.59.0):
    - React/Core
  - React/RCTAnimation (0.59.0):
    - React/Core
  - React/RCTBlob (0.59.0):
    - React/Core
  - React/RCTImage (0.59.0):
    - React/Core
    - React/RCTNetwork
  - React/RCTLinkingIOS (0.59.0):
    - React/Core
  - React/RCTNetwork (0.59.0):
    - React/Core
  - React/RCTText (0.59.0):
    - React/Core
  - React/RCTWebSocket (0.59.0):
    - React/Core
    - React/fishhook
    - React/RCTBlob
  - RNSVG (9.3.3):
    - React
  - RNTAztecView (1.1.0):
    - React
    - WordPress-Aztec-iOS
  - SimulatorStatusMagic (2.4.1)
  - Starscream (3.0.6)
  - SVProgressHUD (2.2.5)
  - UIDeviceIdentifier (1.1.4)
  - WordPress-Aztec-iOS (1.4.4)
  - WordPress-Editor-iOS (1.4.4):
    - WordPress-Aztec-iOS (= 1.4.4)
  - WordPressAuthenticator (1.1.11):
    - 1PasswordExtension (= 1.8.5)
    - Alamofire (= 4.7.3)
    - CocoaLumberjack (~> 3.4)
    - GoogleSignInRepacked (= 4.1.2)
    - Gridicons (~> 0.15)
    - lottie-ios (= 2.5.2)
    - "NSURL+IDN (= 0.3)"
    - SVProgressHUD (= 2.2.5)
    - WordPressKit (~> 3.1.1)
    - WordPressShared (~> 1.4)
    - WordPressUI (~> 1.0)
  - WordPressKit (3.1.1):
    - Alamofire (~> 4.7.3)
    - CocoaLumberjack (~> 3.4)
    - NSObject-SafeExpectations (= 0.0.3)
    - UIDeviceIdentifier (~> 1.1.4)
    - WordPressShared (~> 1.4)
    - wpxmlrpc (= 0.8.4)
  - WordPressShared (1.7.2):
    - CocoaLumberjack (~> 3.4)
    - FormatterKit/TimeIntervalFormatter (= 1.8.2)
  - WordPressUI (1.2.0)
  - WPMediaPicker (1.3.2)
  - wpxmlrpc (0.8.4)
  - yoga (0.59.0.React)
  - ZendeskSDK (2.2.0):
    - ZendeskSDK/Providers (= 2.2.0)
    - ZendeskSDK/UI (= 2.2.0)
  - ZendeskSDK/Core (2.2.0)
  - ZendeskSDK/Providers (2.2.0):
    - ZendeskSDK/Core
  - ZendeskSDK/UI (2.2.0):
    - ZendeskSDK/Core
    - ZendeskSDK/Providers

DEPENDENCIES:
  - 1PasswordExtension (= 1.8.5)
  - AFNetworking (= 3.2.1)
  - Alamofire (= 4.7.3)
  - Automattic-Tracks-iOS (from `https://github.com/Automattic/Automattic-Tracks-iOS.git`, tag `0.3.2`)
  - Charts (~> 3.2.2)
  - CocoaLumberjack (= 3.4.2)
  - Crashlytics (= 3.12.0)
  - Folly (from `https://raw.githubusercontent.com/wordpress-mobile/gutenberg-mobile/08a09629cc0adb7709b86f15bb3c43e8c69efd64/react-native-gutenberg-bridge/third-party-podspecs/Folly.podspec.json`)
  - FormatterKit/TimeIntervalFormatter (= 1.8.2)
  - Gifu (= 3.2.0)
  - GiphyCoreSDK (~> 1.4.0)
  - Gridicons (~> 0.16)
  - Gutenberg (from `http://github.com/wordpress-mobile/gutenberg-mobile/`, commit `08a09629cc0adb7709b86f15bb3c43e8c69efd64`)
  - HockeySDK (= 5.1.4)
  - MGSwipeTableCell (= 1.6.8)
  - MRProgress (= 0.8.3)
  - Nimble (~> 7.3.1)
  - NSObject-SafeExpectations (= 0.0.3)
  - "NSURL+IDN (= 0.3)"
  - OCMock (~> 3.4)
  - OHHTTPStubs (= 6.1.0)
  - OHHTTPStubs/Swift (= 6.1.0)
  - Reachability (= 3.2)
  - React (from `https://raw.githubusercontent.com/wordpress-mobile/gutenberg-mobile/08a09629cc0adb7709b86f15bb3c43e8c69efd64/react-native-gutenberg-bridge/third-party-podspecs/React.podspec.json`)
  - react-native-keyboard-aware-scroll-view (from `https://github.com/wordpress-mobile/react-native-keyboard-aware-scroll-view.git`, tag `gb-v0.8.7`)
  - react-native-safe-area (from `https://raw.githubusercontent.com/wordpress-mobile/gutenberg-mobile/08a09629cc0adb7709b86f15bb3c43e8c69efd64/react-native-gutenberg-bridge/third-party-podspecs/react-native-safe-area.podspec.json`)
  - RNSVG (from `https://github.com/wordpress-mobile/react-native-svg.git`, tag `9.3.3-gb`)
  - RNTAztecView (from `http://github.com/wordpress-mobile/gutenberg-mobile/`, commit `08a09629cc0adb7709b86f15bb3c43e8c69efd64`)
  - SimulatorStatusMagic
  - Starscream (= 3.0.6)
  - SVProgressHUD (= 2.2.5)
  - WordPress-Editor-iOS (= 1.4.4)
  - WordPressAuthenticator (~> 1.1.11)
  - WordPressKit (~> 3.1.1)
  - WordPressShared (= 1.7.2)
  - WordPressUI (from `https://github.com/wordpress-mobile/WordPressUI-iOS.git`, tag `1.2.0`)
  - WPMediaPicker (= 1.3.2)
  - yoga (from `https://raw.githubusercontent.com/wordpress-mobile/gutenberg-mobile/08a09629cc0adb7709b86f15bb3c43e8c69efd64/react-native-gutenberg-bridge/third-party-podspecs/yoga.podspec.json`)
  - ZendeskSDK (= 2.2.0)

SPEC REPOS:
  https://github.com/cocoapods/specs.git:
    - 1PasswordExtension
    - AFNetworking
    - Alamofire
    - boost-for-react-native
    - Charts
    - CocoaLumberjack
    - Crashlytics
    - DoubleConversion
    - Fabric
    - FormatterKit
    - Gifu
    - GiphyCoreSDK
    - glog
    - GoogleSignInRepacked
    - GoogleToolboxForMac
    - Gridicons
    - HockeySDK
    - lottie-ios
    - MGSwipeTableCell
    - MRProgress
    - Nimble
    - NSObject-SafeExpectations
    - "NSURL+IDN"
    - OCMock
    - OHHTTPStubs
    - Reachability
    - SimulatorStatusMagic
    - Starscream
    - SVProgressHUD
    - UIDeviceIdentifier
    - WordPress-Aztec-iOS
    - WordPress-Editor-iOS
    - WordPressAuthenticator
    - WordPressKit
    - WordPressShared
    - WPMediaPicker
    - wpxmlrpc
    - ZendeskSDK

EXTERNAL SOURCES:
  Automattic-Tracks-iOS:
    :git: https://github.com/Automattic/Automattic-Tracks-iOS.git
    :tag: 0.3.2
  Folly:
    :podspec: https://raw.githubusercontent.com/wordpress-mobile/gutenberg-mobile/08a09629cc0adb7709b86f15bb3c43e8c69efd64/react-native-gutenberg-bridge/third-party-podspecs/Folly.podspec.json
  Gutenberg:
    :commit: 08a09629cc0adb7709b86f15bb3c43e8c69efd64
    :git: http://github.com/wordpress-mobile/gutenberg-mobile/
  React:
    :podspec: https://raw.githubusercontent.com/wordpress-mobile/gutenberg-mobile/08a09629cc0adb7709b86f15bb3c43e8c69efd64/react-native-gutenberg-bridge/third-party-podspecs/React.podspec.json
  react-native-keyboard-aware-scroll-view:
    :git: https://github.com/wordpress-mobile/react-native-keyboard-aware-scroll-view.git
    :tag: gb-v0.8.7
  react-native-safe-area:
    :podspec: https://raw.githubusercontent.com/wordpress-mobile/gutenberg-mobile/08a09629cc0adb7709b86f15bb3c43e8c69efd64/react-native-gutenberg-bridge/third-party-podspecs/react-native-safe-area.podspec.json
  RNSVG:
    :git: https://github.com/wordpress-mobile/react-native-svg.git
    :tag: 9.3.3-gb
  RNTAztecView:
    :commit: 08a09629cc0adb7709b86f15bb3c43e8c69efd64
    :git: http://github.com/wordpress-mobile/gutenberg-mobile/
  WordPressUI:
    :git: https://github.com/wordpress-mobile/WordPressUI-iOS.git
    :tag: 1.2.0
  yoga:
    :podspec: https://raw.githubusercontent.com/wordpress-mobile/gutenberg-mobile/08a09629cc0adb7709b86f15bb3c43e8c69efd64/react-native-gutenberg-bridge/third-party-podspecs/yoga.podspec.json

CHECKOUT OPTIONS:
  Automattic-Tracks-iOS:
    :git: https://github.com/Automattic/Automattic-Tracks-iOS.git
    :tag: 0.3.2
  Gutenberg:
    :commit: 08a09629cc0adb7709b86f15bb3c43e8c69efd64
    :git: http://github.com/wordpress-mobile/gutenberg-mobile/
  react-native-keyboard-aware-scroll-view:
    :git: https://github.com/wordpress-mobile/react-native-keyboard-aware-scroll-view.git
    :tag: gb-v0.8.7
  RNSVG:
    :git: https://github.com/wordpress-mobile/react-native-svg.git
    :tag: 9.3.3-gb
  RNTAztecView:
    :commit: 08a09629cc0adb7709b86f15bb3c43e8c69efd64
    :git: http://github.com/wordpress-mobile/gutenberg-mobile/
  WordPressUI:
    :git: https://github.com/wordpress-mobile/WordPressUI-iOS.git
    :tag: 1.2.0

SPEC CHECKSUMS:
  1PasswordExtension: 0e95bdea64ec8ff2f4f693be5467a09fac42a83d
  AFNetworking: b6f891fdfaed196b46c7a83cf209e09697b94057
  Alamofire: c7287b6e5d7da964a70935e5db17046b7fde6568
  Automattic-Tracks-iOS: cedc19fcfc1e5b3be48dbc313a548d2e38565265
  boost-for-react-native: 39c7adb57c4e60d6c5479dd8623128eb5b3f0f2c
  Charts: f69cf0518b6d1d62608ca504248f1bbe0b6ae77e
  CocoaLumberjack: db7cc9e464771f12054c22ff6947c5a58d43a0fd
  Crashlytics: 07fb167b1694128c1c9a5a5cc319b0e9c3ca0933
  DoubleConversion: e22e0762848812a87afd67ffda3998d9ef29170c
  Fabric: f988e33c97f08930a413e08123064d2e5f68d655
  Folly: de497beb10f102453a1afa9edbf8cf8a251890de
  FormatterKit: 4b8f29acc9b872d5d12a63efb560661e8f2e1b98
  Gifu: 7bcb6427457d85e0b4dff5a84ec5947ac19a93ea
  GiphyCoreSDK: 147a492c2477e9ddb20f8dd3a4489e3ea3c05e38
  glog: 1de0bb937dccdc981596d3b5825ebfb765017ded
  GoogleSignInRepacked: d357702618c555f38923576924661325eb1ef22b
  GoogleToolboxForMac: ff31605b7d66400dcec09bed5861689aebadda4d
  Gridicons: 04261236382e9c62c62c9a104f2f532c1bdf6a78
  Gutenberg: a913b03aa475e9f8ffe3e73d9b0f7b4a1172ed94
  HockeySDK: 15afe6bc0a5bfe3a531fd73dbf082095f37dac3b
  lottie-ios: 3fef45d3fabe63e3c7c2eb603dd64ddfffc73062
  MGSwipeTableCell: dc4eca3212ed38a563b27d6aa7b3c01ce656c1e2
  MRProgress: 16de7cc9f347e8846797a770db102a323fe7ef09
  Nimble: 051e3d8912d40138fa5591c78594f95fb172af37
  NSObject-SafeExpectations: b989b68a8a9b7b9f2b264a8b52ba9d7aab8f3129
  "NSURL+IDN": 82355a0afd532fe1de08f6417c134b49b1a1c4b3
  OCMock: 43565190abc78977ad44a61c0d20d7f0784d35ab
  OHHTTPStubs: 1e21c7d2c084b8153fc53d48400d8919d2d432d0
  Reachability: 33e18b67625424e47b6cde6d202dce689ad7af96
  React: 0d6c719d9549bea0bd5676f8170b0e5c56e2c3c7
  react-native-keyboard-aware-scroll-view: 01c4b2303c4ef1c49c4d239c9c5856f0393104df
  react-native-safe-area: 7dc92953fce43bf36ab5ecae2fb4ffa2bda9a203
  RNSVG: 978db19eaef499d9ebffb74a091ca0abf209c8c1
  RNTAztecView: 9fb726a94d97f91e890a1db4f1ffe90be9fc9671
  SimulatorStatusMagic: 28d4a9d1a500ac7cea0b2b5a43c1c6ddb40ba56c
  Starscream: ef3ece99d765eeccb67de105bfa143f929026cf5
  SVProgressHUD: 1428aafac632c1f86f62aa4243ec12008d7a51d6
  UIDeviceIdentifier: 8f8a24b257a4d978c8d40ad1e7355b944ffbfa8c
  WordPress-Aztec-iOS: b4a1fac03f617eea9882336bf64f122cbc60e727
  WordPress-Editor-iOS: 9787d07b2362457952fb74e4f09fa63bbf22cf14
  WordPressAuthenticator: 50e1119773a78fde89c39da83d2e503eceb971b7
  WordPressKit: 9af12361492d12c6c5512d3d7de594aa415ad670
  WordPressShared: 63d57a4a07ad9f9a1ee5e8a7162e48fbb5192014
  WordPressUI: 44fe43a9c5c504dfd534286e39e1ce6ebcd69ff5
  WPMediaPicker: e50edd8f30f5d87288840941ef3ff9cd11860937
  wpxmlrpc: 6ba55c773cfa27083ae4a2173e69b19f46da98e2
  yoga: 1fe535cf9b523600f42e2785b6ed56484a62b46d
  ZendeskSDK: 44ee00338dd718495f0364369420ae11b389c878

PODFILE CHECKSUM: f962f2cd461bb5cabd03490315c54a4620a22d3d

COCOAPODS: 1.5.3
