PODS:
  - 1PasswordExtension (1.8.5)
  - AFNetworking (3.2.1):
    - AFNetworking/NSURLSession (= 3.2.1)
    - AFNetworking/Reachability (= 3.2.1)
    - AFNetworking/Security (= 3.2.1)
    - AFNetworking/Serialization (= 3.2.1)
    - AFNetworking/UIKit (= 3.2.1)
  - AFNetworking/NSURLSession (3.2.1):
    - AFNetworking/Reachability
    - AFNetworking/Security
    - AFNetworking/Serialization
  - AFNetworking/Reachability (3.2.1)
  - AFNetworking/Security (3.2.1)
  - AFNetworking/Serialization (3.2.1)
  - AFNetworking/UIKit (3.2.1):
    - AFNetworking/NSURLSession
  - Alamofire (4.7.3)
  - Automattic-Tracks-iOS (0.2.3):
    - CocoaLumberjack (~> 3.4.1)
    - Reachability (~> 3.1)
    - UIDeviceIdentifier (~> 0.4)
  - boost-for-react-native (1.63.0)
  - BuddyBuildSDK (1.0.17)
  - CocoaLumberjack (3.4.2):
    - CocoaLumberjack/Default (= 3.4.2)
    - CocoaLumberjack/Extensions (= 3.4.2)
  - CocoaLumberjack/Default (3.4.2)
  - CocoaLumberjack/Extensions (3.4.2):
    - CocoaLumberjack/Default
  - Crashlytics (3.10.8):
    - Fabric (~> 1.7.12)
  - DoubleConversion (1.1.5)
  - Fabric (1.7.13)
  - Folly (2016.10.31.00):
    - boost-for-react-native
    - DoubleConversion
    - glog
  - FormatterKit/Resources (1.8.2)
  - FormatterKit/TimeIntervalFormatter (1.8.2):
    - FormatterKit/Resources
  - Gifu (3.1.0)
  - GiphyCoreSDK (1.4.0)
  - glog (0.3.4)
  - GoogleSignInRepacked (4.1.2):
    - "GoogleToolboxForMac/NSDictionary+URLArguments (~> 2.1)"
    - "GoogleToolboxForMac/NSString+URLArguments (~> 2.1)"
  - GoogleToolboxForMac/DebugUtils (2.1.4):
    - GoogleToolboxForMac/Defines (= 2.1.4)
  - GoogleToolboxForMac/Defines (2.1.4)
  - "GoogleToolboxForMac/NSDictionary+URLArguments (2.1.4)":
    - GoogleToolboxForMac/DebugUtils (= 2.1.4)
    - GoogleToolboxForMac/Defines (= 2.1.4)
    - "GoogleToolboxForMac/NSString+URLArguments (= 2.1.4)"
  - "GoogleToolboxForMac/NSString+URLArguments (2.1.4)"
  - Gridicons (0.16)
  - Gutenberg (0.1.2):
    - React/Core (= 0.57.1)
    - React/CxxBridge (= 0.57.1)
    - React/DevSupport (= 0.57.1)
    - React/RCTActionSheet (= 0.57.1)
    - React/RCTAnimation (= 0.57.1)
    - React/RCTImage (= 0.57.1)
    - React/RCTLinkingIOS (= 0.57.1)
    - React/RCTNetwork (= 0.57.1)
    - React/RCTText (= 0.57.1)
    - yoga (= 0.57.1.React)
  - HockeySDK (5.1.4):
    - HockeySDK/DefaultLib (= 5.1.4)
  - HockeySDK/DefaultLib (5.1.4)
  - lottie-ios (2.5.0)
  - MGSwipeTableCell (1.6.7)
  - MRProgress (0.8.3):
    - MRProgress/ActivityIndicator (= 0.8.3)
    - MRProgress/Blur (= 0.8.3)
    - MRProgress/Circular (= 0.8.3)
    - MRProgress/Icons (= 0.8.3)
    - MRProgress/NavigationBarProgress (= 0.8.3)
    - MRProgress/Overlay (= 0.8.3)
  - MRProgress/ActivityIndicator (0.8.3):
    - MRProgress/Stopable
  - MRProgress/Blur (0.8.3):
    - MRProgress/Helper
  - MRProgress/Circular (0.8.3):
    - MRProgress/Helper
    - MRProgress/ProgressBaseClass
    - MRProgress/Stopable
  - MRProgress/Helper (0.8.3)
  - MRProgress/Icons (0.8.3)
  - MRProgress/NavigationBarProgress (0.8.3):
    - MRProgress/ProgressBaseClass
  - MRProgress/Overlay (0.8.3):
    - MRProgress/ActivityIndicator
    - MRProgress/Blur
    - MRProgress/Circular
    - MRProgress/Helper
    - MRProgress/Icons
  - MRProgress/ProgressBaseClass (0.8.3)
  - MRProgress/Stopable (0.8.3):
    - MRProgress/Helper
  - Nimble (7.1.3)
  - NSObject-SafeExpectations (0.0.3)
  - "NSURL+IDN (0.3)"
  - OCMock (3.4.3)
  - OHHTTPStubs (6.1.0):
    - OHHTTPStubs/Default (= 6.1.0)
  - OHHTTPStubs/Core (6.1.0)
  - OHHTTPStubs/Default (6.1.0):
    - OHHTTPStubs/Core
    - OHHTTPStubs/JSON
    - OHHTTPStubs/NSURLSession
    - OHHTTPStubs/OHPathHelpers
  - OHHTTPStubs/JSON (6.1.0):
    - OHHTTPStubs/Core
  - OHHTTPStubs/NSURLSession (6.1.0):
    - OHHTTPStubs/Core
  - OHHTTPStubs/OHPathHelpers (6.1.0)
  - OHHTTPStubs/Swift (6.1.0):
    - OHHTTPStubs/Default
  - Reachability (3.2)
  - React (0.57.1):
    - React/Core (= 0.57.1)
  - React/Core (0.57.1):
    - yoga (= 0.57.1.React)
  - React/CxxBridge (0.57.1):
    - Folly (= 2016.10.31.00)
    - React/Core
    - React/cxxreact
  - React/cxxreact (0.57.1):
    - boost-for-react-native (= 1.63.0)
    - Folly (= 2016.10.31.00)
    - React/jschelpers
    - React/jsinspector
  - React/DevSupport (0.57.1):
    - React/Core
    - React/RCTWebSocket
  - React/fishhook (0.57.1)
  - React/jschelpers (0.57.1):
    - Folly (= 2016.10.31.00)
    - React/PrivateDatabase
  - React/jsinspector (0.57.1)
  - React/PrivateDatabase (0.57.1)
  - React/RCTActionSheet (0.57.1):
    - React/Core
  - React/RCTAnimation (0.57.1):
    - React/Core
  - React/RCTBlob (0.57.1):
    - React/Core
  - React/RCTImage (0.57.1):
    - React/Core
    - React/RCTNetwork
  - React/RCTLinkingIOS (0.57.1):
    - React/Core
  - React/RCTNetwork (0.57.1):
    - React/Core
  - React/RCTText (0.57.1):
    - React/Core
  - React/RCTWebSocket (0.57.1):
    - React/Core
    - React/fishhook
    - React/RCTBlob
  - RNSVG (6.5.2):
    - React
  - RNTAztecView (0.0.2):
    - React
    - WordPress-Aztec-iOS
  - Starscream (3.0.4)
  - SVProgressHUD (2.2.5)
  - UIDeviceIdentifier (0.5.0)
  - WordPress-Aztec-iOS (1.0.2)
  - WordPress-Editor-iOS (1.0.2):
    - WordPress-Aztec-iOS (= 1.0.2)
  - WordPressAuthenticator (1.1.1):
    - 1PasswordExtension (= 1.8.5)
    - Alamofire (= 4.7.3)
    - CocoaLumberjack (= 3.4.2)
    - GoogleSignInRepacked (= 4.1.2)
    - Gridicons (~> 0.15)
    - lottie-ios (= 2.5.0)
    - "NSURL+IDN (= 0.3)"
    - SVProgressHUD (= 2.2.5)
    - UIDeviceIdentifier (~> 0.4)
    - WordPressKit (~> 1.4.1-beta.2)
    - WordPressShared (~> 1.1.1-beta.4)
    - WordPressUI (~> 1.0)
    - wpxmlrpc (~> 0.8)
  - WordPressKit (1.4.1):
    - Alamofire (~> 4.7.3)
    - CocoaLumberjack (= 3.4.2)
    - NSObject-SafeExpectations (= 0.0.3)
    - UIDeviceIdentifier (~> 0.4)
    - WordPressShared (~> 1.1.1-beta.4)
    - wpxmlrpc (= 0.8.3)
  - WordPressShared (1.1.1-beta.5):
    - CocoaLumberjack (~> 3.4)
    - FormatterKit/TimeIntervalFormatter (= 1.8.2)
  - WordPressUI (1.0.8)
  - WPMediaPicker (1.3.1)
  - wpxmlrpc (0.8.3)
  - yoga (0.57.1.React)
  - ZendeskSDK (2.2.0):
    - ZendeskSDK/Providers (= 2.2.0)
    - ZendeskSDK/UI (= 2.2.0)
  - ZendeskSDK/Core (2.2.0)
  - ZendeskSDK/Providers (2.2.0):
    - ZendeskSDK/Core
  - ZendeskSDK/UI (2.2.0):
    - ZendeskSDK/Core
    - ZendeskSDK/Providers

DEPENDENCIES:
  - 1PasswordExtension (= 1.8.5)
  - AFNetworking (= 3.2.1)
  - Alamofire (= 4.7.3)
  - Automattic-Tracks-iOS (from `https://github.com/Automattic/Automattic-Tracks-iOS.git`, tag `0.2.3`)
  - BuddyBuildSDK (= 1.0.17)
  - CocoaLumberjack (= 3.4.2)
  - Crashlytics (= 3.10.8)
  - Folly (from `Podspecs/Folly.podspec.json`)
  - FormatterKit/TimeIntervalFormatter (= 1.8.2)
  - Gifu (= 3.1.0)
  - GiphyCoreSDK (~> 1.4.0)
  - Gridicons (= 0.16)
  - Gutenberg (from `http://github.com/wordpress-mobile/gutenberg-mobile/`, branch `try/podspec`)
  - HockeySDK (= 5.1.4)
  - lottie-ios (= 2.5.0)
  - MGSwipeTableCell (= 1.6.7)
  - MRProgress (= 0.8.3)
  - Nimble (~> 7.1.1)
  - NSObject-SafeExpectations (= 0.0.3)
  - "NSURL+IDN (= 0.3)"
  - OCMock (~> 3.4)
  - OHHTTPStubs (= 6.1.0)
  - OHHTTPStubs/Swift (= 6.1.0)
  - Reachability (= 3.2)
  - React (from `Podspecs/React.podspec.json`)
  - RNSVG (from `https://github.com/react-native-community/react-native-svg.git`, tag `6.5.2`)
  - RNTAztecView (from `https://github.com/wordpress-mobile/react-native-aztec.git`)
  - Starscream (= 3.0.4)
  - SVProgressHUD (= 2.2.5)
  - UIDeviceIdentifier (~> 0.4)
  - WordPress-Editor-iOS (= 1.0.2)
  - WordPressAuthenticator (= 1.1.1)
  - WordPressKit (= 1.4.1)
  - WordPressShared (= 1.1.1-beta.5)
  - WordPressUI (= 1.0.8)
  - WPMediaPicker (= 1.3.1)
  - wpxmlrpc (= 0.8.3)
  - yoga (from `Podspecs/yoga.podspec.json`)
  - ZendeskSDK (= 2.2.0)

SPEC REPOS:
  https://github.com/cocoapods/specs.git:
    - 1PasswordExtension
    - AFNetworking
    - Alamofire
    - boost-for-react-native
    - BuddyBuildSDK
    - CocoaLumberjack
    - Crashlytics
    - DoubleConversion
    - Fabric
    - FormatterKit
    - Gifu
    - GiphyCoreSDK
    - glog
    - GoogleSignInRepacked
    - GoogleToolboxForMac
    - Gridicons
    - HockeySDK
    - lottie-ios
    - MGSwipeTableCell
    - MRProgress
    - Nimble
    - NSObject-SafeExpectations
    - "NSURL+IDN"
    - OCMock
    - OHHTTPStubs
    - Reachability
    - Starscream
    - SVProgressHUD
    - UIDeviceIdentifier
    - WordPress-Aztec-iOS
    - WordPress-Editor-iOS
    - WordPressAuthenticator
    - WordPressKit
    - WordPressShared
    - WordPressUI
    - WPMediaPicker
    - wpxmlrpc
    - ZendeskSDK

EXTERNAL SOURCES:
  Automattic-Tracks-iOS:
    :git: https://github.com/Automattic/Automattic-Tracks-iOS.git
    :tag: 0.2.3
  Folly:
    :podspec: Podspecs/Folly.podspec.json
  Gutenberg:
    :branch: try/podspec
    :git: http://github.com/wordpress-mobile/gutenberg-mobile/
  React:
    :podspec: Podspecs/React.podspec.json
  RNSVG:
    :git: https://github.com/react-native-community/react-native-svg.git
    :tag: 6.5.2
  RNTAztecView:
    :git: https://github.com/wordpress-mobile/react-native-aztec.git
  yoga:
    :podspec: Podspecs/yoga.podspec.json

CHECKOUT OPTIONS:
  Automattic-Tracks-iOS:
    :git: https://github.com/Automattic/Automattic-Tracks-iOS.git
    :tag: 0.2.3
  Gutenberg:
    :commit: 59e8cce99803382dd4023e0a4ba960db8a4cdd94
    :git: http://github.com/wordpress-mobile/gutenberg-mobile/
  RNSVG:
    :git: https://github.com/react-native-community/react-native-svg.git
    :tag: 6.5.2
  RNTAztecView:
    :commit: 7d27cdbbf40317fc1414d9d6a73085856ecc5c00
    :git: https://github.com/wordpress-mobile/react-native-aztec.git

SPEC CHECKSUMS:
  1PasswordExtension: 0e95bdea64ec8ff2f4f693be5467a09fac42a83d
  AFNetworking: b6f891fdfaed196b46c7a83cf209e09697b94057
  Alamofire: c7287b6e5d7da964a70935e5db17046b7fde6568
  Automattic-Tracks-iOS: d8c6c6c1351b1905a73e45f431b15598d71963b5
  boost-for-react-native: 39c7adb57c4e60d6c5479dd8623128eb5b3f0f2c
  BuddyBuildSDK: 8ae12ee721098b356a961ea7dce70ae55f93a7d2
  CocoaLumberjack: db7cc9e464771f12054c22ff6947c5a58d43a0fd
  Crashlytics: 058dc1ba579f6c100bc60a6878703779bff383c4
  DoubleConversion: e22e0762848812a87afd67ffda3998d9ef29170c
  Fabric: 25d0963b691fc97be566392243ff0ecef5a68338
  Folly: c89ac2d5c6ab169cd7397ef27485c44f35f742c7
  FormatterKit: 4b8f29acc9b872d5d12a63efb560661e8f2e1b98
  Gifu: fd1e9e3a15ac5d90bae0a510e4ed9f94b485ab03
  GiphyCoreSDK: 1fe401c5fc65f182e7aa8b7fb2c9005f2a523374
  glog: 1de0bb937dccdc981596d3b5825ebfb765017ded
  GoogleSignInRepacked: d357702618c555f38923576924661325eb1ef22b
  GoogleToolboxForMac: 91c824d21e85b31c2aae9bb011c5027c9b4e738f
  Gridicons: 8cc5cb666d5ad8b8f1771d3c7a93d27ae25b7c2e
  Gutenberg: c4fe901bedadcc94f0a8ba9a0a0bd72e838b09c1
  HockeySDK: 15afe6bc0a5bfe3a531fd73dbf082095f37dac3b
  lottie-ios: d699fdee68d7b63e721d949388b015fef1aaa4ac
  MGSwipeTableCell: fb20e983988bde2b8d0df29c2d9e1d8ffd10b74a
  MRProgress: 16de7cc9f347e8846797a770db102a323fe7ef09
  Nimble: 2839b01d1b31f6a6a7777a221f0d91cf52e8e27b
  NSObject-SafeExpectations: b989b68a8a9b7b9f2b264a8b52ba9d7aab8f3129
  "NSURL+IDN": 82355a0afd532fe1de08f6417c134b49b1a1c4b3
  OCMock: 43565190abc78977ad44a61c0d20d7f0784d35ab
  OHHTTPStubs: 1e21c7d2c084b8153fc53d48400d8919d2d432d0
  Reachability: 33e18b67625424e47b6cde6d202dce689ad7af96
  React: b4e0982b0ed6a7de90e96cf6fe5cf036aeadd1ec
  RNSVG: 3c037ade1c42014de732e27e3879bf2b77ea78ea
  RNTAztecView: 99a93a572e8b2487b5c7f6c12c0d8c623ee05571
  Starscream: f5da93fe6984c77b694366bf7299b7dc63a76f26
  SVProgressHUD: 1428aafac632c1f86f62aa4243ec12008d7a51d6
  UIDeviceIdentifier: a959a6d4f51036b4180dd31fb26483a820f1cc46
  WordPress-Aztec-iOS: a736985cc6de6ffceb30a03e380d849b4956ae51
  WordPress-Editor-iOS: 571e9a168881af4cbe6cc909af603c278a5f0fe3
  WordPressAuthenticator: 6e9cdd8f492ec771f9cb352e62a94059166f15c1
  WordPressKit: d95804a925e3d23f6a8cc0d47424c673253a65b6
  WordPressShared: 66c7de16e1f0266d5eb4359803eb371b1c2ec4de
  WordPressUI: e50965adee24b4f10da398f6cdbdd3a822274158
  WPMediaPicker: ea92f84950843c7baf6a7325caed72ad7852418d
  wpxmlrpc: bfc572f62ce7ee897f6f38b098d2ba08732ecef4
  yoga: 833ba47f05b90adf77b2941ee6eef250a90cc39c
  ZendeskSDK: 44ee00338dd718495f0364369420ae11b389c878

PODFILE CHECKSUM: ec4687a82d540a05e3db54a916e4ec40cf019f7e

COCOAPODS: 1.5.3
