// !$*UTF8*$!
{
	archiveVersion = 1;
	classes = {
	};
	objectVersion = 46;
	objects = {

/* Begin PBXBuildFile section */
		031663070FFB151A0045D052 /* PostTableViewCell.m in Sources */ = {isa = PBXBuildFile; fileRef = 031663060FFB151A0045D052 /* PostTableViewCell.m */; };
		031665FD0FFC2E890045D052 /* sync.png in Resources */ = {isa = PBXBuildFile; fileRef = 031665FC0FFC2E890045D052 /* sync.png */; };
		031666AE0FFC3E130045D052 /* CommentTableViewCell.m in Sources */ = {isa = PBXBuildFile; fileRef = 031666AD0FFC3E130045D052 /* CommentTableViewCell.m */; };
		032BD74F101FCF59006F0017 /* ResourcesTableViewSection.m in Sources */ = {isa = PBXBuildFile; fileRef = 032BD74E101FCF59006F0017 /* ResourcesTableViewSection.m */; };
		032BDCB610106E1B00E26F44 /* LocateXMLRPCViewController.xib in Resources */ = {isa = PBXBuildFile; fileRef = 032BDCB510106E1B00E26F44 /* LocateXMLRPCViewController.xib */; };
		03958062100D6CFC00850742 /* WPLabel.m in Sources */ = {isa = PBXBuildFile; fileRef = 03958061100D6CFC00850742 /* WPLabel.m */; };
		03958860100DA2DA00850742 /* ImageCache.m in Sources */ = {isa = PBXBuildFile; fileRef = 0395885F100DA2DA00850742 /* ImageCache.m */; };
		039FFDA1100EDC1B00D8B279 /* GravatarImageView.m in Sources */ = {isa = PBXBuildFile; fileRef = 039FFDA0100EDC1B00D8B279 /* GravatarImageView.m */; };
		03CF21ED0FE9F0C3008AD538 /* NSString+Util.m in Sources */ = {isa = PBXBuildFile; fileRef = 03CF21EC0FE9F0C3008AD538 /* NSString+Util.m */; };
		03EB54B5100FFB5C004E82CD /* gravatar.jpg in Resources */ = {isa = PBXBuildFile; fileRef = 03EB54B4100FFB5C004E82CD /* gravatar.jpg */; };
		03EB590F10105076004E82CD /* RegexKitLite.m in Sources */ = {isa = PBXBuildFile; fileRef = 03EB590C10105076004E82CD /* RegexKitLite.m */; };
		03EB591010105076004E82CD /* RegExProcessor.m in Sources */ = {isa = PBXBuildFile; fileRef = 03EB590E10105076004E82CD /* RegExProcessor.m */; };
		03EB591310105088004E82CD /* LocateXMLRPCViewController.m in Sources */ = {isa = PBXBuildFile; fileRef = 03EB591210105088004E82CD /* LocateXMLRPCViewController.m */; };
		03F298C410057AEC0097B29A /* RefreshButtonView.m in Sources */ = {isa = PBXBuildFile; fileRef = 03F298C310057AEC0097B29A /* RefreshButtonView.m */; };
		03FF35C5100423A10066ED95 /* BlogViewController.m in Sources */ = {isa = PBXBuildFile; fileRef = 03FF35C3100423A10066ED95 /* BlogViewController.m */; };
		03FF35C6100423A10066ED95 /* BlogViewController.xib in Resources */ = {isa = PBXBuildFile; fileRef = 03FF35C4100423A10066ED95 /* BlogViewController.xib */; };
		108F0FB40EC2B51C00D09FB6 /* PagesDraftsViewController.xib in Resources */ = {isa = PBXBuildFile; fileRef = 108F0FB30EC2B51C00D09FB6 /* PagesDraftsViewController.xib */; };
		1D3623260D0F684500981E51 /* WordPressAppDelegate.m in Sources */ = {isa = PBXBuildFile; fileRef = 1D3623250D0F684500981E51 /* WordPressAppDelegate.m */; };
		1D60589B0D05DD56006BFB54 /* main.m in Sources */ = {isa = PBXBuildFile; fileRef = 29B97316FDCFA39411CA2CEA /* main.m */; };
		1D60589F0D05DD5A006BFB54 /* Foundation.framework in Frameworks */ = {isa = PBXBuildFile; fileRef = 1D30AB110D05D00D00671497 /* Foundation.framework */; };
		1DF5F4E00D08C38300B7A737 /* UIKit.framework in Frameworks */ = {isa = PBXBuildFile; fileRef = 1DF5F4DF0D08C38300B7A737 /* UIKit.framework */; };
		2892E4100DC94CBA00A64D0F /* CoreGraphics.framework in Frameworks */ = {isa = PBXBuildFile; fileRef = 2892E40F0DC94CBA00A64D0F /* CoreGraphics.framework */; };
		28AD73600D9D9599002E5188 /* MainWindow.xib in Resources */ = {isa = PBXBuildFile; fileRef = 28AD735F0D9D9599002E5188 /* MainWindow.xib */; };
		28C286E10D94DF7D0034E888 /* BlogsViewController.m in Sources */ = {isa = PBXBuildFile; fileRef = 28C286E00D94DF7D0034E888 /* BlogsViewController.m */; };
		2904E9940FE6E09600E00DBC /* CustomFieldsTableView.m in Sources */ = {isa = PBXBuildFile; fileRef = 2904E9910FE6E09600E00DBC /* CustomFieldsTableView.m */; };
		2904E9950FE6E09600E00DBC /* CustomFieldsDetailController.m in Sources */ = {isa = PBXBuildFile; fileRef = 2904E9930FE6E09600E00DBC /* CustomFieldsDetailController.m */; };
		2906F812110CDA8900169D56 /* EditCommentViewController.m in Sources */ = {isa = PBXBuildFile; fileRef = 2906F810110CDA8900169D56 /* EditCommentViewController.m */; };
		2906F813110CDA8900169D56 /* EditCommentViewController.xib in Resources */ = {isa = PBXBuildFile; fileRef = 2906F811110CDA8900169D56 /* EditCommentViewController.xib */; };
		292CED001027259000BD407D /* SFHFKeychainUtils.m in Sources */ = {isa = PBXBuildFile; fileRef = 292CECFF1027259000BD407D /* SFHFKeychainUtils.m */; };
		2962F4721094EDD400F284B7 /* EditPostModalViewController.m in Sources */ = {isa = PBXBuildFile; fileRef = 2962F4701094EDD400F284B7 /* EditPostModalViewController.m */; };
		2962F4731094EDD400F284B7 /* EditPostModalViewController.xib in Resources */ = {isa = PBXBuildFile; fileRef = 2962F4711094EDD400F284B7 /* EditPostModalViewController.xib */; };
		296526FE105810E100597FA3 /* NSString+Helpers.m in Sources */ = {isa = PBXBuildFile; fileRef = 296526FD105810E100597FA3 /* NSString+Helpers.m */; };
		296890780FE971DC00770264 /* Security.framework in Frameworks */ = {isa = PBXBuildFile; fileRef = 296890770FE971DC00770264 /* Security.framework */; };
		2994EEEE10DF0FCD008336A6 /* ReplyToCommentViewController.m in Sources */ = {isa = PBXBuildFile; fileRef = 2994EEEC10DF0FCD008336A6 /* ReplyToCommentViewController.m */; };
		2994EEEF10DF0FCD008336A6 /* ReplyToCommentViewController.xib in Resources */ = {isa = PBXBuildFile; fileRef = 2994EEED10DF0FCD008336A6 /* ReplyToCommentViewController.xib */; };
		29A84CA5112E485100CDDB06 /* IncrementPost.m in Sources */ = {isa = PBXBuildFile; fileRef = 29A84CA4112E485100CDDB06 /* IncrementPost.m */; };
		29B666331061315800CABB70 /* MainBackground.png in Resources */ = {isa = PBXBuildFile; fileRef = 29B666321061315800CABB70 /* MainBackground.png */; };
		29FF132F0FE70F3100CFB908 /* CustomFieldsTableView.xib in Resources */ = {isa = PBXBuildFile; fileRef = 29FF132E0FE70F3100CFB908 /* CustomFieldsTableView.xib */; };
		2A7F71FB0E70F82A00E48A1F /* CommentViewController.xib in Resources */ = {isa = PBXBuildFile; fileRef = 2A7F71FA0E70F82A00E48A1F /* CommentViewController.xib */; };
		2A7F72010E70F8C900E48A1F /* CommentViewController.m in Sources */ = {isa = PBXBuildFile; fileRef = 2A7F72000E70F8C900E48A1F /* CommentViewController.m */; };
		2A7F722B0E71000000E48A1F /* up.png in Resources */ = {isa = PBXBuildFile; fileRef = 2A7F72290E71000000E48A1F /* up.png */; };
		2A7F722C0E71000000E48A1F /* down.png in Resources */ = {isa = PBXBuildFile; fileRef = 2A7F722A0E71000000E48A1F /* down.png */; };
		2A8FF7D90E8A32F7001A9A40 /* lock.png in Resources */ = {isa = PBXBuildFile; fileRef = 2A8FF7D80E8A32F7001A9A40 /* lock.png */; };
		2F706AA50DFB24C500B43086 /* BlogDataManager.m in Sources */ = {isa = PBXBuildFile; fileRef = 2F706AA40DFB24C500B43086 /* BlogDataManager.m */; };
		2F706C2A0DFB8A5200B43086 /* PostViewController.m in Sources */ = {isa = PBXBuildFile; fileRef = 2F706C290DFB8A5200B43086 /* PostViewController.m */; };
		2F970F740DF92274006BD934 /* PostsViewController.m in Sources */ = {isa = PBXBuildFile; fileRef = 2F970F730DF92274006BD934 /* PostsViewController.m */; };
		2F970F870DF924E2006BD934 /* EditBlogViewController.m in Sources */ = {isa = PBXBuildFile; fileRef = 2F970F860DF924E2006BD934 /* EditBlogViewController.m */; };
		2FAE97090E33B21600CA8540 /* defaultPostTemplate_old.html in Resources */ = {isa = PBXBuildFile; fileRef = 2FAE97040E33B21600CA8540 /* defaultPostTemplate_old.html */; };
		2FAE970A0E33B21600CA8540 /* license.txt in Resources */ = {isa = PBXBuildFile; fileRef = 2FAE97050E33B21600CA8540 /* license.txt */; };
		2FAE970C0E33B21600CA8540 /* xhtml1-transitional.dtd in Resources */ = {isa = PBXBuildFile; fileRef = 2FAE97070E33B21600CA8540 /* xhtml1-transitional.dtd */; };
		2FAE970D0E33B21600CA8540 /* xhtmlValidatorTemplate.xhtml in Resources */ = {isa = PBXBuildFile; fileRef = 2FAE97080E33B21600CA8540 /* xhtmlValidatorTemplate.xhtml */; };
		6EC5B7F50F6747F5002609EE /* backNavd.png in Resources */ = {isa = PBXBuildFile; fileRef = 6EC5B7F40F6747F5002609EE /* backNavd.png */; };
		6EDC0E8F105881A800F68A1D /* iTunesArtwork in Resources */ = {isa = PBXBuildFile; fileRef = 6EDC0E8E105881A800F68A1D /* iTunesArtwork */; };
		702CA0680F36FF0D00018B88 /* WPLabelFooterView.m in Sources */ = {isa = PBXBuildFile; fileRef = 702CA0670F36FF0D00018B88 /* WPLabelFooterView.m */; };
		7059CD210F332B6500A0660B /* WPCategoryTree.m in Sources */ = {isa = PBXBuildFile; fileRef = 7059CD200F332B6500A0660B /* WPCategoryTree.m */; };
		706D25F50F347F1200491666 /* category_child.png in Resources */ = {isa = PBXBuildFile; fileRef = 706D25F40F347F1200491666 /* category_child.png */; };
		833AF25B114575A50016DE8F /* PostAnnotation.m in Sources */ = {isa = PBXBuildFile; fileRef = 833AF25A114575A50016DE8F /* PostAnnotation.m */; };
		837576C411305C67002EAA27 /* gettingLocation.png in Resources */ = {isa = PBXBuildFile; fileRef = 837576C111305C67002EAA27 /* gettingLocation.png */; };
		837576C511305C67002EAA27 /* hasLocation.png in Resources */ = {isa = PBXBuildFile; fileRef = 837576C211305C67002EAA27 /* hasLocation.png */; };
		837576C611305C67002EAA27 /* getLocation.png in Resources */ = {isa = PBXBuildFile; fileRef = 837576C311305C67002EAA27 /* getLocation.png */; };
		83A645D8112B8690000999A6 /* PostLocationViewController.m in Sources */ = {isa = PBXBuildFile; fileRef = 83A645D6112B8690000999A6 /* PostLocationViewController.m */; };
		83A645D9112B8690000999A6 /* PostLocationViewController.xib in Resources */ = {isa = PBXBuildFile; fileRef = 83A645D7112B8690000999A6 /* PostLocationViewController.xib */; };
		83A64689112C5F75000999A6 /* PostSettingsHelpViewController.m in Sources */ = {isa = PBXBuildFile; fileRef = 83A64688112C5F75000999A6 /* PostSettingsHelpViewController.m */; };
		83A646AB112C63E5000999A6 /* help.png in Resources */ = {isa = PBXBuildFile; fileRef = 83A646AA112C63E5000999A6 /* help.png */; };
		83F3E26011275E07004CD686 /* MapKit.framework in Frameworks */ = {isa = PBXBuildFile; fileRef = 83F3E25F11275E07004CD686 /* MapKit.framework */; };
		83F3E2BE11276357004CD686 /* LocationController.m in Sources */ = {isa = PBXBuildFile; fileRef = 83F3E2BD11276357004CD686 /* LocationController.m */; };
		83F3E2D311276371004CD686 /* CoreLocation.framework in Frameworks */ = {isa = PBXBuildFile; fileRef = 83F3E2D211276371004CD686 /* CoreLocation.framework */; };
		A00593C20E224A1B0087E1FB /* WPImageView.m in Sources */ = {isa = PBXBuildFile; fileRef = A00593C10E224A1B0087E1FB /* WPImageView.m */; };
		A017DD7F0E29DDBF009095C2 /* application-icon.png in Resources */ = {isa = PBXBuildFile; fileRef = A017DD7E0E29DDBF009095C2 /* application-icon.png */; };
		A01C54230E24E4ED00D411F2 /* Reachability.m in Sources */ = {isa = PBXBuildFile; fileRef = A01C54220E24E4ED00D411F2 /* Reachability.m */; };
		A01C542E0E24E88400D411F2 /* SystemConfiguration.framework in Frameworks */ = {isa = PBXBuildFile; fileRef = A01C542D0E24E88400D411F2 /* SystemConfiguration.framework */; };
		A01C55480E25E0D000D411F2 /* defaultPostTemplate.html in Resources */ = {isa = PBXBuildFile; fileRef = A01C55470E25E0D000D411F2 /* defaultPostTemplate.html */; };
		A01C58B90E2682AD00D411F2 /* Disclosure Indicator.png in Resources */ = {isa = PBXBuildFile; fileRef = A01C58B80E2682AD00D411F2 /* Disclosure Indicator.png */; };
		A0A242270DFE85D2008BDA15 /* XMLValueDecoder.m in Sources */ = {isa = PBXBuildFile; fileRef = A0A242260DFE85D2008BDA15 /* XMLValueDecoder.m */; };
		A0E293F10E21027E00C6919C /* WPAddCategoryViewController.m in Sources */ = {isa = PBXBuildFile; fileRef = A0E293F00E21027E00C6919C /* WPAddCategoryViewController.m */; };
		A0E293FE0E21037200C6919C /* WPAddCategoryViewController.xib in Resources */ = {isa = PBXBuildFile; fileRef = A0E293FD0E21037200C6919C /* WPAddCategoryViewController.xib */; };
		A0F128BA0E1F82A400867E18 /* AboutWordpress.xib in Resources */ = {isa = PBXBuildFile; fileRef = A0F128B90E1F82A400867E18 /* AboutWordpress.xib */; };
		A0F129CB0E1FAD4F00867E18 /* AboutViewController.m in Sources */ = {isa = PBXBuildFile; fileRef = A0F129CA0E1FAD4F00867E18 /* AboutViewController.m */; };
		AC2FB2E10E1D11A400DFE859 /* WordPress.png in Resources */ = {isa = PBXBuildFile; fileRef = AC2FB2E00E1D11A400DFE859 /* WordPress.png */; };
		AC2FB44C0E1D236A00DFE859 /* EditBlogViewController.xib in Resources */ = {isa = PBXBuildFile; fileRef = AC2FB44B0E1D236A00DFE859 /* EditBlogViewController.xib */; };
		AC3437BE0E10F7BC00E5D79B /* EditPostViewController.xib in Resources */ = {isa = PBXBuildFile; fileRef = AC3437BD0E10F7BC00E5D79B /* EditPostViewController.xib */; };
		AC3D2C110E2222430064A705 /* RoundedRectBlack.png in Resources */ = {isa = PBXBuildFile; fileRef = AC3D2C100E2222430064A705 /* RoundedRectBlack.png */; };
		AC512F830E20D2AE00B7DA32 /* WPPhotosListViewController.m in Sources */ = {isa = PBXBuildFile; fileRef = AC512F820E20D2AE00B7DA32 /* WPPhotosListViewController.m */; };
		AC512FC40E20D61C00B7DA32 /* WPPhotosListViewController.xib in Resources */ = {isa = PBXBuildFile; fileRef = AC512FC30E20D61C00B7DA32 /* WPPhotosListViewController.xib */; };
		AC512FC80E20D68100B7DA32 /* WPPhotoViewController.xib in Resources */ = {isa = PBXBuildFile; fileRef = AC512FC70E20D68100B7DA32 /* WPPhotoViewController.xib */; };
		AC512FCB0E20D6BB00B7DA32 /* WPPhotoViewController.m in Sources */ = {isa = PBXBuildFile; fileRef = AC512FCA0E20D6BB00B7DA32 /* WPPhotoViewController.m */; };
		AC600C0C0E20B80400D663AA /* write.png in Resources */ = {isa = PBXBuildFile; fileRef = AC600C080E20B80400D663AA /* write.png */; };
		AC600C0E0E20B80400D663AA /* photos.png in Resources */ = {isa = PBXBuildFile; fileRef = AC600C0A0E20B80400D663AA /* photos.png */; };
		AC600C0F0E20B80400D663AA /* preview.png in Resources */ = {isa = PBXBuildFile; fileRef = AC600C0B0E20B80400D663AA /* preview.png */; };
		ACAC79C60E1F50EB00AC7074 /* WPSelectionTableViewController.m in Sources */ = {isa = PBXBuildFile; fileRef = ACAC79C50E1F50EB00AC7074 /* WPSelectionTableViewController.m */; };
		ACAC7B6A0E1F8C0700AC7074 /* WPSelectionTableViewController.xib in Resources */ = {isa = PBXBuildFile; fileRef = ACAC7B690E1F8C0700AC7074 /* WPSelectionTableViewController.xib */; };
		ACAC7BEB0E1F9E0C00AC7074 /* WPPublishOnEditController.m in Sources */ = {isa = PBXBuildFile; fileRef = ACAC7BEA0E1F9E0C00AC7074 /* WPPublishOnEditController.m */; };
		ACBAB5FE0E121C7300F38795 /* PostSettingsViewController.m in Sources */ = {isa = PBXBuildFile; fileRef = ACBAB5FD0E121C7300F38795 /* PostSettingsViewController.m */; };
		ACBAB6090E121CF700F38795 /* PostSettingsViewController.xib in Resources */ = {isa = PBXBuildFile; fileRef = ACBAB6080E121CF700F38795 /* PostSettingsViewController.xib */; };
		ACBAB67D0E1247CC00F38795 /* PostPreviewViewController.xib in Resources */ = {isa = PBXBuildFile; fileRef = ACBAB67C0E1247CC00F38795 /* PostPreviewViewController.xib */; };
		ACBAB6860E1247F700F38795 /* PostPreviewViewController.m in Sources */ = {isa = PBXBuildFile; fileRef = ACBAB6850E1247F700F38795 /* PostPreviewViewController.m */; };
		ACC156BB0E10D73100D6E1A0 /* PostViewController.xib in Resources */ = {isa = PBXBuildFile; fileRef = ACC156BA0E10D73100D6E1A0 /* PostViewController.xib */; };
		ACC156CC0E10E67600D6E1A0 /* EditPostViewController.m in Sources */ = {isa = PBXBuildFile; fileRef = ACC156CB0E10E67600D6E1A0 /* EditPostViewController.m */; };
		ACE287520E2E4381004F5145 /* WPPublishOnEditController.xib in Resources */ = {isa = PBXBuildFile; fileRef = ACE287510E2E4381004F5145 /* WPPublishOnEditController.xib */; };
		ACFD049D0DFD2FCA0031D567 /* XMLRPCConnection.m in Sources */ = {isa = PBXBuildFile; fileRef = ACFD04920DFD2FCA0031D567 /* XMLRPCConnection.m */; };
		ACFD049E0DFD2FCA0031D567 /* XMLRPCDecoder.m in Sources */ = {isa = PBXBuildFile; fileRef = ACFD04940DFD2FCA0031D567 /* XMLRPCDecoder.m */; };
		ACFD049F0DFD2FCA0031D567 /* XMLRPCEncoder.m in Sources */ = {isa = PBXBuildFile; fileRef = ACFD04960DFD2FCA0031D567 /* XMLRPCEncoder.m */; };
		ACFD04A00DFD2FCA0031D567 /* XMLRPCExtensions.m in Sources */ = {isa = PBXBuildFile; fileRef = ACFD04980DFD2FCA0031D567 /* XMLRPCExtensions.m */; };
		ACFD04A10DFD2FCA0031D567 /* XMLRPCRequest.m in Sources */ = {isa = PBXBuildFile; fileRef = ACFD049A0DFD2FCA0031D567 /* XMLRPCRequest.m */; };
		ACFD04A20DFD2FCA0031D567 /* XMLRPCResponse.m in Sources */ = {isa = PBXBuildFile; fileRef = ACFD049C0DFD2FCA0031D567 /* XMLRPCResponse.m */; };
		ACFF1DE40E23265000EC6BF5 /* settings.png in Resources */ = {isa = PBXBuildFile; fileRef = ACFF1DE30E23265000EC6BF5 /* settings.png */; };
		C533CF350E6D3ADA000C3DE8 /* CommentsViewController.m in Sources */ = {isa = PBXBuildFile; fileRef = C533CF340E6D3ADA000C3DE8 /* CommentsViewController.m */; };
		C533CF460E6D3E24000C3DE8 /* CommentsViewController.xib in Resources */ = {isa = PBXBuildFile; fileRef = C533CF450E6D3E24000C3DE8 /* CommentsViewController.xib */; };
		C55A90D90E8026CD00E1C9B5 /* WPSegmentedSelectionTableViewController.m in Sources */ = {isa = PBXBuildFile; fileRef = C55A90D80E8026CD00E1C9B5 /* WPSegmentedSelectionTableViewController.m */; };
		C57AD5E20F2A10BC00A1717C /* WPXMLReader.m in Sources */ = {isa = PBXBuildFile; fileRef = C57AD5E00F2A10BC00A1717C /* WPXMLReader.m */; };
		C584D0840EF942DC00B78012 /* UIViewController+WPAnimation.m in Sources */ = {isa = PBXBuildFile; fileRef = C584D0830EF942DC00B78012 /* UIViewController+WPAnimation.m */; };
		C584D0B40EF943A600B78012 /* QuartzCore.framework in Frameworks */ = {isa = PBXBuildFile; fileRef = C584D0B30EF943A600B78012 /* QuartzCore.framework */; };
		C59D3D4B0E6410D300AA591D /* NSString+XMLExtensions.m in Sources */ = {isa = PBXBuildFile; fileRef = C59D3D4A0E6410D300AA591D /* NSString+XMLExtensions.m */; };
		C5B001BF0E82971400D13185 /* WPNavigationLeftButtonView.m in Sources */ = {isa = PBXBuildFile; fileRef = C5B001BE0E82971400D13185 /* WPNavigationLeftButtonView.m */; };
		C5B001D00E82991300D13185 /* backNav.png in Resources */ = {isa = PBXBuildFile; fileRef = C5B001CF0E82991300D13185 /* backNav.png */; };
		C5C272DF0E7EC00A0034AA46 /* uncheck.png in Resources */ = {isa = PBXBuildFile; fileRef = C5C272DE0E7EC00A0034AA46 /* uncheck.png */; };
		C5C272E10E7EC00F0034AA46 /* check.png in Resources */ = {isa = PBXBuildFile; fileRef = C5C272E00E7EC00F0034AA46 /* check.png */; };
		C5C2730A0E7EC9FE0034AA46 /* delete.png in Resources */ = {isa = PBXBuildFile; fileRef = C5C273090E7EC9FE0034AA46 /* delete.png */; };
		C5E3AE350E93F3C5008755FF /* WPImagePickerController.m in Sources */ = {isa = PBXBuildFile; fileRef = C5E3AE340E93F3C5008755FF /* WPImagePickerController.m */; };
		CE0CA8CB0FEB178800BC71AD /* favicon.ico in Resources */ = {isa = PBXBuildFile; fileRef = CE0CA8CA0FEB178800BC71AD /* favicon.ico */; };
		CE1946711017F86D002BE752 /* DashboardViewController.m in Sources */ = {isa = PBXBuildFile; fileRef = CE1946701017F86D002BE752 /* DashboardViewController.m */; };
		CE1E3BC71005B3D500A7BD08 /* WPpregressHUDBackground.png in Resources */ = {isa = PBXBuildFile; fileRef = CE1E3BC61005B3D500A7BD08 /* WPpregressHUDBackground.png */; };
		CE31B4301022644F00BC060C /* pages.png in Resources */ = {isa = PBXBuildFile; fileRef = CE31B42E1022644F00BC060C /* pages.png */; };
		CE31B4311022644F00BC060C /* posts.png in Resources */ = {isa = PBXBuildFile; fileRef = CE31B42F1022644F00BC060C /* posts.png */; };
		CE4E33D20FEB0F3A00415662 /* UIImage+INResizeImageAllocator.m in Sources */ = {isa = PBXBuildFile; fileRef = CE4E33D10FEB0F3A00415662 /* UIImage+INResizeImageAllocator.m */; };
		CEBD3EAB0FF1BA3B00C1396E /* Blog.m in Sources */ = {isa = PBXBuildFile; fileRef = CEBD3EAA0FF1BA3B00C1396E /* Blog.m */; };
		CEC7EFA60FC66081007B90D6 /* AddBlogValidationBackground.png in Resources */ = {isa = PBXBuildFile; fileRef = CEC7EFA50FC66081007B90D6 /* AddBlogValidationBackground.png */; };
		CEC7EFB40FC663AF007B90D6 /* Default.png in Resources */ = {isa = PBXBuildFile; fileRef = CEC7EFB30FC663AF007B90D6 /* Default.png */; };
		CECB84620FFD91050087FF33 /* talk_bubbles.png in Resources */ = {isa = PBXBuildFile; fileRef = CECB84610FFD91050087FF33 /* talk_bubbles.png */; };
		CEE7088B1006FC1200D6302A /* WPAsynchronousImageView.m in Sources */ = {isa = PBXBuildFile; fileRef = CEE7088A1006FC1200D6302A /* WPAsynchronousImageView.m */; };
		CEFC8B5910057D0A0052604A /* WPProgressHUD.m in Sources */ = {isa = PBXBuildFile; fileRef = CEFC8B5810057D0A0052604A /* WPProgressHUD.m */; };
		EC0F59330EB042B0002FCB4D /* PageViewController.m in Sources */ = {isa = PBXBuildFile; fileRef = EC0F59310EB042B0002FCB4D /* PageViewController.m */; };
		EC0F59350EB0438E002FCB4D /* PageViewController.xib in Resources */ = {isa = PBXBuildFile; fileRef = EC0F59340EB0438E002FCB4D /* PageViewController.xib */; };
		EC270CB20E8B5E8200E9AA18 /* commentDelete.png in Resources */ = {isa = PBXBuildFile; fileRef = EC270CB10E8B5E8200E9AA18 /* commentDelete.png */; };
		EC4696FF0EA75D460040EE8E /* PagesViewController.m in Sources */ = {isa = PBXBuildFile; fileRef = EC4696FE0EA75D460040EE8E /* PagesViewController.m */; };
		ECCD48880EA8623F0078082C /* EditPageViewController.xib in Resources */ = {isa = PBXBuildFile; fileRef = ECCD48870EA8623F0078082C /* EditPageViewController.xib */; };
		ECCD488C0EA8628A0078082C /* EditPageViewController.m in Sources */ = {isa = PBXBuildFile; fileRef = ECCD488B0EA8628A0078082C /* EditPageViewController.m */; };
		F52BF2E710B1DC8F00AF4582 /* BlogHTTPAuthenticationViewController.m in Sources */ = {isa = PBXBuildFile; fileRef = F52BF2E510B1DC8F00AF4582 /* BlogHTTPAuthenticationViewController.m */; };
		F52BF2E810B1DC8F00AF4582 /* BlogHTTPAuthenticationViewController.xib in Resources */ = {isa = PBXBuildFile; fileRef = F52BF2E610B1DC8F00AF4582 /* BlogHTTPAuthenticationViewController.xib */; };
		F5A4EF3510B32F68002BF126 /* XMLRPCConnection+Authentication.m in Sources */ = {isa = PBXBuildFile; fileRef = F5A4EF3410B32F68002BF126 /* XMLRPCConnection+Authentication.m */; };
		F5A4EF6810B34147002BF126 /* NSData+Base64.m in Sources */ = {isa = PBXBuildFile; fileRef = F5A4EF6710B34147002BF126 /* NSData+Base64.m */; };
/* End PBXBuildFile section */

/* Begin PBXFileReference section */
		021751A50EB8412E0032D429 /* WPPhotosListProtocol.h */ = {isa = PBXFileReference; fileEncoding = 4; lastKnownFileType = sourcecode.c.h; path = WPPhotosListProtocol.h; sourceTree = "<group>"; };
		031663050FFB151A0045D052 /* PostTableViewCell.h */ = {isa = PBXFileReference; fileEncoding = 4; lastKnownFileType = sourcecode.c.h; path = PostTableViewCell.h; sourceTree = "<group>"; };
		031663060FFB151A0045D052 /* PostTableViewCell.m */ = {isa = PBXFileReference; fileEncoding = 4; lastKnownFileType = sourcecode.c.objc; path = PostTableViewCell.m; sourceTree = "<group>"; };
		031665FC0FFC2E890045D052 /* sync.png */ = {isa = PBXFileReference; lastKnownFileType = image.png; path = sync.png; sourceTree = "<group>"; };
		031666AC0FFC3E130045D052 /* CommentTableViewCell.h */ = {isa = PBXFileReference; fileEncoding = 4; lastKnownFileType = sourcecode.c.h; path = CommentTableViewCell.h; sourceTree = "<group>"; };
		031666AD0FFC3E130045D052 /* CommentTableViewCell.m */ = {isa = PBXFileReference; fileEncoding = 4; lastKnownFileType = sourcecode.c.objc; path = CommentTableViewCell.m; sourceTree = "<group>"; };
		031669580FFC81A20045D052 /* CommentsTableViewDelegate.h */ = {isa = PBXFileReference; fileEncoding = 4; lastKnownFileType = sourcecode.c.h; path = CommentsTableViewDelegate.h; sourceTree = "<group>"; };
		032BD74D101FCF59006F0017 /* ResourcesTableViewSection.h */ = {isa = PBXFileReference; fileEncoding = 4; lastKnownFileType = sourcecode.c.h; path = ResourcesTableViewSection.h; sourceTree = "<group>"; };
		032BD74E101FCF59006F0017 /* ResourcesTableViewSection.m */ = {isa = PBXFileReference; fileEncoding = 4; lastKnownFileType = sourcecode.c.objc; path = ResourcesTableViewSection.m; sourceTree = "<group>"; };
		032BDCB510106E1B00E26F44 /* LocateXMLRPCViewController.xib */ = {isa = PBXFileReference; lastKnownFileType = file.xib; path = LocateXMLRPCViewController.xib; sourceTree = "<group>"; };
		03958060100D6CFC00850742 /* WPLabel.h */ = {isa = PBXFileReference; fileEncoding = 4; lastKnownFileType = sourcecode.c.h; path = WPLabel.h; sourceTree = "<group>"; };
		03958061100D6CFC00850742 /* WPLabel.m */ = {isa = PBXFileReference; fileEncoding = 4; lastKnownFileType = sourcecode.c.objc; path = WPLabel.m; sourceTree = "<group>"; };
		0395885E100DA2DA00850742 /* ImageCache.h */ = {isa = PBXFileReference; fileEncoding = 4; lastKnownFileType = sourcecode.c.h; path = ImageCache.h; sourceTree = "<group>"; };
		0395885F100DA2DA00850742 /* ImageCache.m */ = {isa = PBXFileReference; fileEncoding = 4; lastKnownFileType = sourcecode.c.objc; path = ImageCache.m; sourceTree = "<group>"; };
		039FFD9F100EDC1B00D8B279 /* GravatarImageView.h */ = {isa = PBXFileReference; fileEncoding = 4; lastKnownFileType = sourcecode.c.h; path = GravatarImageView.h; sourceTree = "<group>"; };
		039FFDA0100EDC1B00D8B279 /* GravatarImageView.m */ = {isa = PBXFileReference; fileEncoding = 4; lastKnownFileType = sourcecode.c.objc; path = GravatarImageView.m; sourceTree = "<group>"; };
		03CF21EB0FE9F0C3008AD538 /* NSString+Util.h */ = {isa = PBXFileReference; fileEncoding = 4; lastKnownFileType = sourcecode.c.h; path = "NSString+Util.h"; sourceTree = "<group>"; };
		03CF21EC0FE9F0C3008AD538 /* NSString+Util.m */ = {isa = PBXFileReference; fileEncoding = 4; lastKnownFileType = sourcecode.c.objc; path = "NSString+Util.m"; sourceTree = "<group>"; };
		03EB54B4100FFB5C004E82CD /* gravatar.jpg */ = {isa = PBXFileReference; lastKnownFileType = image.jpeg; path = gravatar.jpg; sourceTree = "<group>"; };
		03EB590B10105076004E82CD /* RegexKitLite.h */ = {isa = PBXFileReference; fileEncoding = 4; lastKnownFileType = sourcecode.c.h; path = RegexKitLite.h; sourceTree = "<group>"; };
		03EB590C10105076004E82CD /* RegexKitLite.m */ = {isa = PBXFileReference; fileEncoding = 4; lastKnownFileType = sourcecode.c.objc; path = RegexKitLite.m; sourceTree = "<group>"; };
		03EB590D10105076004E82CD /* RegExProcessor.h */ = {isa = PBXFileReference; fileEncoding = 4; lastKnownFileType = sourcecode.c.h; path = RegExProcessor.h; sourceTree = "<group>"; };
		03EB590E10105076004E82CD /* RegExProcessor.m */ = {isa = PBXFileReference; fileEncoding = 4; lastKnownFileType = sourcecode.c.objc; path = RegExProcessor.m; sourceTree = "<group>"; };
		03EB591110105088004E82CD /* LocateXMLRPCViewController.h */ = {isa = PBXFileReference; fileEncoding = 4; lastKnownFileType = sourcecode.c.h; path = LocateXMLRPCViewController.h; sourceTree = "<group>"; };
		03EB591210105088004E82CD /* LocateXMLRPCViewController.m */ = {isa = PBXFileReference; fileEncoding = 4; lastKnownFileType = sourcecode.c.objc; path = LocateXMLRPCViewController.m; sourceTree = "<group>"; };
		03F298C210057AEC0097B29A /* RefreshButtonView.h */ = {isa = PBXFileReference; fileEncoding = 4; lastKnownFileType = sourcecode.c.h; path = RefreshButtonView.h; sourceTree = "<group>"; };
		03F298C310057AEC0097B29A /* RefreshButtonView.m */ = {isa = PBXFileReference; fileEncoding = 4; lastKnownFileType = sourcecode.c.objc; path = RefreshButtonView.m; sourceTree = "<group>"; };
		03FF35C2100423A10066ED95 /* BlogViewController.h */ = {isa = PBXFileReference; fileEncoding = 4; lastKnownFileType = sourcecode.c.h; path = BlogViewController.h; sourceTree = "<group>"; };
		03FF35C3100423A10066ED95 /* BlogViewController.m */ = {isa = PBXFileReference; fileEncoding = 4; lastKnownFileType = sourcecode.c.objc; path = BlogViewController.m; sourceTree = "<group>"; };
		03FF35C4100423A10066ED95 /* BlogViewController.xib */ = {isa = PBXFileReference; lastKnownFileType = file.xib; path = BlogViewController.xib; sourceTree = "<group>"; };
		108F0FB30EC2B51C00D09FB6 /* PagesDraftsViewController.xib */ = {isa = PBXFileReference; lastKnownFileType = file.xib; path = PagesDraftsViewController.xib; sourceTree = "<group>"; };
		1D30AB110D05D00D00671497 /* Foundation.framework */ = {isa = PBXFileReference; lastKnownFileType = wrapper.framework; name = Foundation.framework; path = System/Library/Frameworks/Foundation.framework; sourceTree = SDKROOT; };
		1D3623240D0F684500981E51 /* WordPressAppDelegate.h */ = {isa = PBXFileReference; fileEncoding = 4; lastKnownFileType = sourcecode.c.h; path = WordPressAppDelegate.h; sourceTree = "<group>"; };
		1D3623250D0F684500981E51 /* WordPressAppDelegate.m */ = {isa = PBXFileReference; fileEncoding = 4; lastKnownFileType = sourcecode.c.objc; path = WordPressAppDelegate.m; sourceTree = "<group>"; };
		1D6058910D05DD3D006BFB54 /* WordPress.app */ = {isa = PBXFileReference; explicitFileType = wrapper.application; includeInIndex = 0; path = WordPress.app; sourceTree = BUILT_PRODUCTS_DIR; };
		1DF5F4DF0D08C38300B7A737 /* UIKit.framework */ = {isa = PBXFileReference; lastKnownFileType = wrapper.framework; name = UIKit.framework; path = /Developer/Platforms/iPhoneOS.platform/Developer/SDKs/iPhoneOS2.0.sdk/System/Library/Frameworks/UIKit.framework; sourceTree = "<absolute>"; };
		2892E40F0DC94CBA00A64D0F /* CoreGraphics.framework */ = {isa = PBXFileReference; lastKnownFileType = wrapper.framework; name = CoreGraphics.framework; path = /Developer/Platforms/iPhoneOS.platform/Developer/SDKs/iPhoneOS2.0.sdk/System/Library/Frameworks/CoreGraphics.framework; sourceTree = "<absolute>"; };
		28A0AAE50D9B0CCF005BE974 /* WordPress_Prefix.pch */ = {isa = PBXFileReference; fileEncoding = 4; lastKnownFileType = sourcecode.c.h; path = WordPress_Prefix.pch; sourceTree = "<group>"; };
		28AD735F0D9D9599002E5188 /* MainWindow.xib */ = {isa = PBXFileReference; lastKnownFileType = file.xib; path = MainWindow.xib; sourceTree = "<group>"; };
		28C286DF0D94DF7D0034E888 /* BlogsViewController.h */ = {isa = PBXFileReference; fileEncoding = 4; lastKnownFileType = sourcecode.c.h; path = BlogsViewController.h; sourceTree = "<group>"; };
		28C286E00D94DF7D0034E888 /* BlogsViewController.m */ = {isa = PBXFileReference; fileEncoding = 4; lastKnownFileType = sourcecode.c.objc; path = BlogsViewController.m; sourceTree = "<group>"; };
		2904E9900FE6E09600E00DBC /* CustomFieldsTableView.h */ = {isa = PBXFileReference; fileEncoding = 4; lastKnownFileType = sourcecode.c.h; path = CustomFieldsTableView.h; sourceTree = "<group>"; };
		2904E9910FE6E09600E00DBC /* CustomFieldsTableView.m */ = {isa = PBXFileReference; fileEncoding = 4; lastKnownFileType = sourcecode.c.objc; path = CustomFieldsTableView.m; sourceTree = "<group>"; };
		2904E9920FE6E09600E00DBC /* CustomFieldsDetailController.h */ = {isa = PBXFileReference; fileEncoding = 4; lastKnownFileType = sourcecode.c.h; path = CustomFieldsDetailController.h; sourceTree = "<group>"; };
		2904E9930FE6E09600E00DBC /* CustomFieldsDetailController.m */ = {isa = PBXFileReference; fileEncoding = 4; lastKnownFileType = sourcecode.c.objc; path = CustomFieldsDetailController.m; sourceTree = "<group>"; };
		2906F80F110CDA8900169D56 /* EditCommentViewController.h */ = {isa = PBXFileReference; fileEncoding = 4; lastKnownFileType = sourcecode.c.h; path = EditCommentViewController.h; sourceTree = "<group>"; };
		2906F810110CDA8900169D56 /* EditCommentViewController.m */ = {isa = PBXFileReference; fileEncoding = 4; lastKnownFileType = sourcecode.c.objc; path = EditCommentViewController.m; sourceTree = "<group>"; };
		2906F811110CDA8900169D56 /* EditCommentViewController.xib */ = {isa = PBXFileReference; lastKnownFileType = file.xib; path = EditCommentViewController.xib; sourceTree = "<group>"; };
		292CECFE1027259000BD407D /* SFHFKeychainUtils.h */ = {isa = PBXFileReference; fileEncoding = 4; lastKnownFileType = sourcecode.c.h; path = SFHFKeychainUtils.h; sourceTree = "<group>"; };
		292CECFF1027259000BD407D /* SFHFKeychainUtils.m */ = {isa = PBXFileReference; fileEncoding = 4; lastKnownFileType = sourcecode.c.objc; path = SFHFKeychainUtils.m; sourceTree = "<group>"; };
		2962F46F1094EDD400F284B7 /* EditPostModalViewController.h */ = {isa = PBXFileReference; fileEncoding = 4; lastKnownFileType = sourcecode.c.h; path = EditPostModalViewController.h; sourceTree = "<group>"; };
		2962F4701094EDD400F284B7 /* EditPostModalViewController.m */ = {isa = PBXFileReference; fileEncoding = 4; lastKnownFileType = sourcecode.c.objc; path = EditPostModalViewController.m; sourceTree = "<group>"; };
		2962F4711094EDD400F284B7 /* EditPostModalViewController.xib */ = {isa = PBXFileReference; lastKnownFileType = file.xib; name = EditPostModalViewController.xib; path = Classes/EditPostModalViewController.xib; sourceTree = "<group>"; };
		296526FC105810E100597FA3 /* NSString+Helpers.h */ = {isa = PBXFileReference; fileEncoding = 4; lastKnownFileType = sourcecode.c.h; path = "NSString+Helpers.h"; sourceTree = "<group>"; };
		296526FD105810E100597FA3 /* NSString+Helpers.m */ = {isa = PBXFileReference; fileEncoding = 4; lastKnownFileType = sourcecode.c.objc; path = "NSString+Helpers.m"; sourceTree = "<group>"; };
		296890770FE971DC00770264 /* Security.framework */ = {isa = PBXFileReference; lastKnownFileType = wrapper.framework; name = Security.framework; path = System/Library/Frameworks/Security.framework; sourceTree = SDKROOT; };
		2994EEEB10DF0FCD008336A6 /* ReplyToCommentViewController.h */ = {isa = PBXFileReference; fileEncoding = 4; lastKnownFileType = sourcecode.c.h; path = ReplyToCommentViewController.h; sourceTree = "<group>"; };
		2994EEEC10DF0FCD008336A6 /* ReplyToCommentViewController.m */ = {isa = PBXFileReference; fileEncoding = 4; lastKnownFileType = sourcecode.c.objc; path = ReplyToCommentViewController.m; sourceTree = "<group>"; };
		2994EEED10DF0FCD008336A6 /* ReplyToCommentViewController.xib */ = {isa = PBXFileReference; lastKnownFileType = file.xib; path = ReplyToCommentViewController.xib; sourceTree = "<group>"; };
		29A84CA3112E485100CDDB06 /* IncrementPost.h */ = {isa = PBXFileReference; fileEncoding = 4; lastKnownFileType = sourcecode.c.h; path = IncrementPost.h; sourceTree = "<group>"; };
		29A84CA4112E485100CDDB06 /* IncrementPost.m */ = {isa = PBXFileReference; fileEncoding = 4; lastKnownFileType = sourcecode.c.objc; path = IncrementPost.m; sourceTree = "<group>"; };
		29B666321061315800CABB70 /* MainBackground.png */ = {isa = PBXFileReference; lastKnownFileType = image.png; path = MainBackground.png; sourceTree = "<group>"; };
		29B97316FDCFA39411CA2CEA /* main.m */ = {isa = PBXFileReference; fileEncoding = 4; lastKnownFileType = sourcecode.c.objc; path = main.m; sourceTree = "<group>"; };
		29FF132E0FE70F3100CFB908 /* CustomFieldsTableView.xib */ = {isa = PBXFileReference; lastKnownFileType = file.xib; path = CustomFieldsTableView.xib; sourceTree = "<group>"; };
		2A7F71FA0E70F82A00E48A1F /* CommentViewController.xib */ = {isa = PBXFileReference; lastKnownFileType = file.xib; path = CommentViewController.xib; sourceTree = "<group>"; };
		2A7F71FF0E70F8C900E48A1F /* CommentViewController.h */ = {isa = PBXFileReference; fileEncoding = 4; lastKnownFileType = sourcecode.c.h; path = CommentViewController.h; sourceTree = "<group>"; };
		2A7F72000E70F8C900E48A1F /* CommentViewController.m */ = {isa = PBXFileReference; fileEncoding = 4; lastKnownFileType = sourcecode.c.objc; path = CommentViewController.m; sourceTree = "<group>"; };
		2A7F72290E71000000E48A1F /* up.png */ = {isa = PBXFileReference; lastKnownFileType = image.png; path = up.png; sourceTree = "<group>"; };
		2A7F722A0E71000000E48A1F /* down.png */ = {isa = PBXFileReference; lastKnownFileType = image.png; path = down.png; sourceTree = "<group>"; };
		2A8FF7D80E8A32F7001A9A40 /* lock.png */ = {isa = PBXFileReference; lastKnownFileType = image.png; path = lock.png; sourceTree = "<group>"; };
		2F706AA30DFB24C500B43086 /* BlogDataManager.h */ = {isa = PBXFileReference; fileEncoding = 4; lastKnownFileType = sourcecode.c.h; path = BlogDataManager.h; sourceTree = "<group>"; };
		2F706AA40DFB24C500B43086 /* BlogDataManager.m */ = {isa = PBXFileReference; fileEncoding = 4; lastKnownFileType = sourcecode.c.objc; path = BlogDataManager.m; sourceTree = "<group>"; };
		2F706C280DFB8A5200B43086 /* PostViewController.h */ = {isa = PBXFileReference; fileEncoding = 4; lastKnownFileType = sourcecode.c.h; path = PostViewController.h; sourceTree = "<group>"; };
		2F706C290DFB8A5200B43086 /* PostViewController.m */ = {isa = PBXFileReference; fileEncoding = 4; lastKnownFileType = sourcecode.c.objc; path = PostViewController.m; sourceTree = "<group>"; };
		2F970F720DF92274006BD934 /* PostsViewController.h */ = {isa = PBXFileReference; fileEncoding = 4; lastKnownFileType = sourcecode.c.h; path = PostsViewController.h; sourceTree = "<group>"; };
		2F970F730DF92274006BD934 /* PostsViewController.m */ = {isa = PBXFileReference; fileEncoding = 4; lastKnownFileType = sourcecode.c.objc; path = PostsViewController.m; sourceTree = "<group>"; };
		2F970F850DF924E2006BD934 /* EditBlogViewController.h */ = {isa = PBXFileReference; fileEncoding = 4; lastKnownFileType = sourcecode.c.h; path = EditBlogViewController.h; sourceTree = "<group>"; };
		2F970F860DF924E2006BD934 /* EditBlogViewController.m */ = {isa = PBXFileReference; fileEncoding = 4; lastKnownFileType = sourcecode.c.objc; path = EditBlogViewController.m; sourceTree = "<group>"; };
		2F970F970DF929B8006BD934 /* Constants.h */ = {isa = PBXFileReference; fileEncoding = 4; lastKnownFileType = sourcecode.c.h; path = Constants.h; sourceTree = "<group>"; };
		2FAE97040E33B21600CA8540 /* defaultPostTemplate_old.html */ = {isa = PBXFileReference; fileEncoding = 4; lastKnownFileType = text.html; path = defaultPostTemplate_old.html; sourceTree = "<group>"; };
		2FAE97050E33B21600CA8540 /* license.txt */ = {isa = PBXFileReference; fileEncoding = 4; lastKnownFileType = text; path = license.txt; sourceTree = "<group>"; };
		2FAE97070E33B21600CA8540 /* xhtml1-transitional.dtd */ = {isa = PBXFileReference; fileEncoding = 4; lastKnownFileType = text.xml; path = "xhtml1-transitional.dtd"; sourceTree = "<group>"; };
		2FAE97080E33B21600CA8540 /* xhtmlValidatorTemplate.xhtml */ = {isa = PBXFileReference; fileEncoding = 4; lastKnownFileType = text.xml; path = xhtmlValidatorTemplate.xhtml; sourceTree = "<group>"; };
		6EC5B7F40F6747F5002609EE /* backNavd.png */ = {isa = PBXFileReference; lastKnownFileType = image.png; path = backNavd.png; sourceTree = "<group>"; };
		6EDC0E8E105881A800F68A1D /* iTunesArtwork */ = {isa = PBXFileReference; lastKnownFileType = file; path = iTunesArtwork; sourceTree = "<group>"; };
		702CA0660F36FF0D00018B88 /* WPLabelFooterView.h */ = {isa = PBXFileReference; fileEncoding = 4; lastKnownFileType = sourcecode.c.h; path = WPLabelFooterView.h; sourceTree = "<group>"; };
		702CA0670F36FF0D00018B88 /* WPLabelFooterView.m */ = {isa = PBXFileReference; fileEncoding = 4; lastKnownFileType = sourcecode.c.objc; path = WPLabelFooterView.m; sourceTree = "<group>"; };
		7059CD1F0F332B6500A0660B /* WPCategoryTree.h */ = {isa = PBXFileReference; fileEncoding = 4; lastKnownFileType = sourcecode.c.h; path = WPCategoryTree.h; sourceTree = "<group>"; };
		7059CD200F332B6500A0660B /* WPCategoryTree.m */ = {isa = PBXFileReference; fileEncoding = 4; lastKnownFileType = sourcecode.c.objc; path = WPCategoryTree.m; sourceTree = "<group>"; };
		706D25F40F347F1200491666 /* category_child.png */ = {isa = PBXFileReference; lastKnownFileType = image.png; path = category_child.png; sourceTree = "<group>"; };
		833AF259114575A50016DE8F /* PostAnnotation.h */ = {isa = PBXFileReference; fileEncoding = 4; lastKnownFileType = sourcecode.c.h; path = PostAnnotation.h; sourceTree = "<group>"; };
		833AF25A114575A50016DE8F /* PostAnnotation.m */ = {isa = PBXFileReference; fileEncoding = 4; lastKnownFileType = sourcecode.c.objc; path = PostAnnotation.m; sourceTree = "<group>"; };
		837576C111305C67002EAA27 /* gettingLocation.png */ = {isa = PBXFileReference; lastKnownFileType = image.png; path = gettingLocation.png; sourceTree = "<group>"; };
		837576C211305C67002EAA27 /* hasLocation.png */ = {isa = PBXFileReference; lastKnownFileType = image.png; path = hasLocation.png; sourceTree = "<group>"; };
		837576C311305C67002EAA27 /* getLocation.png */ = {isa = PBXFileReference; lastKnownFileType = image.png; path = getLocation.png; sourceTree = "<group>"; };
		83A645D5112B8690000999A6 /* PostLocationViewController.h */ = {isa = PBXFileReference; fileEncoding = 4; lastKnownFileType = sourcecode.c.h; path = PostLocationViewController.h; sourceTree = "<group>"; };
		83A645D6112B8690000999A6 /* PostLocationViewController.m */ = {isa = PBXFileReference; fileEncoding = 4; lastKnownFileType = sourcecode.c.objc; path = PostLocationViewController.m; sourceTree = "<group>"; };
		83A645D7112B8690000999A6 /* PostLocationViewController.xib */ = {isa = PBXFileReference; lastKnownFileType = file.xib; name = PostLocationViewController.xib; path = Classes/PostLocationViewController.xib; sourceTree = "<group>"; };
		83A64687112C5F75000999A6 /* PostSettingsHelpViewController.h */ = {isa = PBXFileReference; fileEncoding = 4; lastKnownFileType = sourcecode.c.h; path = PostSettingsHelpViewController.h; sourceTree = "<group>"; };
		83A64688112C5F75000999A6 /* PostSettingsHelpViewController.m */ = {isa = PBXFileReference; fileEncoding = 4; lastKnownFileType = sourcecode.c.objc; path = PostSettingsHelpViewController.m; sourceTree = "<group>"; };
		83A646AA112C63E5000999A6 /* help.png */ = {isa = PBXFileReference; lastKnownFileType = image.png; path = help.png; sourceTree = "<group>"; };
		83F3E25F11275E07004CD686 /* MapKit.framework */ = {isa = PBXFileReference; lastKnownFileType = wrapper.framework; name = MapKit.framework; path = System/Library/Frameworks/MapKit.framework; sourceTree = SDKROOT; };
		83F3E2BC11276357004CD686 /* LocationController.h */ = {isa = PBXFileReference; fileEncoding = 4; lastKnownFileType = sourcecode.c.h; path = LocationController.h; sourceTree = "<group>"; };
		83F3E2BD11276357004CD686 /* LocationController.m */ = {isa = PBXFileReference; fileEncoding = 4; lastKnownFileType = sourcecode.c.objc; path = LocationController.m; sourceTree = "<group>"; };
		83F3E2D211276371004CD686 /* CoreLocation.framework */ = {isa = PBXFileReference; lastKnownFileType = wrapper.framework; name = CoreLocation.framework; path = System/Library/Frameworks/CoreLocation.framework; sourceTree = SDKROOT; };
		8D1107310486CEB800E47090 /* Info.plist */ = {isa = PBXFileReference; fileEncoding = 4; lastKnownFileType = text.plist.xml; path = Info.plist; sourceTree = "<group>"; };
		A00593C00E224A1B0087E1FB /* WPImageView.h */ = {isa = PBXFileReference; fileEncoding = 4; lastKnownFileType = sourcecode.c.h; path = WPImageView.h; sourceTree = "<group>"; };
		A00593C10E224A1B0087E1FB /* WPImageView.m */ = {isa = PBXFileReference; fileEncoding = 4; lastKnownFileType = sourcecode.c.objc; path = WPImageView.m; sourceTree = "<group>"; };
		A017DD7E0E29DDBF009095C2 /* application-icon.png */ = {isa = PBXFileReference; lastKnownFileType = image.png; path = "application-icon.png"; sourceTree = "<group>"; };
		A01C54210E24E4ED00D411F2 /* Reachability.h */ = {isa = PBXFileReference; fileEncoding = 4; lastKnownFileType = sourcecode.c.h; path = Reachability.h; sourceTree = "<group>"; };
		A01C54220E24E4ED00D411F2 /* Reachability.m */ = {isa = PBXFileReference; fileEncoding = 4; lastKnownFileType = sourcecode.c.objc; path = Reachability.m; sourceTree = "<group>"; };
		A01C542D0E24E88400D411F2 /* SystemConfiguration.framework */ = {isa = PBXFileReference; lastKnownFileType = wrapper.framework; name = SystemConfiguration.framework; path = System/Library/Frameworks/SystemConfiguration.framework; sourceTree = SDKROOT; };
		A01C55470E25E0D000D411F2 /* defaultPostTemplate.html */ = {isa = PBXFileReference; fileEncoding = 4; lastKnownFileType = text.html; path = defaultPostTemplate.html; sourceTree = "<group>"; };
		A01C58B80E2682AD00D411F2 /* Disclosure Indicator.png */ = {isa = PBXFileReference; lastKnownFileType = image.png; path = "Disclosure Indicator.png"; sourceTree = "<group>"; };
		A0A242250DFE85D2008BDA15 /* XMLValueDecoder.h */ = {isa = PBXFileReference; fileEncoding = 4; lastKnownFileType = sourcecode.c.h; path = XMLValueDecoder.h; sourceTree = "<group>"; };
		A0A242260DFE85D2008BDA15 /* XMLValueDecoder.m */ = {isa = PBXFileReference; fileEncoding = 4; lastKnownFileType = sourcecode.c.objc; path = XMLValueDecoder.m; sourceTree = "<group>"; };
		A0E293EF0E21027E00C6919C /* WPAddCategoryViewController.h */ = {isa = PBXFileReference; fileEncoding = 4; lastKnownFileType = sourcecode.c.h; path = WPAddCategoryViewController.h; sourceTree = "<group>"; };
		A0E293F00E21027E00C6919C /* WPAddCategoryViewController.m */ = {isa = PBXFileReference; fileEncoding = 4; lastKnownFileType = sourcecode.c.objc; path = WPAddCategoryViewController.m; sourceTree = "<group>"; };
		A0E293FD0E21037200C6919C /* WPAddCategoryViewController.xib */ = {isa = PBXFileReference; lastKnownFileType = file.xib; path = WPAddCategoryViewController.xib; sourceTree = "<group>"; };
		A0F128B90E1F82A400867E18 /* AboutWordpress.xib */ = {isa = PBXFileReference; lastKnownFileType = file.xib; path = AboutWordpress.xib; sourceTree = "<group>"; };
		A0F129C90E1FAD4F00867E18 /* AboutViewController.h */ = {isa = PBXFileReference; fileEncoding = 4; lastKnownFileType = sourcecode.c.h; path = AboutViewController.h; sourceTree = "<group>"; };
		A0F129CA0E1FAD4F00867E18 /* AboutViewController.m */ = {isa = PBXFileReference; fileEncoding = 4; lastKnownFileType = sourcecode.c.objc; path = AboutViewController.m; sourceTree = "<group>"; };
		AC2FB2E00E1D11A400DFE859 /* WordPress.png */ = {isa = PBXFileReference; lastKnownFileType = image.png; path = WordPress.png; sourceTree = "<group>"; };
		AC2FB44B0E1D236A00DFE859 /* EditBlogViewController.xib */ = {isa = PBXFileReference; lastKnownFileType = file.xib; path = EditBlogViewController.xib; sourceTree = "<group>"; };
		AC3437BD0E10F7BC00E5D79B /* EditPostViewController.xib */ = {isa = PBXFileReference; lastKnownFileType = file.xib; path = EditPostViewController.xib; sourceTree = "<group>"; };
		AC3D2C100E2222430064A705 /* RoundedRectBlack.png */ = {isa = PBXFileReference; lastKnownFileType = image.png; path = RoundedRectBlack.png; sourceTree = "<group>"; };
		AC512F810E20D2AE00B7DA32 /* WPPhotosListViewController.h */ = {isa = PBXFileReference; fileEncoding = 4; lastKnownFileType = sourcecode.c.h; path = WPPhotosListViewController.h; sourceTree = "<group>"; };
		AC512F820E20D2AE00B7DA32 /* WPPhotosListViewController.m */ = {isa = PBXFileReference; fileEncoding = 4; lastKnownFileType = sourcecode.c.objc; path = WPPhotosListViewController.m; sourceTree = "<group>"; };
		AC512FC30E20D61C00B7DA32 /* WPPhotosListViewController.xib */ = {isa = PBXFileReference; lastKnownFileType = file.xib; path = WPPhotosListViewController.xib; sourceTree = "<group>"; };
		AC512FC70E20D68100B7DA32 /* WPPhotoViewController.xib */ = {isa = PBXFileReference; lastKnownFileType = file.xib; path = WPPhotoViewController.xib; sourceTree = "<group>"; };
		AC512FC90E20D6BB00B7DA32 /* WPPhotoViewController.h */ = {isa = PBXFileReference; fileEncoding = 4; lastKnownFileType = sourcecode.c.h; path = WPPhotoViewController.h; sourceTree = "<group>"; };
		AC512FCA0E20D6BB00B7DA32 /* WPPhotoViewController.m */ = {isa = PBXFileReference; fileEncoding = 4; lastKnownFileType = sourcecode.c.objc; path = WPPhotoViewController.m; sourceTree = "<group>"; };
		AC600C080E20B80400D663AA /* write.png */ = {isa = PBXFileReference; lastKnownFileType = image.png; path = write.png; sourceTree = "<group>"; };
		AC600C0A0E20B80400D663AA /* photos.png */ = {isa = PBXFileReference; lastKnownFileType = image.png; path = photos.png; sourceTree = "<group>"; };
		AC600C0B0E20B80400D663AA /* preview.png */ = {isa = PBXFileReference; lastKnownFileType = image.png; path = preview.png; sourceTree = "<group>"; };
		ACAC79C40E1F50EB00AC7074 /* WPSelectionTableViewController.h */ = {isa = PBXFileReference; fileEncoding = 4; lastKnownFileType = sourcecode.c.h; path = WPSelectionTableViewController.h; sourceTree = "<group>"; };
		ACAC79C50E1F50EB00AC7074 /* WPSelectionTableViewController.m */ = {isa = PBXFileReference; fileEncoding = 4; lastKnownFileType = sourcecode.c.objc; path = WPSelectionTableViewController.m; sourceTree = "<group>"; };
		ACAC7B690E1F8C0700AC7074 /* WPSelectionTableViewController.xib */ = {isa = PBXFileReference; lastKnownFileType = file.xib; path = WPSelectionTableViewController.xib; sourceTree = "<group>"; };
		ACAC7BE90E1F9E0C00AC7074 /* WPPublishOnEditController.h */ = {isa = PBXFileReference; fileEncoding = 4; lastKnownFileType = sourcecode.c.h; path = WPPublishOnEditController.h; sourceTree = "<group>"; };
		ACAC7BEA0E1F9E0C00AC7074 /* WPPublishOnEditController.m */ = {isa = PBXFileReference; fileEncoding = 4; lastKnownFileType = sourcecode.c.objc; path = WPPublishOnEditController.m; sourceTree = "<group>"; };
		ACBAB5FC0E121C7300F38795 /* PostSettingsViewController.h */ = {isa = PBXFileReference; fileEncoding = 4; lastKnownFileType = sourcecode.c.h; path = PostSettingsViewController.h; sourceTree = "<group>"; };
		ACBAB5FD0E121C7300F38795 /* PostSettingsViewController.m */ = {isa = PBXFileReference; fileEncoding = 4; lastKnownFileType = sourcecode.c.objc; path = PostSettingsViewController.m; sourceTree = "<group>"; };
		ACBAB6080E121CF700F38795 /* PostSettingsViewController.xib */ = {isa = PBXFileReference; lastKnownFileType = file.xib; path = PostSettingsViewController.xib; sourceTree = "<group>"; };
		ACBAB67C0E1247CC00F38795 /* PostPreviewViewController.xib */ = {isa = PBXFileReference; lastKnownFileType = file.xib; path = PostPreviewViewController.xib; sourceTree = "<group>"; };
		ACBAB6840E1247F700F38795 /* PostPreviewViewController.h */ = {isa = PBXFileReference; fileEncoding = 4; lastKnownFileType = sourcecode.c.h; path = PostPreviewViewController.h; sourceTree = "<group>"; };
		ACBAB6850E1247F700F38795 /* PostPreviewViewController.m */ = {isa = PBXFileReference; fileEncoding = 4; lastKnownFileType = sourcecode.c.objc; path = PostPreviewViewController.m; sourceTree = "<group>"; };
		ACC156BA0E10D73100D6E1A0 /* PostViewController.xib */ = {isa = PBXFileReference; lastKnownFileType = file.xib; path = PostViewController.xib; sourceTree = "<group>"; };
		ACC156CA0E10E67600D6E1A0 /* EditPostViewController.h */ = {isa = PBXFileReference; fileEncoding = 4; lastKnownFileType = sourcecode.c.h; path = EditPostViewController.h; sourceTree = "<group>"; };
		ACC156CB0E10E67600D6E1A0 /* EditPostViewController.m */ = {isa = PBXFileReference; fileEncoding = 4; lastKnownFileType = sourcecode.c.objc; path = EditPostViewController.m; sourceTree = "<group>"; };
		ACE287510E2E4381004F5145 /* WPPublishOnEditController.xib */ = {isa = PBXFileReference; lastKnownFileType = file.xib; path = WPPublishOnEditController.xib; sourceTree = "<group>"; };
		ACFD04910DFD2FCA0031D567 /* XMLRPCConnection.h */ = {isa = PBXFileReference; fileEncoding = 4; lastKnownFileType = sourcecode.c.h; path = XMLRPCConnection.h; sourceTree = "<group>"; };
		ACFD04920DFD2FCA0031D567 /* XMLRPCConnection.m */ = {isa = PBXFileReference; fileEncoding = 4; lastKnownFileType = sourcecode.c.objc; path = XMLRPCConnection.m; sourceTree = "<group>"; };
		ACFD04930DFD2FCA0031D567 /* XMLRPCDecoder.h */ = {isa = PBXFileReference; fileEncoding = 4; lastKnownFileType = sourcecode.c.h; path = XMLRPCDecoder.h; sourceTree = "<group>"; };
		ACFD04940DFD2FCA0031D567 /* XMLRPCDecoder.m */ = {isa = PBXFileReference; fileEncoding = 4; lastKnownFileType = sourcecode.c.objc; path = XMLRPCDecoder.m; sourceTree = "<group>"; };
		ACFD04950DFD2FCA0031D567 /* XMLRPCEncoder.h */ = {isa = PBXFileReference; fileEncoding = 4; lastKnownFileType = sourcecode.c.h; path = XMLRPCEncoder.h; sourceTree = "<group>"; };
		ACFD04960DFD2FCA0031D567 /* XMLRPCEncoder.m */ = {isa = PBXFileReference; fileEncoding = 4; lastKnownFileType = sourcecode.c.objc; path = XMLRPCEncoder.m; sourceTree = "<group>"; };
		ACFD04970DFD2FCA0031D567 /* XMLRPCExtensions.h */ = {isa = PBXFileReference; fileEncoding = 4; lastKnownFileType = sourcecode.c.h; path = XMLRPCExtensions.h; sourceTree = "<group>"; };
		ACFD04980DFD2FCA0031D567 /* XMLRPCExtensions.m */ = {isa = PBXFileReference; fileEncoding = 4; lastKnownFileType = sourcecode.c.objc; path = XMLRPCExtensions.m; sourceTree = "<group>"; };
		ACFD04990DFD2FCA0031D567 /* XMLRPCRequest.h */ = {isa = PBXFileReference; fileEncoding = 4; lastKnownFileType = sourcecode.c.h; path = XMLRPCRequest.h; sourceTree = "<group>"; };
		ACFD049A0DFD2FCA0031D567 /* XMLRPCRequest.m */ = {isa = PBXFileReference; fileEncoding = 4; lastKnownFileType = sourcecode.c.objc; path = XMLRPCRequest.m; sourceTree = "<group>"; };
		ACFD049B0DFD2FCA0031D567 /* XMLRPCResponse.h */ = {isa = PBXFileReference; fileEncoding = 4; lastKnownFileType = sourcecode.c.h; path = XMLRPCResponse.h; sourceTree = "<group>"; };
		ACFD049C0DFD2FCA0031D567 /* XMLRPCResponse.m */ = {isa = PBXFileReference; fileEncoding = 4; lastKnownFileType = sourcecode.c.objc; path = XMLRPCResponse.m; sourceTree = "<group>"; };
		ACFF1DE30E23265000EC6BF5 /* settings.png */ = {isa = PBXFileReference; lastKnownFileType = image.png; path = settings.png; sourceTree = "<group>"; };
		C533CF330E6D3ADA000C3DE8 /* CommentsViewController.h */ = {isa = PBXFileReference; fileEncoding = 4; lastKnownFileType = sourcecode.c.h; path = CommentsViewController.h; sourceTree = "<group>"; };
		C533CF340E6D3ADA000C3DE8 /* CommentsViewController.m */ = {isa = PBXFileReference; fileEncoding = 4; lastKnownFileType = sourcecode.c.objc; path = CommentsViewController.m; sourceTree = "<group>"; };
		C533CF450E6D3E24000C3DE8 /* CommentsViewController.xib */ = {isa = PBXFileReference; lastKnownFileType = file.xib; path = CommentsViewController.xib; sourceTree = "<group>"; };
		C55A90D70E8026C500E1C9B5 /* WPSegmentedSelectionTableViewController.h */ = {isa = PBXFileReference; fileEncoding = 4; lastKnownFileType = sourcecode.c.h; path = WPSegmentedSelectionTableViewController.h; sourceTree = "<group>"; };
		C55A90D80E8026CD00E1C9B5 /* WPSegmentedSelectionTableViewController.m */ = {isa = PBXFileReference; fileEncoding = 4; lastKnownFileType = sourcecode.c.objc; path = WPSegmentedSelectionTableViewController.m; sourceTree = "<group>"; };
		C57AD5E00F2A10BC00A1717C /* WPXMLReader.m */ = {isa = PBXFileReference; fileEncoding = 4; lastKnownFileType = sourcecode.c.objc; path = WPXMLReader.m; sourceTree = "<group>"; };
		C57AD5E10F2A10BC00A1717C /* WPXMLReader.h */ = {isa = PBXFileReference; fileEncoding = 4; lastKnownFileType = sourcecode.c.h; path = WPXMLReader.h; sourceTree = "<group>"; };
		C584D0820EF942DC00B78012 /* UIViewController+WPAnimation.h */ = {isa = PBXFileReference; fileEncoding = 4; lastKnownFileType = sourcecode.c.h; path = "UIViewController+WPAnimation.h"; sourceTree = "<group>"; };
		C584D0830EF942DC00B78012 /* UIViewController+WPAnimation.m */ = {isa = PBXFileReference; fileEncoding = 4; lastKnownFileType = sourcecode.c.objc; path = "UIViewController+WPAnimation.m"; sourceTree = "<group>"; };
		C584D0B30EF943A600B78012 /* QuartzCore.framework */ = {isa = PBXFileReference; lastKnownFileType = wrapper.framework; name = QuartzCore.framework; path = /Developer/Platforms/iPhoneOS.platform/Developer/SDKs/iPhoneOS2.0.sdk/System/Library/Frameworks/QuartzCore.framework; sourceTree = "<absolute>"; };
		C59D3D490E6410D300AA591D /* NSString+XMLExtensions.h */ = {isa = PBXFileReference; fileEncoding = 4; lastKnownFileType = sourcecode.c.h; path = "NSString+XMLExtensions.h"; sourceTree = "<group>"; };
		C59D3D4A0E6410D300AA591D /* NSString+XMLExtensions.m */ = {isa = PBXFileReference; fileEncoding = 4; lastKnownFileType = sourcecode.c.objc; path = "NSString+XMLExtensions.m"; sourceTree = "<group>"; };
		C5B001BE0E82971400D13185 /* WPNavigationLeftButtonView.m */ = {isa = PBXFileReference; fileEncoding = 4; lastKnownFileType = sourcecode.c.objc; path = WPNavigationLeftButtonView.m; sourceTree = "<group>"; };
		C5B001C00E82971C00D13185 /* WPNavigationLeftButtonView.h */ = {isa = PBXFileReference; fileEncoding = 4; lastKnownFileType = sourcecode.c.h; path = WPNavigationLeftButtonView.h; sourceTree = "<group>"; };
		C5B001CF0E82991300D13185 /* backNav.png */ = {isa = PBXFileReference; lastKnownFileType = image.png; path = backNav.png; sourceTree = "<group>"; };
		C5C272DE0E7EC00A0034AA46 /* uncheck.png */ = {isa = PBXFileReference; lastKnownFileType = image.png; path = uncheck.png; sourceTree = "<group>"; };
		C5C272E00E7EC00F0034AA46 /* check.png */ = {isa = PBXFileReference; lastKnownFileType = image.png; path = check.png; sourceTree = "<group>"; };
		C5C273090E7EC9FE0034AA46 /* delete.png */ = {isa = PBXFileReference; lastKnownFileType = image.png; path = delete.png; sourceTree = "<group>"; };
		C5E3AE330E93F3C5008755FF /* WPImagePickerController.h */ = {isa = PBXFileReference; fileEncoding = 4; lastKnownFileType = sourcecode.c.h; path = WPImagePickerController.h; sourceTree = "<group>"; };
		C5E3AE340E93F3C5008755FF /* WPImagePickerController.m */ = {isa = PBXFileReference; fileEncoding = 4; lastKnownFileType = sourcecode.c.objc; path = WPImagePickerController.m; sourceTree = "<group>"; };
		CE0CA8CA0FEB178800BC71AD /* favicon.ico */ = {isa = PBXFileReference; lastKnownFileType = image.ico; path = favicon.ico; sourceTree = "<group>"; };
		CE19466F1017F86D002BE752 /* DashboardViewController.h */ = {isa = PBXFileReference; fileEncoding = 4; lastKnownFileType = sourcecode.c.h; path = DashboardViewController.h; sourceTree = "<group>"; };
		CE1946701017F86D002BE752 /* DashboardViewController.m */ = {isa = PBXFileReference; fileEncoding = 4; lastKnownFileType = sourcecode.c.objc; path = DashboardViewController.m; sourceTree = "<group>"; };
		CE1E3BC61005B3D500A7BD08 /* WPpregressHUDBackground.png */ = {isa = PBXFileReference; lastKnownFileType = image.png; path = WPpregressHUDBackground.png; sourceTree = "<group>"; };
		CE31B42E1022644F00BC060C /* pages.png */ = {isa = PBXFileReference; lastKnownFileType = image.png; path = pages.png; sourceTree = "<group>"; };
		CE31B42F1022644F00BC060C /* posts.png */ = {isa = PBXFileReference; lastKnownFileType = image.png; path = posts.png; sourceTree = "<group>"; };
		CE4E33D00FEB0F3A00415662 /* UIImage+INResizeImageAllocator.h */ = {isa = PBXFileReference; fileEncoding = 4; lastKnownFileType = sourcecode.c.h; path = "UIImage+INResizeImageAllocator.h"; sourceTree = "<group>"; };
		CE4E33D10FEB0F3A00415662 /* UIImage+INResizeImageAllocator.m */ = {isa = PBXFileReference; fileEncoding = 4; lastKnownFileType = sourcecode.c.objc; path = "UIImage+INResizeImageAllocator.m"; sourceTree = "<group>"; };
		CEBD3EA90FF1BA3B00C1396E /* Blog.h */ = {isa = PBXFileReference; fileEncoding = 4; lastKnownFileType = sourcecode.c.h; path = Blog.h; sourceTree = "<group>"; };
		CEBD3EAA0FF1BA3B00C1396E /* Blog.m */ = {isa = PBXFileReference; fileEncoding = 4; lastKnownFileType = sourcecode.c.objc; path = Blog.m; sourceTree = "<group>"; };
		CEC7EFA50FC66081007B90D6 /* AddBlogValidationBackground.png */ = {isa = PBXFileReference; lastKnownFileType = image.png; path = AddBlogValidationBackground.png; sourceTree = "<group>"; };
		CEC7EFB30FC663AF007B90D6 /* Default.png */ = {isa = PBXFileReference; lastKnownFileType = image.png; path = Default.png; sourceTree = "<group>"; };
		CECB84610FFD91050087FF33 /* talk_bubbles.png */ = {isa = PBXFileReference; lastKnownFileType = image.png; path = talk_bubbles.png; sourceTree = "<group>"; };
		CEE708891006FC1200D6302A /* WPAsynchronousImageView.h */ = {isa = PBXFileReference; fileEncoding = 4; lastKnownFileType = sourcecode.c.h; path = WPAsynchronousImageView.h; sourceTree = "<group>"; };
		CEE7088A1006FC1200D6302A /* WPAsynchronousImageView.m */ = {isa = PBXFileReference; fileEncoding = 4; lastKnownFileType = sourcecode.c.objc; path = WPAsynchronousImageView.m; sourceTree = "<group>"; };
		CEFC8B5710057D0A0052604A /* WPProgressHUD.h */ = {isa = PBXFileReference; fileEncoding = 4; lastKnownFileType = sourcecode.c.h; path = WPProgressHUD.h; sourceTree = "<group>"; };
		CEFC8B5810057D0A0052604A /* WPProgressHUD.m */ = {isa = PBXFileReference; fileEncoding = 4; lastKnownFileType = sourcecode.c.objc; path = WPProgressHUD.m; sourceTree = "<group>"; };
		EC0F59310EB042B0002FCB4D /* PageViewController.m */ = {isa = PBXFileReference; fileEncoding = 4; lastKnownFileType = sourcecode.c.objc; path = PageViewController.m; sourceTree = "<group>"; };
		EC0F59320EB042B0002FCB4D /* PageViewController.h */ = {isa = PBXFileReference; fileEncoding = 4; lastKnownFileType = sourcecode.c.h; path = PageViewController.h; sourceTree = "<group>"; };
		EC0F59340EB0438E002FCB4D /* PageViewController.xib */ = {isa = PBXFileReference; lastKnownFileType = file.xib; path = PageViewController.xib; sourceTree = "<group>"; };
		EC270CB10E8B5E8200E9AA18 /* commentDelete.png */ = {isa = PBXFileReference; lastKnownFileType = image.png; path = commentDelete.png; sourceTree = "<group>"; };
		EC4696FD0EA75D460040EE8E /* PagesViewController.h */ = {isa = PBXFileReference; fileEncoding = 4; lastKnownFileType = sourcecode.c.h; path = PagesViewController.h; sourceTree = "<group>"; };
		EC4696FE0EA75D460040EE8E /* PagesViewController.m */ = {isa = PBXFileReference; fileEncoding = 4; lastKnownFileType = sourcecode.c.objc; path = PagesViewController.m; sourceTree = "<group>"; };
		ECCD48870EA8623F0078082C /* EditPageViewController.xib */ = {isa = PBXFileReference; lastKnownFileType = file.xib; path = EditPageViewController.xib; sourceTree = "<group>"; };
		ECCD488A0EA8628A0078082C /* EditPageViewController.h */ = {isa = PBXFileReference; fileEncoding = 4; lastKnownFileType = sourcecode.c.h; path = EditPageViewController.h; sourceTree = "<group>"; };
		ECCD488B0EA8628A0078082C /* EditPageViewController.m */ = {isa = PBXFileReference; fileEncoding = 4; lastKnownFileType = sourcecode.c.objc; path = EditPageViewController.m; sourceTree = "<group>"; };
		F52BF2E410B1DC8F00AF4582 /* BlogHTTPAuthenticationViewController.h */ = {isa = PBXFileReference; fileEncoding = 4; lastKnownFileType = sourcecode.c.h; path = BlogHTTPAuthenticationViewController.h; sourceTree = "<group>"; };
		F52BF2E510B1DC8F00AF4582 /* BlogHTTPAuthenticationViewController.m */ = {isa = PBXFileReference; fileEncoding = 4; lastKnownFileType = sourcecode.c.objc; path = BlogHTTPAuthenticationViewController.m; sourceTree = "<group>"; };
		F52BF2E610B1DC8F00AF4582 /* BlogHTTPAuthenticationViewController.xib */ = {isa = PBXFileReference; lastKnownFileType = file.xib; name = BlogHTTPAuthenticationViewController.xib; path = Classes/BlogHTTPAuthenticationViewController.xib; sourceTree = "<group>"; };
		F5A4EF3310B32F68002BF126 /* XMLRPCConnection+Authentication.h */ = {isa = PBXFileReference; fileEncoding = 4; lastKnownFileType = sourcecode.c.h; name = "XMLRPCConnection+Authentication.h"; path = "XMLRPC/XMLRPCConnection+Authentication.h"; sourceTree = "<group>"; };
		F5A4EF3410B32F68002BF126 /* XMLRPCConnection+Authentication.m */ = {isa = PBXFileReference; fileEncoding = 4; lastKnownFileType = sourcecode.c.objc; name = "XMLRPCConnection+Authentication.m"; path = "XMLRPC/XMLRPCConnection+Authentication.m"; sourceTree = "<group>"; };
		F5A4EF6610B34147002BF126 /* NSData+Base64.h */ = {isa = PBXFileReference; fileEncoding = 4; lastKnownFileType = sourcecode.c.h; path = "NSData+Base64.h"; sourceTree = "<group>"; };
		F5A4EF6710B34147002BF126 /* NSData+Base64.m */ = {isa = PBXFileReference; fileEncoding = 4; lastKnownFileType = sourcecode.c.objc; path = "NSData+Base64.m"; sourceTree = "<group>"; };
/* End PBXFileReference section */

/* Begin PBXFrameworksBuildPhase section */
		1D60588F0D05DD3D006BFB54 /* Frameworks */ = {
			isa = PBXFrameworksBuildPhase;
			buildActionMask = 2147483647;
			files = (
				1D60589F0D05DD5A006BFB54 /* Foundation.framework in Frameworks */,
				1DF5F4E00D08C38300B7A737 /* UIKit.framework in Frameworks */,
				2892E4100DC94CBA00A64D0F /* CoreGraphics.framework in Frameworks */,
				A01C542E0E24E88400D411F2 /* SystemConfiguration.framework in Frameworks */,
				C584D0B40EF943A600B78012 /* QuartzCore.framework in Frameworks */,
				296890780FE971DC00770264 /* Security.framework in Frameworks */,
				83F3E26011275E07004CD686 /* MapKit.framework in Frameworks */,
				83F3E2D311276371004CD686 /* CoreLocation.framework in Frameworks */,
			);
			runOnlyForDeploymentPostprocessing = 0;
		};
/* End PBXFrameworksBuildPhase section */

/* Begin PBXGroup section */
		031662E60FFB14C60045D052 /* Views */ = {
			isa = PBXGroup;
			children = (
				031666AC0FFC3E130045D052 /* CommentTableViewCell.h */,
				031666AD0FFC3E130045D052 /* CommentTableViewCell.m */,
				031669580FFC81A20045D052 /* CommentsTableViewDelegate.h */,
				039FFD9F100EDC1B00D8B279 /* GravatarImageView.h */,
				039FFDA0100EDC1B00D8B279 /* GravatarImageView.m */,
				031663050FFB151A0045D052 /* PostTableViewCell.h */,
				031663060FFB151A0045D052 /* PostTableViewCell.m */,
				03F298C210057AEC0097B29A /* RefreshButtonView.h */,
				03F298C310057AEC0097B29A /* RefreshButtonView.m */,
				CEE708891006FC1200D6302A /* WPAsynchronousImageView.h */,
				CEE7088A1006FC1200D6302A /* WPAsynchronousImageView.m */,
				03958060100D6CFC00850742 /* WPLabel.h */,
				03958061100D6CFC00850742 /* WPLabel.m */,
			);
			name = Views;
			sourceTree = "<group>";
		};
		080E96DDFE201D6D7F000001 /* Classes */ = {
			isa = PBXGroup;
			children = (
				C59D3D480E6410BC00AA591D /* Categories */,
				AC34397A0E11435A00E5D79B /* Controllers */,
				2F706A870DFB229B00B43086 /* Models */,
				031662E60FFB14C60045D052 /* Views */,
				ACFD04900DFD2FCA0031D567 /* XMLRPC */,
				2F970F970DF929B8006BD934 /* Constants.h */,
				2F706AA30DFB24C500B43086 /* BlogDataManager.h */,
				2F706AA40DFB24C500B43086 /* BlogDataManager.m */,
				0395885E100DA2DA00850742 /* ImageCache.h */,
				0395885F100DA2DA00850742 /* ImageCache.m */,
				1D3623240D0F684500981E51 /* WordPressAppDelegate.h */,
				1D3623250D0F684500981E51 /* WordPressAppDelegate.m */,
			);
			path = Classes;
			sourceTree = "<group>";
		};
		19C28FACFE9D520D11CA2CBB /* Products */ = {
			isa = PBXGroup;
			children = (
				1D6058910D05DD3D006BFB54 /* WordPress.app */,
			);
			name = Products;
			sourceTree = "<group>";
		};
		2904E98D0FE6E03100E00DBC /* Custom Fields */ = {
			isa = PBXGroup;
			children = (
				2904E9920FE6E09600E00DBC /* CustomFieldsDetailController.h */,
				2904E9930FE6E09600E00DBC /* CustomFieldsDetailController.m */,
				2904E9900FE6E09600E00DBC /* CustomFieldsTableView.h */,
				2904E9910FE6E09600E00DBC /* CustomFieldsTableView.m */,
			);
			name = "Custom Fields";
			sourceTree = "<group>";
		};
		29B97314FDCFA39411CA2CEA /* CustomTemplate */ = {
			isa = PBXGroup;
			children = (
				2FAE97050E33B21600CA8540 /* license.txt */,
				080E96DDFE201D6D7F000001 /* Classes */,
				29B97315FDCFA39411CA2CEA /* Other Sources */,
				29B97317FDCFA39411CA2CEA /* Resources */,
				29B97323FDCFA39411CA2CEA /* Frameworks */,
				19C28FACFE9D520D11CA2CBB /* Products */,
			);
			name = CustomTemplate;
			sourceTree = "<group>";
		};
		29B97315FDCFA39411CA2CEA /* Other Sources */ = {
			isa = PBXGroup;
			children = (
				28A0AAE50D9B0CCF005BE974 /* WordPress_Prefix.pch */,
				29B97316FDCFA39411CA2CEA /* main.m */,
			);
			name = "Other Sources";
			sourceTree = "<group>";
		};
		29B97317FDCFA39411CA2CEA /* Resources */ = {
			isa = PBXGroup;
			children = (
				6EDC0E8E105881A800F68A1D /* iTunesArtwork */,
				ACFF1DC00E231EF600EC6BF5 /* Blog */,
				C50E78130E71648100991509 /* Comments */,
				29FF132C0FE70EFF00CFB908 /* Custom Fields */,
				AC512F790E20D25E00B7DA32 /* Images */,
				EC4696CB0EA759EA0040EE8E /* Pages */,
				ACFF1DC10E231F0B00EC6BF5 /* Post */,
				A01C55470E25E0D000D411F2 /* defaultPostTemplate.html */,
				2FAE97040E33B21600CA8540 /* defaultPostTemplate_old.html */,
				2FAE97070E33B21600CA8540 /* xhtml1-transitional.dtd */,
				2FAE97080E33B21600CA8540 /* xhtmlValidatorTemplate.xhtml */,
				ACE287510E2E4381004F5145 /* WPPublishOnEditController.xib */,
				AC512FC70E20D68100B7DA32 /* WPPhotoViewController.xib */,
				AC512FC30E20D61C00B7DA32 /* WPPhotosListViewController.xib */,
				ACAC7B690E1F8C0700AC7074 /* WPSelectionTableViewController.xib */,
				A0E293FD0E21037200C6919C /* WPAddCategoryViewController.xib */,
				28AD735F0D9D9599002E5188 /* MainWindow.xib */,
				A0F128B90E1F82A400867E18 /* AboutWordpress.xib */,
				8D1107310486CEB800E47090 /* Info.plist */,
			);
			name = Resources;
			sourceTree = "<group>";
		};
		29B97323FDCFA39411CA2CEA /* Frameworks */ = {
			isa = PBXGroup;
			children = (
				296890770FE971DC00770264 /* Security.framework */,
				C584D0B30EF943A600B78012 /* QuartzCore.framework */,
				A01C542D0E24E88400D411F2 /* SystemConfiguration.framework */,
				2892E40F0DC94CBA00A64D0F /* CoreGraphics.framework */,
				1DF5F4DF0D08C38300B7A737 /* UIKit.framework */,
				1D30AB110D05D00D00671497 /* Foundation.framework */,
				83F3E25F11275E07004CD686 /* MapKit.framework */,
				83F3E2D211276371004CD686 /* CoreLocation.framework */,
			);
			name = Frameworks;
			sourceTree = "<group>";
		};
		29FF132C0FE70EFF00CFB908 /* Custom Fields */ = {
			isa = PBXGroup;
			children = (
				29FF132E0FE70F3100CFB908 /* CustomFieldsTableView.xib */,
			);
			name = "Custom Fields";
			sourceTree = "<group>";
		};
		2F706A870DFB229B00B43086 /* Models */ = {
			isa = PBXGroup;
			children = (
				CEBD3EA90FF1BA3B00C1396E /* Blog.h */,
				CEBD3EAA0FF1BA3B00C1396E /* Blog.m */,
				29A84CA3112E485100CDDB06 /* IncrementPost.h */,
				29A84CA4112E485100CDDB06 /* IncrementPost.m */,
				833AF259114575A50016DE8F /* PostAnnotation.h */,
				833AF25A114575A50016DE8F /* PostAnnotation.m */,
			);
			name = Models;
			sourceTree = "<group>";
		};
		AC3439790E11434600E5D79B /* Post */ = {
			isa = PBXGroup;
			children = (
				ACC156CA0E10E67600D6E1A0 /* EditPostViewController.h */,
				ACC156CB0E10E67600D6E1A0 /* EditPostViewController.m */,
				ACBAB6840E1247F700F38795 /* PostPreviewViewController.h */,
				ACBAB6850E1247F700F38795 /* PostPreviewViewController.m */,
				ACBAB5FC0E121C7300F38795 /* PostSettingsViewController.h */,
				ACBAB5FD0E121C7300F38795 /* PostSettingsViewController.m */,
				2F706C280DFB8A5200B43086 /* PostViewController.h */,
				2F706C290DFB8A5200B43086 /* PostViewController.m */,
				2F970F720DF92274006BD934 /* PostsViewController.h */,
				2F970F730DF92274006BD934 /* PostsViewController.m */,
				2962F46F1094EDD400F284B7 /* EditPostModalViewController.h */,
				2962F4701094EDD400F284B7 /* EditPostModalViewController.m */,
				83A645D5112B8690000999A6 /* PostLocationViewController.h */,
				83A645D6112B8690000999A6 /* PostLocationViewController.m */,
				83A64687112C5F75000999A6 /* PostSettingsHelpViewController.h */,
				83A64688112C5F75000999A6 /* PostSettingsHelpViewController.m */,
			);
			name = Post;
			sourceTree = "<group>";
		};
		AC34397A0E11435A00E5D79B /* Controllers */ = {
			isa = PBXGroup;
			children = (
				CE19466E1017F85A002BE752 /* Dashboard */,
				AC34397B0E11443300E5D79B /* Blog */,
				C533CF320E6D3AB3000C3DE8 /* Comments */,
				2904E98D0FE6E03100E00DBC /* Custom Fields */,
				EC4696A80EA74DAC0040EE8E /* Pages */,
				AC3439790E11434600E5D79B /* Post */,
				AC512F800E20D28500B7DA32 /* Utils */,
				A0F129C90E1FAD4F00867E18 /* AboutViewController.h */,
				A0F129CA0E1FAD4F00867E18 /* AboutViewController.m */,
			);
			name = Controllers;
			sourceTree = "<group>";
		};
		AC34397B0E11443300E5D79B /* Blog */ = {
			isa = PBXGroup;
			children = (
				03FF35C2100423A10066ED95 /* BlogViewController.h */,
				03FF35C3100423A10066ED95 /* BlogViewController.m */,
				28C286DF0D94DF7D0034E888 /* BlogsViewController.h */,
				28C286E00D94DF7D0034E888 /* BlogsViewController.m */,
				2F970F850DF924E2006BD934 /* EditBlogViewController.h */,
				2F970F860DF924E2006BD934 /* EditBlogViewController.m */,
				03EB591110105088004E82CD /* LocateXMLRPCViewController.h */,
				03EB591210105088004E82CD /* LocateXMLRPCViewController.m */,
				F52BF2E410B1DC8F00AF4582 /* BlogHTTPAuthenticationViewController.h */,
				F52BF2E510B1DC8F00AF4582 /* BlogHTTPAuthenticationViewController.m */,
			);
			name = Blog;
			sourceTree = "<group>";
		};
		AC512F790E20D25E00B7DA32 /* Images */ = {
			isa = PBXGroup;
			children = (
				837576C111305C67002EAA27 /* gettingLocation.png */,
				837576C211305C67002EAA27 /* hasLocation.png */,
				837576C311305C67002EAA27 /* getLocation.png */,
				83A646AA112C63E5000999A6 /* help.png */,
				29B666321061315800CABB70 /* MainBackground.png */,
				CE1946361017F4DF002BE752 /* Tab Icons */,
				03EB54B4100FFB5C004E82CD /* gravatar.jpg */,
				CE1E3BC61005B3D500A7BD08 /* WPpregressHUDBackground.png */,
				031665FC0FFC2E890045D052 /* sync.png */,
				CE0CA8CA0FEB178800BC71AD /* favicon.ico */,
				CEC7EFA50FC66081007B90D6 /* AddBlogValidationBackground.png */,
				706D25F40F347F1200491666 /* category_child.png */,
				CEC7EFB30FC663AF007B90D6 /* Default.png */,
				2A8FF7D80E8A32F7001A9A40 /* lock.png */,
				6EC5B7F40F6747F5002609EE /* backNavd.png */,
				EC270CB10E8B5E8200E9AA18 /* commentDelete.png */,
				C5B001CF0E82991300D13185 /* backNav.png */,
				C5C273090E7EC9FE0034AA46 /* delete.png */,
				C5C272E00E7EC00F0034AA46 /* check.png */,
				C5C272DE0E7EC00A0034AA46 /* uncheck.png */,
				2A7F72290E71000000E48A1F /* up.png */,
				2A7F722A0E71000000E48A1F /* down.png */,
				AC600C100E20B81100D663AA /* Post Icons */,
				A017DD7E0E29DDBF009095C2 /* application-icon.png */,
				A01C58B80E2682AD00D411F2 /* Disclosure Indicator.png */,
				AC3D2C100E2222430064A705 /* RoundedRectBlack.png */,
				AC2FB2E00E1D11A400DFE859 /* WordPress.png */,
			);
			name = Images;
			sourceTree = "<group>";
		};
		AC512F800E20D28500B7DA32 /* Utils */ = {
			isa = PBXGroup;
			children = (
				292CECFE1027259000BD407D /* SFHFKeychainUtils.h */,
				292CECFF1027259000BD407D /* SFHFKeychainUtils.m */,
				03EB590B10105076004E82CD /* RegexKitLite.h */,
				03EB590C10105076004E82CD /* RegexKitLite.m */,
				03EB590D10105076004E82CD /* RegExProcessor.h */,
				03EB590E10105076004E82CD /* RegExProcessor.m */,
				A01C54210E24E4ED00D411F2 /* Reachability.h */,
				A01C54220E24E4ED00D411F2 /* Reachability.m */,
				032BD74D101FCF59006F0017 /* ResourcesTableViewSection.h */,
				032BD74E101FCF59006F0017 /* ResourcesTableViewSection.m */,
				A0E293EF0E21027E00C6919C /* WPAddCategoryViewController.h */,
				A0E293F00E21027E00C6919C /* WPAddCategoryViewController.m */,
				7059CD1F0F332B6500A0660B /* WPCategoryTree.h */,
				7059CD200F332B6500A0660B /* WPCategoryTree.m */,
				C5E3AE330E93F3C5008755FF /* WPImagePickerController.h */,
				C5E3AE340E93F3C5008755FF /* WPImagePickerController.m */,
				A00593C00E224A1B0087E1FB /* WPImageView.h */,
				A00593C10E224A1B0087E1FB /* WPImageView.m */,
				702CA0660F36FF0D00018B88 /* WPLabelFooterView.h */,
				702CA0670F36FF0D00018B88 /* WPLabelFooterView.m */,
				C5B001C00E82971C00D13185 /* WPNavigationLeftButtonView.h */,
				C5B001BE0E82971400D13185 /* WPNavigationLeftButtonView.m */,
				ACAC7BE90E1F9E0C00AC7074 /* WPPublishOnEditController.h */,
				ACAC7BEA0E1F9E0C00AC7074 /* WPPublishOnEditController.m */,
				ACAC79C40E1F50EB00AC7074 /* WPSelectionTableViewController.h */,
				ACAC79C50E1F50EB00AC7074 /* WPSelectionTableViewController.m */,
				C55A90D70E8026C500E1C9B5 /* WPSegmentedSelectionTableViewController.h */,
				C55A90D80E8026CD00E1C9B5 /* WPSegmentedSelectionTableViewController.m */,
				021751A50EB8412E0032D429 /* WPPhotosListProtocol.h */,
				AC512F810E20D2AE00B7DA32 /* WPPhotosListViewController.h */,
				AC512F820E20D2AE00B7DA32 /* WPPhotosListViewController.m */,
				AC512FC90E20D6BB00B7DA32 /* WPPhotoViewController.h */,
				AC512FCA0E20D6BB00B7DA32 /* WPPhotoViewController.m */,
				CEFC8B5710057D0A0052604A /* WPProgressHUD.h */,
				CEFC8B5810057D0A0052604A /* WPProgressHUD.m */,
				C57AD5E10F2A10BC00A1717C /* WPXMLReader.h */,
				C57AD5E00F2A10BC00A1717C /* WPXMLReader.m */,
				83F3E2BC11276357004CD686 /* LocationController.h */,
				83F3E2BD11276357004CD686 /* LocationController.m */,
			);
			name = Utils;
			sourceTree = "<group>";
		};
		AC600C100E20B81100D663AA /* Post Icons */ = {
			isa = PBXGroup;
			children = (
				ACFF1DE30E23265000EC6BF5 /* settings.png */,
				AC600C080E20B80400D663AA /* write.png */,
				AC600C0A0E20B80400D663AA /* photos.png */,
				AC600C0B0E20B80400D663AA /* preview.png */,
			);
			name = "Post Icons";
			sourceTree = "<group>";
		};
		ACFD04900DFD2FCA0031D567 /* XMLRPC */ = {
			isa = PBXGroup;
			children = (
				A0A242250DFE85D2008BDA15 /* XMLValueDecoder.h */,
				A0A242260DFE85D2008BDA15 /* XMLValueDecoder.m */,
				ACFD04910DFD2FCA0031D567 /* XMLRPCConnection.h */,
				ACFD04920DFD2FCA0031D567 /* XMLRPCConnection.m */,
				ACFD04930DFD2FCA0031D567 /* XMLRPCDecoder.h */,
				ACFD04940DFD2FCA0031D567 /* XMLRPCDecoder.m */,
				ACFD04950DFD2FCA0031D567 /* XMLRPCEncoder.h */,
				ACFD04960DFD2FCA0031D567 /* XMLRPCEncoder.m */,
				ACFD04970DFD2FCA0031D567 /* XMLRPCExtensions.h */,
				ACFD04980DFD2FCA0031D567 /* XMLRPCExtensions.m */,
				ACFD04990DFD2FCA0031D567 /* XMLRPCRequest.h */,
				ACFD049A0DFD2FCA0031D567 /* XMLRPCRequest.m */,
				ACFD049B0DFD2FCA0031D567 /* XMLRPCResponse.h */,
				ACFD049C0DFD2FCA0031D567 /* XMLRPCResponse.m */,
			);
			path = XMLRPC;
			sourceTree = "<group>";
		};
		ACFF1DC00E231EF600EC6BF5 /* Blog */ = {
			isa = PBXGroup;
			children = (
				F52BF2E610B1DC8F00AF4582 /* BlogHTTPAuthenticationViewController.xib */,
				03FF35C4100423A10066ED95 /* BlogViewController.xib */,
				AC2FB44B0E1D236A00DFE859 /* EditBlogViewController.xib */,
				032BDCB510106E1B00E26F44 /* LocateXMLRPCViewController.xib */,
			);
			name = Blog;
			sourceTree = "<group>";
		};
		ACFF1DC10E231F0B00EC6BF5 /* Post */ = {
			isa = PBXGroup;
			children = (
				83A645D7112B8690000999A6 /* PostLocationViewController.xib */,
				AC3437BD0E10F7BC00E5D79B /* EditPostViewController.xib */,
				ACBAB67C0E1247CC00F38795 /* PostPreviewViewController.xib */,
				ACBAB6080E121CF700F38795 /* PostSettingsViewController.xib */,
				ACC156BA0E10D73100D6E1A0 /* PostViewController.xib */,
				2962F4711094EDD400F284B7 /* EditPostModalViewController.xib */,
			);
			name = Post;
			sourceTree = "<group>";
		};
		C50E78130E71648100991509 /* Comments */ = {
			isa = PBXGroup;
			children = (
				2A7F71FA0E70F82A00E48A1F /* CommentViewController.xib */,
				C533CF450E6D3E24000C3DE8 /* CommentsViewController.xib */,
			);
			name = Comments;
			sourceTree = "<group>";
		};
		C533CF320E6D3AB3000C3DE8 /* Comments */ = {
			isa = PBXGroup;
			children = (
				2A7F71FF0E70F8C900E48A1F /* CommentViewController.h */,
				2A7F72000E70F8C900E48A1F /* CommentViewController.m */,
				C533CF330E6D3ADA000C3DE8 /* CommentsViewController.h */,
				C533CF340E6D3ADA000C3DE8 /* CommentsViewController.m */,
				2994EEEB10DF0FCD008336A6 /* ReplyToCommentViewController.h */,
				2994EEEC10DF0FCD008336A6 /* ReplyToCommentViewController.m */,
				2994EEED10DF0FCD008336A6 /* ReplyToCommentViewController.xib */,
				2906F80F110CDA8900169D56 /* EditCommentViewController.h */,
				2906F810110CDA8900169D56 /* EditCommentViewController.m */,
				2906F811110CDA8900169D56 /* EditCommentViewController.xib */,
			);
			name = Comments;
			sourceTree = "<group>";
		};
		C59D3D480E6410BC00AA591D /* Categories */ = {
			isa = PBXGroup;
			children = (
				F5A4EF6610B34147002BF126 /* NSData+Base64.h */,
				F5A4EF6710B34147002BF126 /* NSData+Base64.m */,
				296526FC105810E100597FA3 /* NSString+Helpers.h */,
				296526FD105810E100597FA3 /* NSString+Helpers.m */,
				03CF21EB0FE9F0C3008AD538 /* NSString+Util.h */,
				03CF21EC0FE9F0C3008AD538 /* NSString+Util.m */,
				C59D3D490E6410D300AA591D /* NSString+XMLExtensions.h */,
				C59D3D4A0E6410D300AA591D /* NSString+XMLExtensions.m */,
				CE4E33D00FEB0F3A00415662 /* UIImage+INResizeImageAllocator.h */,
				CE4E33D10FEB0F3A00415662 /* UIImage+INResizeImageAllocator.m */,
				C584D0820EF942DC00B78012 /* UIViewController+WPAnimation.h */,
				C584D0830EF942DC00B78012 /* UIViewController+WPAnimation.m */,
				F5A4EF3310B32F68002BF126 /* XMLRPCConnection+Authentication.h */,
				F5A4EF3410B32F68002BF126 /* XMLRPCConnection+Authentication.m */,
			);
			name = Categories;
			sourceTree = "<group>";
		};
		CE1946361017F4DF002BE752 /* Tab Icons */ = {
			isa = PBXGroup;
			children = (
				CE31B42E1022644F00BC060C /* pages.png */,
				CE31B42F1022644F00BC060C /* posts.png */,
				CECB84610FFD91050087FF33 /* talk_bubbles.png */,
			);
			name = "Tab Icons";
			sourceTree = "<group>";
		};
		CE19466E1017F85A002BE752 /* Dashboard */ = {
			isa = PBXGroup;
			children = (
				CE19466F1017F86D002BE752 /* DashboardViewController.h */,
				CE1946701017F86D002BE752 /* DashboardViewController.m */,
			);
			name = Dashboard;
			sourceTree = "<group>";
		};
		EC4696A80EA74DAC0040EE8E /* Pages */ = {
			isa = PBXGroup;
			children = (
				ECCD488A0EA8628A0078082C /* EditPageViewController.h */,
				ECCD488B0EA8628A0078082C /* EditPageViewController.m */,
				EC0F59320EB042B0002FCB4D /* PageViewController.h */,
				EC0F59310EB042B0002FCB4D /* PageViewController.m */,
				EC4696FD0EA75D460040EE8E /* PagesViewController.h */,
				EC4696FE0EA75D460040EE8E /* PagesViewController.m */,
			);
			name = Pages;
			sourceTree = "<group>";
		};
		EC4696CB0EA759EA0040EE8E /* Pages */ = {
			isa = PBXGroup;
			children = (
				108F0FB30EC2B51C00D09FB6 /* PagesDraftsViewController.xib */,
				EC0F59340EB0438E002FCB4D /* PageViewController.xib */,
				ECCD48870EA8623F0078082C /* EditPageViewController.xib */,
			);
			name = Pages;
			sourceTree = "<group>";
		};
/* End PBXGroup section */

/* Begin PBXNativeTarget section */
		1D6058900D05DD3D006BFB54 /* WordPress */ = {
			isa = PBXNativeTarget;
			buildConfigurationList = 1D6058960D05DD3E006BFB54 /* Build configuration list for PBXNativeTarget "WordPress" */;
			buildPhases = (
				1D60588D0D05DD3D006BFB54 /* Resources */,
				1D60588E0D05DD3D006BFB54 /* Sources */,
				1D60588F0D05DD3D006BFB54 /* Frameworks */,
			);
			buildRules = (
			);
			dependencies = (
			);
			name = WordPress;
			productName = WordPress;
			productReference = 1D6058910D05DD3D006BFB54 /* WordPress.app */;
			productType = "com.apple.product-type.application";
		};
/* End PBXNativeTarget section */

/* Begin PBXProject section */
		29B97313FDCFA39411CA2CEA /* Project object */ = {
			isa = PBXProject;
			buildConfigurationList = C01FCF4E08A954540054247B /* Build configuration list for PBXProject "WordPress" */;
			compatibilityVersion = "Xcode 3.2";
			hasScannedForEncodings = 1;
			knownRegions = (
				English,
				Japanese,
				French,
				German,
				en,
			);
			mainGroup = 29B97314FDCFA39411CA2CEA /* CustomTemplate */;
			projectDirPath = "";
			projectRoot = "";
			targets = (
				1D6058900D05DD3D006BFB54 /* WordPress */,
			);
		};
/* End PBXProject section */

/* Begin PBXResourcesBuildPhase section */
		1D60588D0D05DD3D006BFB54 /* Resources */ = {
			isa = PBXResourcesBuildPhase;
			buildActionMask = 2147483647;
			files = (
				28AD73600D9D9599002E5188 /* MainWindow.xib in Resources */,
				ACC156BB0E10D73100D6E1A0 /* PostViewController.xib in Resources */,
				AC3437BE0E10F7BC00E5D79B /* EditPostViewController.xib in Resources */,
				ACBAB6090E121CF700F38795 /* PostSettingsViewController.xib in Resources */,
				ACBAB67D0E1247CC00F38795 /* PostPreviewViewController.xib in Resources */,
				AC2FB2E10E1D11A400DFE859 /* WordPress.png in Resources */,
				AC2FB44C0E1D236A00DFE859 /* EditBlogViewController.xib in Resources */,
				ACAC7B6A0E1F8C0700AC7074 /* WPSelectionTableViewController.xib in Resources */,
				A0F128BA0E1F82A400867E18 /* AboutWordpress.xib in Resources */,
				AC600C0C0E20B80400D663AA /* write.png in Resources */,
				AC600C0E0E20B80400D663AA /* photos.png in Resources */,
				AC600C0F0E20B80400D663AA /* preview.png in Resources */,
				AC512FC40E20D61C00B7DA32 /* WPPhotosListViewController.xib in Resources */,
				AC512FC80E20D68100B7DA32 /* WPPhotoViewController.xib in Resources */,
				A0E293FE0E21037200C6919C /* WPAddCategoryViewController.xib in Resources */,
				AC3D2C110E2222430064A705 /* RoundedRectBlack.png in Resources */,
				ACFF1DE40E23265000EC6BF5 /* settings.png in Resources */,
				A01C55480E25E0D000D411F2 /* defaultPostTemplate.html in Resources */,
				A01C58B90E2682AD00D411F2 /* Disclosure Indicator.png in Resources */,
				A017DD7F0E29DDBF009095C2 /* application-icon.png in Resources */,
				ACE287520E2E4381004F5145 /* WPPublishOnEditController.xib in Resources */,
				2FAE97090E33B21600CA8540 /* defaultPostTemplate_old.html in Resources */,
				2FAE970A0E33B21600CA8540 /* license.txt in Resources */,
				2FAE970C0E33B21600CA8540 /* xhtml1-transitional.dtd in Resources */,
				2FAE970D0E33B21600CA8540 /* xhtmlValidatorTemplate.xhtml in Resources */,
				C533CF460E6D3E24000C3DE8 /* CommentsViewController.xib in Resources */,
				2A7F71FB0E70F82A00E48A1F /* CommentViewController.xib in Resources */,
				2A7F722B0E71000000E48A1F /* up.png in Resources */,
				2A7F722C0E71000000E48A1F /* down.png in Resources */,
				C5C272DF0E7EC00A0034AA46 /* uncheck.png in Resources */,
				C5C272E10E7EC00F0034AA46 /* check.png in Resources */,
				C5C2730A0E7EC9FE0034AA46 /* delete.png in Resources */,
				C5B001D00E82991300D13185 /* backNav.png in Resources */,
				2A8FF7D90E8A32F7001A9A40 /* lock.png in Resources */,
				EC270CB20E8B5E8200E9AA18 /* commentDelete.png in Resources */,
				ECCD48880EA8623F0078082C /* EditPageViewController.xib in Resources */,
				EC0F59350EB0438E002FCB4D /* PageViewController.xib in Resources */,
				108F0FB40EC2B51C00D09FB6 /* PagesDraftsViewController.xib in Resources */,
				706D25F50F347F1200491666 /* category_child.png in Resources */,
				6EC5B7F50F6747F5002609EE /* backNavd.png in Resources */,
				CEC7EFA60FC66081007B90D6 /* AddBlogValidationBackground.png in Resources */,
				CEC7EFB40FC663AF007B90D6 /* Default.png in Resources */,
				29FF132F0FE70F3100CFB908 /* CustomFieldsTableView.xib in Resources */,
				CE0CA8CB0FEB178800BC71AD /* favicon.ico in Resources */,
				031665FD0FFC2E890045D052 /* sync.png in Resources */,
				CECB84620FFD91050087FF33 /* talk_bubbles.png in Resources */,
				03FF35C6100423A10066ED95 /* BlogViewController.xib in Resources */,
				CE1E3BC71005B3D500A7BD08 /* WPpregressHUDBackground.png in Resources */,
				03EB54B5100FFB5C004E82CD /* gravatar.jpg in Resources */,
				032BDCB610106E1B00E26F44 /* LocateXMLRPCViewController.xib in Resources */,
				CE31B4301022644F00BC060C /* pages.png in Resources */,
				CE31B4311022644F00BC060C /* posts.png in Resources */,
				6EDC0E8F105881A800F68A1D /* iTunesArtwork in Resources */,
				29B666331061315800CABB70 /* MainBackground.png in Resources */,
				2962F4731094EDD400F284B7 /* EditPostModalViewController.xib in Resources */,
				F52BF2E810B1DC8F00AF4582 /* BlogHTTPAuthenticationViewController.xib in Resources */,
				2994EEEF10DF0FCD008336A6 /* ReplyToCommentViewController.xib in Resources */,
				2906F813110CDA8900169D56 /* EditCommentViewController.xib in Resources */,
				83A645D9112B8690000999A6 /* PostLocationViewController.xib in Resources */,
				83A646AB112C63E5000999A6 /* help.png in Resources */,
				837576C411305C67002EAA27 /* gettingLocation.png in Resources */,
				837576C511305C67002EAA27 /* hasLocation.png in Resources */,
				837576C611305C67002EAA27 /* getLocation.png in Resources */,
			);
			runOnlyForDeploymentPostprocessing = 0;
		};
/* End PBXResourcesBuildPhase section */

/* Begin PBXSourcesBuildPhase section */
		1D60588E0D05DD3D006BFB54 /* Sources */ = {
			isa = PBXSourcesBuildPhase;
			buildActionMask = 2147483647;
			files = (
				1D60589B0D05DD56006BFB54 /* main.m in Sources */,
				1D3623260D0F684500981E51 /* WordPressAppDelegate.m in Sources */,
				28C286E10D94DF7D0034E888 /* BlogsViewController.m in Sources */,
				2F970F740DF92274006BD934 /* PostsViewController.m in Sources */,
				2F970F870DF924E2006BD934 /* EditBlogViewController.m in Sources */,
				2F706AA50DFB24C500B43086 /* BlogDataManager.m in Sources */,
				2F706C2A0DFB8A5200B43086 /* PostViewController.m in Sources */,
				ACFD049D0DFD2FCA0031D567 /* XMLRPCConnection.m in Sources */,
				ACFD049E0DFD2FCA0031D567 /* XMLRPCDecoder.m in Sources */,
				ACFD049F0DFD2FCA0031D567 /* XMLRPCEncoder.m in Sources */,
				ACFD04A00DFD2FCA0031D567 /* XMLRPCExtensions.m in Sources */,
				ACFD04A10DFD2FCA0031D567 /* XMLRPCRequest.m in Sources */,
				ACFD04A20DFD2FCA0031D567 /* XMLRPCResponse.m in Sources */,
				A0A242270DFE85D2008BDA15 /* XMLValueDecoder.m in Sources */,
				ACC156CC0E10E67600D6E1A0 /* EditPostViewController.m in Sources */,
				ACBAB5FE0E121C7300F38795 /* PostSettingsViewController.m in Sources */,
				ACBAB6860E1247F700F38795 /* PostPreviewViewController.m in Sources */,
				ACAC79C60E1F50EB00AC7074 /* WPSelectionTableViewController.m in Sources */,
				ACAC7BEB0E1F9E0C00AC7074 /* WPPublishOnEditController.m in Sources */,
				A0F129CB0E1FAD4F00867E18 /* AboutViewController.m in Sources */,
				AC512F830E20D2AE00B7DA32 /* WPPhotosListViewController.m in Sources */,
				AC512FCB0E20D6BB00B7DA32 /* WPPhotoViewController.m in Sources */,
				A0E293F10E21027E00C6919C /* WPAddCategoryViewController.m in Sources */,
				A00593C20E224A1B0087E1FB /* WPImageView.m in Sources */,
				A01C54230E24E4ED00D411F2 /* Reachability.m in Sources */,
				C59D3D4B0E6410D300AA591D /* NSString+XMLExtensions.m in Sources */,
				C533CF350E6D3ADA000C3DE8 /* CommentsViewController.m in Sources */,
				2A7F72010E70F8C900E48A1F /* CommentViewController.m in Sources */,
				C55A90D90E8026CD00E1C9B5 /* WPSegmentedSelectionTableViewController.m in Sources */,
				C5B001BF0E82971400D13185 /* WPNavigationLeftButtonView.m in Sources */,
				C5E3AE350E93F3C5008755FF /* WPImagePickerController.m in Sources */,
				EC4696FF0EA75D460040EE8E /* PagesViewController.m in Sources */,
				ECCD488C0EA8628A0078082C /* EditPageViewController.m in Sources */,
				EC0F59330EB042B0002FCB4D /* PageViewController.m in Sources */,
				C584D0840EF942DC00B78012 /* UIViewController+WPAnimation.m in Sources */,
				C57AD5E20F2A10BC00A1717C /* WPXMLReader.m in Sources */,
				7059CD210F332B6500A0660B /* WPCategoryTree.m in Sources */,
				702CA0680F36FF0D00018B88 /* WPLabelFooterView.m in Sources */,
				2904E9940FE6E09600E00DBC /* CustomFieldsTableView.m in Sources */,
				2904E9950FE6E09600E00DBC /* CustomFieldsDetailController.m in Sources */,
				03CF21ED0FE9F0C3008AD538 /* NSString+Util.m in Sources */,
				CE4E33D20FEB0F3A00415662 /* UIImage+INResizeImageAllocator.m in Sources */,
				CEBD3EAB0FF1BA3B00C1396E /* Blog.m in Sources */,
				031663070FFB151A0045D052 /* PostTableViewCell.m in Sources */,
				031666AE0FFC3E130045D052 /* CommentTableViewCell.m in Sources */,
				03FF35C5100423A10066ED95 /* BlogViewController.m in Sources */,
				CEFC8B5910057D0A0052604A /* WPProgressHUD.m in Sources */,
				03F298C410057AEC0097B29A /* RefreshButtonView.m in Sources */,
				CEE7088B1006FC1200D6302A /* WPAsynchronousImageView.m in Sources */,
				03958062100D6CFC00850742 /* WPLabel.m in Sources */,
				03958860100DA2DA00850742 /* ImageCache.m in Sources */,
				039FFDA1100EDC1B00D8B279 /* GravatarImageView.m in Sources */,
				03EB590F10105076004E82CD /* RegexKitLite.m in Sources */,
				03EB591010105076004E82CD /* RegExProcessor.m in Sources */,
				03EB591310105088004E82CD /* LocateXMLRPCViewController.m in Sources */,
				CE1946711017F86D002BE752 /* DashboardViewController.m in Sources */,
				032BD74F101FCF59006F0017 /* ResourcesTableViewSection.m in Sources */,
				292CED001027259000BD407D /* SFHFKeychainUtils.m in Sources */,
				296526FE105810E100597FA3 /* NSString+Helpers.m in Sources */,
				2962F4721094EDD400F284B7 /* EditPostModalViewController.m in Sources */,
				F52BF2E710B1DC8F00AF4582 /* BlogHTTPAuthenticationViewController.m in Sources */,
				F5A4EF3510B32F68002BF126 /* XMLRPCConnection+Authentication.m in Sources */,
				F5A4EF6810B34147002BF126 /* NSData+Base64.m in Sources */,
				2994EEEE10DF0FCD008336A6 /* ReplyToCommentViewController.m in Sources */,
				2906F812110CDA8900169D56 /* EditCommentViewController.m in Sources */,
				29A84CA5112E485100CDDB06 /* IncrementPost.m in Sources */,
				83F3E2BE11276357004CD686 /* LocationController.m in Sources */,
				83A645D8112B8690000999A6 /* PostLocationViewController.m in Sources */,
				83A64689112C5F75000999A6 /* PostSettingsHelpViewController.m in Sources */,
				833AF25B114575A50016DE8F /* PostAnnotation.m in Sources */,
			);
			runOnlyForDeploymentPostprocessing = 0;
		};
/* End PBXSourcesBuildPhase section */

/* Begin XCBuildConfiguration section */
		1D6058940D05DD3E006BFB54 /* Debug */ = {
			isa = XCBuildConfiguration;
			buildSettings = {
				ALWAYS_SEARCH_USER_PATHS = NO;
				CODE_SIGN_IDENTITY = "";
				"CODE_SIGN_IDENTITY[sdk=iphoneos*]" = "iPhone Developer";
				COPY_PHASE_STRIP = NO;
				GCC_DYNAMIC_NO_PIC = NO;
				GCC_OPTIMIZATION_LEVEL = 0;
				GCC_PRECOMPILE_PREFIX_HEADER = YES;
				GCC_PREFIX_HEADER = WordPress_Prefix.pch;
				GCC_PREPROCESSOR_DEFINITIONS = DEBUGMODE;
				GCC_TREAT_WARNINGS_AS_ERRORS = NO;
				INFOPLIST_FILE = Info.plist;
				PRODUCT_NAME = WordPress;
				"PROVISIONING_PROFILE[sdk=iphoneos*]" = "";
			};
			name = Debug;
		};
		1D6058950D05DD3E006BFB54 /* Release */ = {
			isa = XCBuildConfiguration;
			buildSettings = {
				ALWAYS_SEARCH_USER_PATHS = NO;
				COPY_PHASE_STRIP = YES;
				GCC_PRECOMPILE_PREFIX_HEADER = YES;
				GCC_PREFIX_HEADER = WordPress_Prefix.pch;
				GCC_TREAT_WARNINGS_AS_ERRORS = YES;
				INFOPLIST_FILE = Info.plist;
				PRODUCT_NAME = WordPress;
			};
			name = Release;
		};
		2F30B4C10E342FDF00211B15 /* Distribution */ = {
			isa = XCBuildConfiguration;
			buildSettings = {
				ARCHS = "$(ARCHS_STANDARD_32_BIT)";
				CODE_SIGN_IDENTITY = "iPhone Distribution";
				"CODE_SIGN_IDENTITY[sdk=iphoneos*]" = "iPhone Distribution";
				GCC_C_LANGUAGE_STANDARD = c99;
				GCC_TREAT_WARNINGS_AS_ERRORS = NO;
				GCC_WARN_ABOUT_DEPRECATED_FUNCTIONS = NO;
				GCC_WARN_ABOUT_RETURN_TYPE = YES;
				GCC_WARN_UNUSED_VARIABLE = YES;
				OTHER_LDFLAGS = "-licucore";
				PREBINDING = NO;
				PROVISIONING_PROFILE = "";
				"PROVISIONING_PROFILE[sdk=iphoneos*]" = "";
				SDKROOT = iphoneos3.0;
			};
			name = Distribution;
		};
		2F30B4C20E342FDF00211B15 /* Distribution */ = {
			isa = XCBuildConfiguration;
			buildSettings = {
				ALWAYS_SEARCH_USER_PATHS = NO;
				CODE_SIGN_ENTITLEMENTS = Entitlements.plist;
				COPY_PHASE_STRIP = YES;
				GCC_PRECOMPILE_PREFIX_HEADER = YES;
				GCC_PREFIX_HEADER = WordPress_Prefix.pch;
				GCC_TREAT_WARNINGS_AS_ERRORS = NO;
				INFOPLIST_FILE = Info.plist;
				PRODUCT_NAME = WordPress;
			};
			name = Distribution;
		};
		C01FCF4F08A954540054247B /* Debug */ = {
			isa = XCBuildConfiguration;
			buildSettings = {
				ARCHS = "$(ARCHS_STANDARD_32_BIT)";
				CODE_SIGN_ENTITLEMENTS = "";
				CODE_SIGN_IDENTITY = "iPhone Developer";
				"CODE_SIGN_IDENTITY[sdk=iphoneos*]" = "iPhone Developer";
				GCC_C_LANGUAGE_STANDARD = c99;
				GCC_PREPROCESSOR_DEFINITIONS = "";
				GCC_WARN_ABOUT_DEPRECATED_FUNCTIONS = NO;
				GCC_WARN_ABOUT_RETURN_TYPE = YES;
				GCC_WARN_UNUSED_VARIABLE = YES;
				ONLY_ACTIVE_ARCH = YES;
				OTHER_LDFLAGS = "-licucore";
				PREBINDING = NO;
				PROVISIONING_PROFILE = "";
				"PROVISIONING_PROFILE[sdk=iphoneos*]" = "";
				SDKROOT = iphoneos3.0;
			};
			name = Debug;
		};
		C01FCF5008A954540054247B /* Release */ = {
			isa = XCBuildConfiguration;
			buildSettings = {
				ARCHS = "$(ARCHS_STANDARD_32_BIT)";
				CODE_SIGN_ENTITLEMENTS = "";
				CODE_SIGN_IDENTITY = "iPhone Developer";
				"CODE_SIGN_IDENTITY[sdk=iphoneos*]" = "iPhone Developer";
				GCC_C_LANGUAGE_STANDARD = c99;
				GCC_WARN_ABOUT_DEPRECATED_FUNCTIONS = NO;
				GCC_WARN_ABOUT_RETURN_TYPE = YES;
				GCC_WARN_UNUSED_VARIABLE = YES;
				OTHER_LDFLAGS = "-licucore";
				PREBINDING = NO;
				PROVISIONING_PROFILE = "";
				"PROVISIONING_PROFILE[sdk=iphoneos*]" = "";
				SDKROOT = iphoneos3.0;
			};
			name = Release;
		};
/* End XCBuildConfiguration section */

/* Begin XCConfigurationList section */
		1D6058960D05DD3E006BFB54 /* Build configuration list for PBXNativeTarget "WordPress" */ = {
			isa = XCConfigurationList;
			buildConfigurations = (
				1D6058940D05DD3E006BFB54 /* Debug */,
				1D6058950D05DD3E006BFB54 /* Release */,
				2F30B4C20E342FDF00211B15 /* Distribution */,
			);
			defaultConfigurationIsVisible = 0;
			defaultConfigurationName = Release;
		};
		C01FCF4E08A954540054247B /* Build configuration list for PBXProject "WordPress" */ = {
			isa = XCConfigurationList;
			buildConfigurations = (
				C01FCF4F08A954540054247B /* Debug */,
				C01FCF5008A954540054247B /* Release */,
				2F30B4C10E342FDF00211B15 /* Distribution */,
			);
			defaultConfigurationIsVisible = 0;
			defaultConfigurationName = Release;
		};
/* End XCConfigurationList section */
	};
	rootObject = 29B97313FDCFA39411CA2CEA /* Project object */;
}
