// !$*UTF8*$!
{
	archiveVersion = 1;
	classes = {
	};
	objectVersion = 48;
	objects = {

/* Begin PBXBuildFile section */
		050FFF3AF877DD64C5795011 /* Pods_WordPressAuthenticatorTests.framework in Frameworks */ = {isa = PBXBuildFile; fileRef = F8735AAC66C7015A0B684D4B /* Pods_WordPressAuthenticatorTests.framework */; };
		B5ED78FE207E976500A8FD8C /* WordPressAuthenticator.framework in Frameworks */ = {isa = PBXBuildFile; fileRef = B5ED78F4207E976500A8FD8C /* WordPressAuthenticator.framework */; };
		B5ED7905207E976500A8FD8C /* WordPressAuthenticator.h in Headers */ = {isa = PBXBuildFile; fileRef = B5ED78F7207E976500A8FD8C /* WordPressAuthenticator.h */; settings = {ATTRIBUTES = (Public, ); }; };
		B5ED7912207E981400A8FD8C /* WordPressKit.framework in Frameworks */ = {isa = PBXBuildFile; fileRef = B5ED7911207E981400A8FD8C /* WordPressKit.framework */; };
		B5ED7914207E981400A8FD8C /* WordPressShared.framework in Frameworks */ = {isa = PBXBuildFile; fileRef = B5ED7913207E981400A8FD8C /* WordPressShared.framework */; };
		B5ED7916207E981400A8FD8C /* WordPressUI.framework in Frameworks */ = {isa = PBXBuildFile; fileRef = B5ED7915207E981400A8FD8C /* WordPressUI.framework */; };
		B5ED791D207E993E00A8FD8C /* WPAuthenticatorLogging.h in Headers */ = {isa = PBXBuildFile; fileRef = B5ED7918207E993E00A8FD8C /* WPAuthenticatorLogging.h */; settings = {ATTRIBUTES = (Public, ); }; };
		B5ED791E207E993E00A8FD8C /* WPAuthenticatorLoggingPrivate.m in Sources */ = {isa = PBXBuildFile; fileRef = B5ED7919207E993E00A8FD8C /* WPAuthenticatorLoggingPrivate.m */; };
		B5ED791F207E993E00A8FD8C /* CocoaLumberjack.swift in Sources */ = {isa = PBXBuildFile; fileRef = B5ED791A207E993E00A8FD8C /* CocoaLumberjack.swift */; };
		B5ED7920207E993E00A8FD8C /* WPAuthenticatorLogging.m in Sources */ = {isa = PBXBuildFile; fileRef = B5ED791B207E993E00A8FD8C /* WPAuthenticatorLogging.m */; };
		B5ED7921207E993E00A8FD8C /* WPAuthenticatorLoggingPrivate.h in Headers */ = {isa = PBXBuildFile; fileRef = B5ED791C207E993E00A8FD8C /* WPAuthenticatorLoggingPrivate.h */; settings = {ATTRIBUTES = (Private, ); }; };
		BBFA4A0E80228A2232BBB06C /* Pods_WordPressAuthenticator.framework in Frameworks */ = {isa = PBXBuildFile; fileRef = 5585A7E9820611F0B738272C /* Pods_WordPressAuthenticator.framework */; };
/* End PBXBuildFile section */

/* Begin PBXContainerItemProxy section */
		B5ED78FF207E976500A8FD8C /* PBXContainerItemProxy */ = {
			isa = PBXContainerItemProxy;
			containerPortal = B5ED78EB207E976500A8FD8C /* Project object */;
			proxyType = 1;
			remoteGlobalIDString = B5ED78F3207E976500A8FD8C;
			remoteInfo = WordPressAuthenticator;
		};
/* End PBXContainerItemProxy section */

/* Begin PBXFileReference section */
		1AC1F367EC83ED50FF5DD0FA /* Pods-WordPressAuthenticatorTests.release-alpha.xcconfig */ = {isa = PBXFileReference; includeInIndex = 1; lastKnownFileType = text.xcconfig; name = "Pods-WordPressAuthenticatorTests.release-alpha.xcconfig"; path = "../Pods/Target Support Files/Pods-WordPressAuthenticatorTests/Pods-WordPressAuthenticatorTests.release-alpha.xcconfig"; sourceTree = "<group>"; };
		2B486F29F11FB3D50371716F /* Pods-WordPressAuthenticatorTests.debug.xcconfig */ = {isa = PBXFileReference; includeInIndex = 1; lastKnownFileType = text.xcconfig; name = "Pods-WordPressAuthenticatorTests.debug.xcconfig"; path = "../Pods/Target Support Files/Pods-WordPressAuthenticatorTests/Pods-WordPressAuthenticatorTests.debug.xcconfig"; sourceTree = "<group>"; };
		507363A502FE93136182BBF6 /* Pods-WordPressAuthenticator.release-alpha.xcconfig */ = {isa = PBXFileReference; includeInIndex = 1; lastKnownFileType = text.xcconfig; name = "Pods-WordPressAuthenticator.release-alpha.xcconfig"; path = "../Pods/Target Support Files/Pods-WordPressAuthenticator/Pods-WordPressAuthenticator.release-alpha.xcconfig"; sourceTree = "<group>"; };
		5585A7E9820611F0B738272C /* Pods_WordPressAuthenticator.framework */ = {isa = PBXFileReference; explicitFileType = wrapper.framework; includeInIndex = 0; path = Pods_WordPressAuthenticator.framework; sourceTree = BUILT_PRODUCTS_DIR; };
		75342E9B15CCDC942D18777A /* Pods-WordPressAuthenticator.debug.xcconfig */ = {isa = PBXFileReference; includeInIndex = 1; lastKnownFileType = text.xcconfig; name = "Pods-WordPressAuthenticator.debug.xcconfig"; path = "../Pods/Target Support Files/Pods-WordPressAuthenticator/Pods-WordPressAuthenticator.debug.xcconfig"; sourceTree = "<group>"; };
		ABBD3BD7BE3EBAF47AAB478A /* Pods-WordPressAuthenticatorTests.release.xcconfig */ = {isa = PBXFileReference; includeInIndex = 1; lastKnownFileType = text.xcconfig; name = "Pods-WordPressAuthenticatorTests.release.xcconfig"; path = "../Pods/Target Support Files/Pods-WordPressAuthenticatorTests/Pods-WordPressAuthenticatorTests.release.xcconfig"; sourceTree = "<group>"; };
		B5ED78F4207E976500A8FD8C /* WordPressAuthenticator.framework */ = {isa = PBXFileReference; explicitFileType = wrapper.framework; includeInIndex = 0; path = WordPressAuthenticator.framework; sourceTree = BUILT_PRODUCTS_DIR; };
		B5ED78F7207E976500A8FD8C /* WordPressAuthenticator.h */ = {isa = PBXFileReference; lastKnownFileType = sourcecode.c.h; path = WordPressAuthenticator.h; sourceTree = "<group>"; };
		B5ED78F8207E976500A8FD8C /* Info.plist */ = {isa = PBXFileReference; lastKnownFileType = text.plist.xml; path = Info.plist; sourceTree = "<group>"; };
		B5ED78FD207E976500A8FD8C /* WordPressAuthenticatorTests.xctest */ = {isa = PBXFileReference; explicitFileType = wrapper.cfbundle; includeInIndex = 0; path = WordPressAuthenticatorTests.xctest; sourceTree = BUILT_PRODUCTS_DIR; };
		B5ED7904207E976500A8FD8C /* Info.plist */ = {isa = PBXFileReference; lastKnownFileType = text.plist.xml; path = Info.plist; sourceTree = "<group>"; };
		B5ED7911207E981400A8FD8C /* WordPressKit.framework */ = {isa = PBXFileReference; explicitFileType = wrapper.framework; path = WordPressKit.framework; sourceTree = BUILT_PRODUCTS_DIR; };
		B5ED7913207E981400A8FD8C /* WordPressShared.framework */ = {isa = PBXFileReference; explicitFileType = wrapper.framework; path = WordPressShared.framework; sourceTree = BUILT_PRODUCTS_DIR; };
		B5ED7915207E981400A8FD8C /* WordPressUI.framework */ = {isa = PBXFileReference; explicitFileType = wrapper.framework; path = WordPressUI.framework; sourceTree = BUILT_PRODUCTS_DIR; };
		B5ED7918207E993E00A8FD8C /* WPAuthenticatorLogging.h */ = {isa = PBXFileReference; fileEncoding = 4; lastKnownFileType = sourcecode.c.h; path = WPAuthenticatorLogging.h; sourceTree = "<group>"; };
		B5ED7919207E993E00A8FD8C /* WPAuthenticatorLoggingPrivate.m */ = {isa = PBXFileReference; fileEncoding = 4; lastKnownFileType = sourcecode.c.objc; path = WPAuthenticatorLoggingPrivate.m; sourceTree = "<group>"; };
		B5ED791A207E993E00A8FD8C /* CocoaLumberjack.swift */ = {isa = PBXFileReference; fileEncoding = 4; lastKnownFileType = sourcecode.swift; path = CocoaLumberjack.swift; sourceTree = "<group>"; };
		B5ED791B207E993E00A8FD8C /* WPAuthenticatorLogging.m */ = {isa = PBXFileReference; fileEncoding = 4; lastKnownFileType = sourcecode.c.objc; path = WPAuthenticatorLogging.m; sourceTree = "<group>"; };
		B5ED791C207E993E00A8FD8C /* WPAuthenticatorLoggingPrivate.h */ = {isa = PBXFileReference; fileEncoding = 4; lastKnownFileType = sourcecode.c.h; path = WPAuthenticatorLoggingPrivate.h; sourceTree = "<group>"; };
		CAD7E149AC1A682AB34A0F7A /* Pods-WordPressAuthenticator.release-internal.xcconfig */ = {isa = PBXFileReference; includeInIndex = 1; lastKnownFileType = text.xcconfig; name = "Pods-WordPressAuthenticator.release-internal.xcconfig"; path = "../Pods/Target Support Files/Pods-WordPressAuthenticator/Pods-WordPressAuthenticator.release-internal.xcconfig"; sourceTree = "<group>"; };
		D8AA09F0F012B6E8F0D7D7FD /* Pods-WordPressAuthenticator.release.xcconfig */ = {isa = PBXFileReference; includeInIndex = 1; lastKnownFileType = text.xcconfig; name = "Pods-WordPressAuthenticator.release.xcconfig"; path = "../Pods/Target Support Files/Pods-WordPressAuthenticator/Pods-WordPressAuthenticator.release.xcconfig"; sourceTree = "<group>"; };
		DD32CEF3E637396C059EB5E7 /* Pods-WordPressAuthenticatorTests.release-internal.xcconfig */ = {isa = PBXFileReference; includeInIndex = 1; lastKnownFileType = text.xcconfig; name = "Pods-WordPressAuthenticatorTests.release-internal.xcconfig"; path = "../Pods/Target Support Files/Pods-WordPressAuthenticatorTests/Pods-WordPressAuthenticatorTests.release-internal.xcconfig"; sourceTree = "<group>"; };
		F8735AAC66C7015A0B684D4B /* Pods_WordPressAuthenticatorTests.framework */ = {isa = PBXFileReference; explicitFileType = wrapper.framework; includeInIndex = 0; path = Pods_WordPressAuthenticatorTests.framework; sourceTree = BUILT_PRODUCTS_DIR; };
/* End PBXFileReference section */

/* Begin PBXFrameworksBuildPhase section */
		B5ED78F0207E976500A8FD8C /* Frameworks */ = {
			isa = PBXFrameworksBuildPhase;
			buildActionMask = 2147483647;
			files = (
				B5ED7912207E981400A8FD8C /* WordPressKit.framework in Frameworks */,
				B5ED7914207E981400A8FD8C /* WordPressShared.framework in Frameworks */,
				B5ED7916207E981400A8FD8C /* WordPressUI.framework in Frameworks */,
				BBFA4A0E80228A2232BBB06C /* Pods_WordPressAuthenticator.framework in Frameworks */,
			);
			runOnlyForDeploymentPostprocessing = 0;
		};
		B5ED78FA207E976500A8FD8C /* Frameworks */ = {
			isa = PBXFrameworksBuildPhase;
			buildActionMask = 2147483647;
			files = (
				B5ED78FE207E976500A8FD8C /* WordPressAuthenticator.framework in Frameworks */,
				050FFF3AF877DD64C5795011 /* Pods_WordPressAuthenticatorTests.framework in Frameworks */,
			);
			runOnlyForDeploymentPostprocessing = 0;
		};
/* End PBXFrameworksBuildPhase section */

/* Begin PBXGroup section */
		76176A643ADF1DE9756E559A /* Pods */ = {
			isa = PBXGroup;
			children = (
				75342E9B15CCDC942D18777A /* Pods-WordPressAuthenticator.debug.xcconfig */,
				D8AA09F0F012B6E8F0D7D7FD /* Pods-WordPressAuthenticator.release.xcconfig */,
				2B486F29F11FB3D50371716F /* Pods-WordPressAuthenticatorTests.debug.xcconfig */,
				ABBD3BD7BE3EBAF47AAB478A /* Pods-WordPressAuthenticatorTests.release.xcconfig */,
				507363A502FE93136182BBF6 /* Pods-WordPressAuthenticator.release-alpha.xcconfig */,
				CAD7E149AC1A682AB34A0F7A /* Pods-WordPressAuthenticator.release-internal.xcconfig */,
				1AC1F367EC83ED50FF5DD0FA /* Pods-WordPressAuthenticatorTests.release-alpha.xcconfig */,
				DD32CEF3E637396C059EB5E7 /* Pods-WordPressAuthenticatorTests.release-internal.xcconfig */,
			);
			name = Pods;
			sourceTree = "<group>";
		};
		B5ED78EA207E976500A8FD8C = {
			isa = PBXGroup;
			children = (
				B5ED78F6207E976500A8FD8C /* WordPressAuthenticator */,
				B5ED7901207E976500A8FD8C /* WordPressAuthenticatorTests */,
				B5ED78F5207E976500A8FD8C /* Products */,
				B5ED7910207E981400A8FD8C /* Frameworks */,
				76176A643ADF1DE9756E559A /* Pods */,
			);
			sourceTree = "<group>";
		};
		B5ED78F5207E976500A8FD8C /* Products */ = {
			isa = PBXGroup;
			children = (
				B5ED78F4207E976500A8FD8C /* WordPressAuthenticator.framework */,
				B5ED78FD207E976500A8FD8C /* WordPressAuthenticatorTests.xctest */,
			);
			name = Products;
			sourceTree = "<group>";
		};
		B5ED78F6207E976500A8FD8C /* WordPressAuthenticator */ = {
			isa = PBXGroup;
			children = (
				B5ED7917207E993E00A8FD8C /* Logging */,
				B5ED78F7207E976500A8FD8C /* WordPressAuthenticator.h */,
				B5ED78F8207E976500A8FD8C /* Info.plist */,
			);
			path = WordPressAuthenticator;
			sourceTree = "<group>";
		};
		B5ED7901207E976500A8FD8C /* WordPressAuthenticatorTests */ = {
			isa = PBXGroup;
			children = (
				B5ED7904207E976500A8FD8C /* Info.plist */,
			);
			path = WordPressAuthenticatorTests;
			sourceTree = "<group>";
		};
		B5ED7910207E981400A8FD8C /* Frameworks */ = {
			isa = PBXGroup;
			children = (
				B5ED7911207E981400A8FD8C /* WordPressKit.framework */,
				B5ED7913207E981400A8FD8C /* WordPressShared.framework */,
				B5ED7915207E981400A8FD8C /* WordPressUI.framework */,
				5585A7E9820611F0B738272C /* Pods_WordPressAuthenticator.framework */,
				F8735AAC66C7015A0B684D4B /* Pods_WordPressAuthenticatorTests.framework */,
			);
			name = Frameworks;
			sourceTree = "<group>";
		};
		B5ED7917207E993E00A8FD8C /* Logging */ = {
			isa = PBXGroup;
			children = (
				B5ED791A207E993E00A8FD8C /* CocoaLumberjack.swift */,
				B5ED7918207E993E00A8FD8C /* WPAuthenticatorLogging.h */,
				B5ED791B207E993E00A8FD8C /* WPAuthenticatorLogging.m */,
				B5ED791C207E993E00A8FD8C /* WPAuthenticatorLoggingPrivate.h */,
				B5ED7919207E993E00A8FD8C /* WPAuthenticatorLoggingPrivate.m */,
			);
			path = Logging;
			sourceTree = "<group>";
		};
/* End PBXGroup section */

/* Begin PBXHeadersBuildPhase section */
		B5ED78F1207E976500A8FD8C /* Headers */ = {
			isa = PBXHeadersBuildPhase;
			buildActionMask = 2147483647;
			files = (
				B5ED7921207E993E00A8FD8C /* WPAuthenticatorLoggingPrivate.h in Headers */,
				B5ED7905207E976500A8FD8C /* WordPressAuthenticator.h in Headers */,
				B5ED791D207E993E00A8FD8C /* WPAuthenticatorLogging.h in Headers */,
			);
			runOnlyForDeploymentPostprocessing = 0;
		};
/* End PBXHeadersBuildPhase section */

/* Begin PBXNativeTarget section */
		B5ED78F3207E976500A8FD8C /* WordPressAuthenticator */ = {
			isa = PBXNativeTarget;
			buildConfigurationList = B5ED7908207E976500A8FD8C /* Build configuration list for PBXNativeTarget "WordPressAuthenticator" */;
			buildPhases = (
				E393230F96EE359314276EAC /* [CP] Check Pods Manifest.lock */,
				B5ED78EF207E976500A8FD8C /* Sources */,
				B5ED78F0207E976500A8FD8C /* Frameworks */,
				B5ED78F1207E976500A8FD8C /* Headers */,
				B5ED78F2207E976500A8FD8C /* Resources */,
				50EA310E6CD8F312B176268E /* [CP] Copy Pods Resources */,
			);
			buildRules = (
			);
			dependencies = (
			);
			name = WordPressAuthenticator;
			productName = WordPressAuthenticator;
			productReference = B5ED78F4207E976500A8FD8C /* WordPressAuthenticator.framework */;
			productType = "com.apple.product-type.framework";
		};
		B5ED78FC207E976500A8FD8C /* WordPressAuthenticatorTests */ = {
			isa = PBXNativeTarget;
			buildConfigurationList = B5ED790B207E976500A8FD8C /* Build configuration list for PBXNativeTarget "WordPressAuthenticatorTests" */;
			buildPhases = (
				A277BB560A9C0A41F2727285 /* [CP] Check Pods Manifest.lock */,
				B5ED78F9207E976500A8FD8C /* Sources */,
				B5ED78FA207E976500A8FD8C /* Frameworks */,
				B5ED78FB207E976500A8FD8C /* Resources */,
				4641E981667EADE136F7EC8D /* [CP] Embed Pods Frameworks */,
				397E44FD848652D4F74CBE53 /* [CP] Copy Pods Resources */,
			);
			buildRules = (
			);
			dependencies = (
				B5ED7900207E976500A8FD8C /* PBXTargetDependency */,
			);
			name = WordPressAuthenticatorTests;
			productName = WordPressAuthenticatorTests;
			productReference = B5ED78FD207E976500A8FD8C /* WordPressAuthenticatorTests.xctest */;
			productType = "com.apple.product-type.bundle.unit-test";
		};
/* End PBXNativeTarget section */

/* Begin PBXProject section */
		B5ED78EB207E976500A8FD8C /* Project object */ = {
			isa = PBXProject;
			attributes = {
				LastSwiftUpdateCheck = 0930;
				LastUpgradeCheck = 0930;
				ORGANIZATIONNAME = Automattic;
				TargetAttributes = {
					B5ED78F3207E976500A8FD8C = {
						CreatedOnToolsVersion = 9.3;
						ProvisioningStyle = Automatic;
					};
					B5ED78FC207E976500A8FD8C = {
						CreatedOnToolsVersion = 9.3;
						ProvisioningStyle = Automatic;
					};
				};
			};
			buildConfigurationList = B5ED78EE207E976500A8FD8C /* Build configuration list for PBXProject "WordPressAuthenticator" */;
			compatibilityVersion = "Xcode 8.0";
			developmentRegion = en;
			hasScannedForEncodings = 0;
			knownRegions = (
				en,
			);
			mainGroup = B5ED78EA207E976500A8FD8C;
			productRefGroup = B5ED78F5207E976500A8FD8C /* Products */;
			projectDirPath = "";
			projectRoot = "";
			targets = (
				B5ED78F3207E976500A8FD8C /* WordPressAuthenticator */,
				B5ED78FC207E976500A8FD8C /* WordPressAuthenticatorTests */,
			);
		};
/* End PBXProject section */

/* Begin PBXResourcesBuildPhase section */
		B5ED78F2207E976500A8FD8C /* Resources */ = {
			isa = PBXResourcesBuildPhase;
			buildActionMask = 2147483647;
			files = (
			);
			runOnlyForDeploymentPostprocessing = 0;
		};
		B5ED78FB207E976500A8FD8C /* Resources */ = {
			isa = PBXResourcesBuildPhase;
			buildActionMask = 2147483647;
			files = (
			);
			runOnlyForDeploymentPostprocessing = 0;
		};
/* End PBXResourcesBuildPhase section */

/* Begin PBXShellScriptBuildPhase section */
		397E44FD848652D4F74CBE53 /* [CP] Copy Pods Resources */ = {
			isa = PBXShellScriptBuildPhase;
			buildActionMask = 2147483647;
			files = (
			);
			inputPaths = (
			);
			name = "[CP] Copy Pods Resources";
			outputPaths = (
			);
			runOnlyForDeploymentPostprocessing = 0;
			shellPath = /bin/sh;
			shellScript = "\"${SRCROOT}/../Pods/Target Support Files/Pods-WordPressAuthenticatorTests/Pods-WordPressAuthenticatorTests-resources.sh\"\n";
			showEnvVarsInLog = 0;
		};
		4641E981667EADE136F7EC8D /* [CP] Embed Pods Frameworks */ = {
			isa = PBXShellScriptBuildPhase;
			buildActionMask = 2147483647;
			files = (
			);
			inputPaths = (
				"${SRCROOT}/../Pods/Target Support Files/Pods-WordPressAuthenticatorTests/Pods-WordPressAuthenticatorTests-frameworks.sh",
				"${BUILT_PRODUCTS_DIR}/CocoaLumberjack/CocoaLumberjack.framework",
			);
			name = "[CP] Embed Pods Frameworks";
			outputPaths = (
				"${TARGET_BUILD_DIR}/${FRAMEWORKS_FOLDER_PATH}/CocoaLumberjack.framework",
			);
			runOnlyForDeploymentPostprocessing = 0;
			shellPath = /bin/sh;
			shellScript = "\"${SRCROOT}/../Pods/Target Support Files/Pods-WordPressAuthenticatorTests/Pods-WordPressAuthenticatorTests-frameworks.sh\"\n";
			showEnvVarsInLog = 0;
		};
		50EA310E6CD8F312B176268E /* [CP] Copy Pods Resources */ = {
			isa = PBXShellScriptBuildPhase;
			buildActionMask = 2147483647;
			files = (
			);
			inputPaths = (
			);
			name = "[CP] Copy Pods Resources";
			outputPaths = (
			);
			runOnlyForDeploymentPostprocessing = 0;
			shellPath = /bin/sh;
			shellScript = "\"${SRCROOT}/../Pods/Target Support Files/Pods-WordPressAuthenticator/Pods-WordPressAuthenticator-resources.sh\"\n";
			showEnvVarsInLog = 0;
		};
		A277BB560A9C0A41F2727285 /* [CP] Check Pods Manifest.lock */ = {
			isa = PBXShellScriptBuildPhase;
			buildActionMask = 2147483647;
			files = (
			);
			inputPaths = (
				"${PODS_PODFILE_DIR_PATH}/Podfile.lock",
				"${PODS_ROOT}/Manifest.lock",
			);
			name = "[CP] Check Pods Manifest.lock";
			outputPaths = (
				"$(DERIVED_FILE_DIR)/Pods-WordPressAuthenticatorTests-checkManifestLockResult.txt",
			);
			runOnlyForDeploymentPostprocessing = 0;
			shellPath = /bin/sh;
			shellScript = "diff \"${PODS_PODFILE_DIR_PATH}/Podfile.lock\" \"${PODS_ROOT}/Manifest.lock\" > /dev/null\nif [ $? != 0 ] ; then\n    # print error to STDERR\n    echo \"error: The sandbox is not in sync with the Podfile.lock. Run 'pod install' or update your CocoaPods installation.\" >&2\n    exit 1\nfi\n# This output is used by Xcode 'outputs' to avoid re-running this script phase.\necho \"SUCCESS\" > \"${SCRIPT_OUTPUT_FILE_0}\"\n";
			showEnvVarsInLog = 0;
		};
		E393230F96EE359314276EAC /* [CP] Check Pods Manifest.lock */ = {
			isa = PBXShellScriptBuildPhase;
			buildActionMask = 2147483647;
			files = (
			);
			inputPaths = (
				"${PODS_PODFILE_DIR_PATH}/Podfile.lock",
				"${PODS_ROOT}/Manifest.lock",
			);
			name = "[CP] Check Pods Manifest.lock";
			outputPaths = (
				"$(DERIVED_FILE_DIR)/Pods-WordPressAuthenticator-checkManifestLockResult.txt",
			);
			runOnlyForDeploymentPostprocessing = 0;
			shellPath = /bin/sh;
			shellScript = "diff \"${PODS_PODFILE_DIR_PATH}/Podfile.lock\" \"${PODS_ROOT}/Manifest.lock\" > /dev/null\nif [ $? != 0 ] ; then\n    # print error to STDERR\n    echo \"error: The sandbox is not in sync with the Podfile.lock. Run 'pod install' or update your CocoaPods installation.\" >&2\n    exit 1\nfi\n# This output is used by Xcode 'outputs' to avoid re-running this script phase.\necho \"SUCCESS\" > \"${SCRIPT_OUTPUT_FILE_0}\"\n";
			showEnvVarsInLog = 0;
		};
/* End PBXShellScriptBuildPhase section */

/* Begin PBXSourcesBuildPhase section */
		B5ED78EF207E976500A8FD8C /* Sources */ = {
			isa = PBXSourcesBuildPhase;
			buildActionMask = 2147483647;
			files = (
				B5ED791E207E993E00A8FD8C /* WPAuthenticatorLoggingPrivate.m in Sources */,
				B5ED7920207E993E00A8FD8C /* WPAuthenticatorLogging.m in Sources */,
				B5ED791F207E993E00A8FD8C /* CocoaLumberjack.swift in Sources */,
			);
			runOnlyForDeploymentPostprocessing = 0;
		};
		B5ED78F9207E976500A8FD8C /* Sources */ = {
			isa = PBXSourcesBuildPhase;
			buildActionMask = 2147483647;
			files = (
			);
			runOnlyForDeploymentPostprocessing = 0;
		};
/* End PBXSourcesBuildPhase section */

/* Begin PBXTargetDependency section */
		B5ED7900207E976500A8FD8C /* PBXTargetDependency */ = {
			isa = PBXTargetDependency;
			target = B5ED78F3207E976500A8FD8C /* WordPressAuthenticator */;
			targetProxy = B5ED78FF207E976500A8FD8C /* PBXContainerItemProxy */;
		};
/* End PBXTargetDependency section */

/* Begin XCBuildConfiguration section */
		B5ED7906207E976500A8FD8C /* Debug */ = {
			isa = XCBuildConfiguration;
			buildSettings = {
				ALWAYS_SEARCH_USER_PATHS = NO;
				CLANG_ANALYZER_NONNULL = YES;
				CLANG_ANALYZER_NUMBER_OBJECT_CONVERSION = YES_AGGRESSIVE;
				CLANG_CXX_LANGUAGE_STANDARD = "gnu++14";
				CLANG_CXX_LIBRARY = "libc++";
				CLANG_ENABLE_MODULES = YES;
				CLANG_ENABLE_OBJC_ARC = YES;
				CLANG_ENABLE_OBJC_WEAK = YES;
				CLANG_WARN_BLOCK_CAPTURE_AUTORELEASING = YES;
				CLANG_WARN_BOOL_CONVERSION = YES;
				CLANG_WARN_COMMA = YES;
				CLANG_WARN_CONSTANT_CONVERSION = YES;
				CLANG_WARN_DEPRECATED_OBJC_IMPLEMENTATIONS = YES;
				CLANG_WARN_DIRECT_OBJC_ISA_USAGE = YES_ERROR;
				CLANG_WARN_DOCUMENTATION_COMMENTS = YES;
				CLANG_WARN_EMPTY_BODY = YES;
				CLANG_WARN_ENUM_CONVERSION = YES;
				CLANG_WARN_INFINITE_RECURSION = YES;
				CLANG_WARN_INT_CONVERSION = YES;
				CLANG_WARN_NON_LITERAL_NULL_CONVERSION = YES;
				CLANG_WARN_OBJC_IMPLICIT_RETAIN_SELF = YES;
				CLANG_WARN_OBJC_LITERAL_CONVERSION = YES;
				CLANG_WARN_OBJC_ROOT_CLASS = YES_ERROR;
				CLANG_WARN_RANGE_LOOP_ANALYSIS = YES;
				CLANG_WARN_STRICT_PROTOTYPES = YES;
				CLANG_WARN_SUSPICIOUS_MOVE = YES;
				CLANG_WARN_UNGUARDED_AVAILABILITY = YES_AGGRESSIVE;
				CLANG_WARN_UNREACHABLE_CODE = YES;
				CLANG_WARN__DUPLICATE_METHOD_MATCH = YES;
				CODE_SIGN_IDENTITY = "iPhone Developer";
				COPY_PHASE_STRIP = NO;
				CURRENT_PROJECT_VERSION = 1;
				DEBUG_INFORMATION_FORMAT = dwarf;
				ENABLE_STRICT_OBJC_MSGSEND = YES;
				ENABLE_TESTABILITY = YES;
				GCC_C_LANGUAGE_STANDARD = gnu11;
				GCC_DYNAMIC_NO_PIC = NO;
				GCC_NO_COMMON_BLOCKS = YES;
				GCC_OPTIMIZATION_LEVEL = 0;
				GCC_PREPROCESSOR_DEFINITIONS = (
					"DEBUG=1",
					"$(inherited)",
				);
				GCC_WARN_64_TO_32_BIT_CONVERSION = YES;
				GCC_WARN_ABOUT_RETURN_TYPE = YES_ERROR;
				GCC_WARN_UNDECLARED_SELECTOR = YES;
				GCC_WARN_UNINITIALIZED_AUTOS = YES_AGGRESSIVE;
				GCC_WARN_UNUSED_FUNCTION = YES;
				GCC_WARN_UNUSED_VARIABLE = YES;
				IPHONEOS_DEPLOYMENT_TARGET = 10.0;
				MTL_ENABLE_DEBUG_INFO = YES;
				ONLY_ACTIVE_ARCH = YES;
				SDKROOT = iphoneos;
				SWIFT_ACTIVE_COMPILATION_CONDITIONS = DEBUG;
				SWIFT_OPTIMIZATION_LEVEL = "-Onone";
				VERSIONING_SYSTEM = "apple-generic";
				VERSION_INFO_PREFIX = "";
			};
			name = Debug;
		};
		B5ED7907207E976500A8FD8C /* Release */ = {
			isa = XCBuildConfiguration;
			buildSettings = {
				ALWAYS_SEARCH_USER_PATHS = NO;
				CLANG_ANALYZER_NONNULL = YES;
				CLANG_ANALYZER_NUMBER_OBJECT_CONVERSION = YES_AGGRESSIVE;
				CLANG_CXX_LANGUAGE_STANDARD = "gnu++14";
				CLANG_CXX_LIBRARY = "libc++";
				CLANG_ENABLE_MODULES = YES;
				CLANG_ENABLE_OBJC_ARC = YES;
				CLANG_ENABLE_OBJC_WEAK = YES;
				CLANG_WARN_BLOCK_CAPTURE_AUTORELEASING = YES;
				CLANG_WARN_BOOL_CONVERSION = YES;
				CLANG_WARN_COMMA = YES;
				CLANG_WARN_CONSTANT_CONVERSION = YES;
				CLANG_WARN_DEPRECATED_OBJC_IMPLEMENTATIONS = YES;
				CLANG_WARN_DIRECT_OBJC_ISA_USAGE = YES_ERROR;
				CLANG_WARN_DOCUMENTATION_COMMENTS = YES;
				CLANG_WARN_EMPTY_BODY = YES;
				CLANG_WARN_ENUM_CONVERSION = YES;
				CLANG_WARN_INFINITE_RECURSION = YES;
				CLANG_WARN_INT_CONVERSION = YES;
				CLANG_WARN_NON_LITERAL_NULL_CONVERSION = YES;
				CLANG_WARN_OBJC_IMPLICIT_RETAIN_SELF = YES;
				CLANG_WARN_OBJC_LITERAL_CONVERSION = YES;
				CLANG_WARN_OBJC_ROOT_CLASS = YES_ERROR;
				CLANG_WARN_RANGE_LOOP_ANALYSIS = YES;
				CLANG_WARN_STRICT_PROTOTYPES = YES;
				CLANG_WARN_SUSPICIOUS_MOVE = YES;
				CLANG_WARN_UNGUARDED_AVAILABILITY = YES_AGGRESSIVE;
				CLANG_WARN_UNREACHABLE_CODE = YES;
				CLANG_WARN__DUPLICATE_METHOD_MATCH = YES;
				CODE_SIGN_IDENTITY = "iPhone Developer";
				COPY_PHASE_STRIP = NO;
				CURRENT_PROJECT_VERSION = 1;
				DEBUG_INFORMATION_FORMAT = "dwarf-with-dsym";
				ENABLE_NS_ASSERTIONS = NO;
				ENABLE_STRICT_OBJC_MSGSEND = YES;
				GCC_C_LANGUAGE_STANDARD = gnu11;
				GCC_NO_COMMON_BLOCKS = YES;
				GCC_WARN_64_TO_32_BIT_CONVERSION = YES;
				GCC_WARN_ABOUT_RETURN_TYPE = YES_ERROR;
				GCC_WARN_UNDECLARED_SELECTOR = YES;
				GCC_WARN_UNINITIALIZED_AUTOS = YES_AGGRESSIVE;
				GCC_WARN_UNUSED_FUNCTION = YES;
				GCC_WARN_UNUSED_VARIABLE = YES;
				IPHONEOS_DEPLOYMENT_TARGET = 10.0;
				MTL_ENABLE_DEBUG_INFO = NO;
				SDKROOT = iphoneos;
				SWIFT_OPTIMIZATION_LEVEL = "-Owholemodule";
				VALIDATE_PRODUCT = YES;
				VERSIONING_SYSTEM = "apple-generic";
				VERSION_INFO_PREFIX = "";
			};
			name = Release;
		};
		B5ED7909207E976500A8FD8C /* Debug */ = {
			isa = XCBuildConfiguration;
			baseConfigurationReference = 75342E9B15CCDC942D18777A /* Pods-WordPressAuthenticator.debug.xcconfig */;
			buildSettings = {
				CODE_SIGN_IDENTITY = "";
				CODE_SIGN_STYLE = Automatic;
				DEFINES_MODULE = YES;
				DEVELOPMENT_TEAM = PZYM8XX95Q;
				DYLIB_COMPATIBILITY_VERSION = 1;
				DYLIB_CURRENT_VERSION = 1;
				DYLIB_INSTALL_NAME_BASE = "@rpath";
				INFOPLIST_FILE = WordPressAuthenticator/Info.plist;
				INSTALL_PATH = "$(LOCAL_LIBRARY_DIR)/Frameworks";
				IPHONEOS_DEPLOYMENT_TARGET = 10.0;
				LD_RUNPATH_SEARCH_PATHS = "$(inherited) @executable_path/Frameworks @loader_path/Frameworks";
				PRODUCT_BUNDLE_IDENTIFIER = com.automattic.WordPressAuthenticator;
				PRODUCT_NAME = "$(TARGET_NAME:c99extidentifier)";
				SKIP_INSTALL = YES;
				SWIFT_VERSION = 4.0;
				TARGETED_DEVICE_FAMILY = "1,2";
			};
			name = Debug;
		};
		B5ED790A207E976500A8FD8C /* Release */ = {
			isa = XCBuildConfiguration;
			baseConfigurationReference = D8AA09F0F012B6E8F0D7D7FD /* Pods-WordPressAuthenticator.release.xcconfig */;
			buildSettings = {
				CODE_SIGN_IDENTITY = "";
				CODE_SIGN_STYLE = Automatic;
				DEFINES_MODULE = YES;
				DEVELOPMENT_TEAM = PZYM8XX95Q;
				DYLIB_COMPATIBILITY_VERSION = 1;
				DYLIB_CURRENT_VERSION = 1;
				DYLIB_INSTALL_NAME_BASE = "@rpath";
				INFOPLIST_FILE = WordPressAuthenticator/Info.plist;
				INSTALL_PATH = "$(LOCAL_LIBRARY_DIR)/Frameworks";
				IPHONEOS_DEPLOYMENT_TARGET = 10.0;
				LD_RUNPATH_SEARCH_PATHS = "$(inherited) @executable_path/Frameworks @loader_path/Frameworks";
				PRODUCT_BUNDLE_IDENTIFIER = com.automattic.WordPressAuthenticator;
				PRODUCT_NAME = "$(TARGET_NAME:c99extidentifier)";
				SKIP_INSTALL = YES;
				SWIFT_VERSION = 4.0;
				TARGETED_DEVICE_FAMILY = "1,2";
			};
			name = Release;
		};
		B5ED790C207E976500A8FD8C /* Debug */ = {
			isa = XCBuildConfiguration;
			baseConfigurationReference = 2B486F29F11FB3D50371716F /* Pods-WordPressAuthenticatorTests.debug.xcconfig */;
			buildSettings = {
				ALWAYS_EMBED_SWIFT_STANDARD_LIBRARIES = YES;
				CODE_SIGN_STYLE = Automatic;
				DEVELOPMENT_TEAM = PZYM8XX95Q;
				INFOPLIST_FILE = WordPressAuthenticatorTests/Info.plist;
				LD_RUNPATH_SEARCH_PATHS = "$(inherited) @executable_path/Frameworks @loader_path/Frameworks";
				PRODUCT_BUNDLE_IDENTIFIER = com.automattic.WordPressAuthenticatorTests;
				PRODUCT_NAME = "$(TARGET_NAME)";
				SWIFT_VERSION = 4.0;
				TARGETED_DEVICE_FAMILY = "1,2";
			};
			name = Debug;
		};
		B5ED790D207E976500A8FD8C /* Release */ = {
			isa = XCBuildConfiguration;
			baseConfigurationReference = ABBD3BD7BE3EBAF47AAB478A /* Pods-WordPressAuthenticatorTests.release.xcconfig */;
			buildSettings = {
				ALWAYS_EMBED_SWIFT_STANDARD_LIBRARIES = YES;
				CODE_SIGN_STYLE = Automatic;
				DEVELOPMENT_TEAM = PZYM8XX95Q;
				INFOPLIST_FILE = WordPressAuthenticatorTests/Info.plist;
				LD_RUNPATH_SEARCH_PATHS = "$(inherited) @executable_path/Frameworks @loader_path/Frameworks";
				PRODUCT_BUNDLE_IDENTIFIER = com.automattic.WordPressAuthenticatorTests;
				PRODUCT_NAME = "$(TARGET_NAME)";
				SWIFT_VERSION = 4.0;
				TARGETED_DEVICE_FAMILY = "1,2";
			};
			name = Release;
		};
		B5ED792B207E9C2100A8FD8C /* Release-Internal */ = {
			isa = XCBuildConfiguration;
			buildSettings = {
				ALWAYS_SEARCH_USER_PATHS = NO;
				CLANG_ANALYZER_NONNULL = YES;
				CLANG_ANALYZER_NUMBER_OBJECT_CONVERSION = YES_AGGRESSIVE;
				CLANG_CXX_LANGUAGE_STANDARD = "gnu++14";
				CLANG_CXX_LIBRARY = "libc++";
				CLANG_ENABLE_MODULES = YES;
				CLANG_ENABLE_OBJC_ARC = YES;
				CLANG_ENABLE_OBJC_WEAK = YES;
				CLANG_WARN_BLOCK_CAPTURE_AUTORELEASING = YES;
				CLANG_WARN_BOOL_CONVERSION = YES;
				CLANG_WARN_COMMA = YES;
				CLANG_WARN_CONSTANT_CONVERSION = YES;
				CLANG_WARN_DEPRECATED_OBJC_IMPLEMENTATIONS = YES;
				CLANG_WARN_DIRECT_OBJC_ISA_USAGE = YES_ERROR;
				CLANG_WARN_DOCUMENTATION_COMMENTS = YES;
				CLANG_WARN_EMPTY_BODY = YES;
				CLANG_WARN_ENUM_CONVERSION = YES;
				CLANG_WARN_INFINITE_RECURSION = YES;
				CLANG_WARN_INT_CONVERSION = YES;
				CLANG_WARN_NON_LITERAL_NULL_CONVERSION = YES;
				CLANG_WARN_OBJC_IMPLICIT_RETAIN_SELF = YES;
				CLANG_WARN_OBJC_LITERAL_CONVERSION = YES;
				CLANG_WARN_OBJC_ROOT_CLASS = YES_ERROR;
				CLANG_WARN_RANGE_LOOP_ANALYSIS = YES;
				CLANG_WARN_STRICT_PROTOTYPES = YES;
				CLANG_WARN_SUSPICIOUS_MOVE = YES;
				CLANG_WARN_UNGUARDED_AVAILABILITY = YES_AGGRESSIVE;
				CLANG_WARN_UNREACHABLE_CODE = YES;
				CLANG_WARN__DUPLICATE_METHOD_MATCH = YES;
				CODE_SIGN_IDENTITY = "iPhone Developer";
				COPY_PHASE_STRIP = NO;
				CURRENT_PROJECT_VERSION = 1;
				DEBUG_INFORMATION_FORMAT = "dwarf-with-dsym";
				ENABLE_NS_ASSERTIONS = NO;
				ENABLE_STRICT_OBJC_MSGSEND = YES;
				GCC_C_LANGUAGE_STANDARD = gnu11;
				GCC_NO_COMMON_BLOCKS = YES;
				GCC_WARN_64_TO_32_BIT_CONVERSION = YES;
				GCC_WARN_ABOUT_RETURN_TYPE = YES_ERROR;
				GCC_WARN_UNDECLARED_SELECTOR = YES;
				GCC_WARN_UNINITIALIZED_AUTOS = YES_AGGRESSIVE;
				GCC_WARN_UNUSED_FUNCTION = YES;
				GCC_WARN_UNUSED_VARIABLE = YES;
				IPHONEOS_DEPLOYMENT_TARGET = 10.0;
				MTL_ENABLE_DEBUG_INFO = NO;
				SDKROOT = iphoneos;
				SWIFT_OPTIMIZATION_LEVEL = "-Owholemodule";
				VALIDATE_PRODUCT = YES;
				VERSIONING_SYSTEM = "apple-generic";
				VERSION_INFO_PREFIX = "";
			};
			name = "Release-Internal";
		};
		B5ED792C207E9C2100A8FD8C /* Release-Internal */ = {
			isa = XCBuildConfiguration;
			baseConfigurationReference = CAD7E149AC1A682AB34A0F7A /* Pods-WordPressAuthenticator.release-internal.xcconfig */;
			buildSettings = {
				CODE_SIGN_IDENTITY = "";
				CODE_SIGN_STYLE = Automatic;
				DEFINES_MODULE = YES;
				DEVELOPMENT_TEAM = PZYM8XX95Q;
				DYLIB_COMPATIBILITY_VERSION = 1;
				DYLIB_CURRENT_VERSION = 1;
				DYLIB_INSTALL_NAME_BASE = "@rpath";
				INFOPLIST_FILE = WordPressAuthenticator/Info.plist;
				INSTALL_PATH = "$(LOCAL_LIBRARY_DIR)/Frameworks";
				IPHONEOS_DEPLOYMENT_TARGET = 10.0;
				LD_RUNPATH_SEARCH_PATHS = "$(inherited) @executable_path/Frameworks @loader_path/Frameworks";
				PRODUCT_BUNDLE_IDENTIFIER = com.automattic.WordPressAuthenticator;
				PRODUCT_NAME = "$(TARGET_NAME:c99extidentifier)";
				SKIP_INSTALL = YES;
				SWIFT_VERSION = 4.0;
				TARGETED_DEVICE_FAMILY = "1,2";
			};
			name = "Release-Internal";
		};
		B5ED792D207E9C2100A8FD8C /* Release-Internal */ = {
			isa = XCBuildConfiguration;
			baseConfigurationReference = DD32CEF3E637396C059EB5E7 /* Pods-WordPressAuthenticatorTests.release-internal.xcconfig */;
			buildSettings = {
				ALWAYS_EMBED_SWIFT_STANDARD_LIBRARIES = YES;
				CODE_SIGN_STYLE = Automatic;
				DEVELOPMENT_TEAM = PZYM8XX95Q;
				INFOPLIST_FILE = WordPressAuthenticatorTests/Info.plist;
				LD_RUNPATH_SEARCH_PATHS = "$(inherited) @executable_path/Frameworks @loader_path/Frameworks";
				PRODUCT_BUNDLE_IDENTIFIER = com.automattic.WordPressAuthenticatorTests;
				PRODUCT_NAME = "$(TARGET_NAME)";
				SWIFT_VERSION = 4.0;
				TARGETED_DEVICE_FAMILY = "1,2";
			};
			name = "Release-Internal";
		};
		B5ED792E207E9C2B00A8FD8C /* Release-Alpha */ = {
			isa = XCBuildConfiguration;
			buildSettings = {
				ALWAYS_SEARCH_USER_PATHS = NO;
				CLANG_ANALYZER_NONNULL = YES;
				CLANG_ANALYZER_NUMBER_OBJECT_CONVERSION = YES_AGGRESSIVE;
				CLANG_CXX_LANGUAGE_STANDARD = "gnu++14";
				CLANG_CXX_LIBRARY = "libc++";
				CLANG_ENABLE_MODULES = YES;
				CLANG_ENABLE_OBJC_ARC = YES;
				CLANG_ENABLE_OBJC_WEAK = YES;
				CLANG_WARN_BLOCK_CAPTURE_AUTORELEASING = YES;
				CLANG_WARN_BOOL_CONVERSION = YES;
				CLANG_WARN_COMMA = YES;
				CLANG_WARN_CONSTANT_CONVERSION = YES;
				CLANG_WARN_DEPRECATED_OBJC_IMPLEMENTATIONS = YES;
				CLANG_WARN_DIRECT_OBJC_ISA_USAGE = YES_ERROR;
				CLANG_WARN_DOCUMENTATION_COMMENTS = YES;
				CLANG_WARN_EMPTY_BODY = YES;
				CLANG_WARN_ENUM_CONVERSION = YES;
				CLANG_WARN_INFINITE_RECURSION = YES;
				CLANG_WARN_INT_CONVERSION = YES;
				CLANG_WARN_NON_LITERAL_NULL_CONVERSION = YES;
				CLANG_WARN_OBJC_IMPLICIT_RETAIN_SELF = YES;
				CLANG_WARN_OBJC_LITERAL_CONVERSION = YES;
				CLANG_WARN_OBJC_ROOT_CLASS = YES_ERROR;
				CLANG_WARN_RANGE_LOOP_ANALYSIS = YES;
				CLANG_WARN_STRICT_PROTOTYPES = YES;
				CLANG_WARN_SUSPICIOUS_MOVE = YES;
				CLANG_WARN_UNGUARDED_AVAILABILITY = YES_AGGRESSIVE;
				CLANG_WARN_UNREACHABLE_CODE = YES;
				CLANG_WARN__DUPLICATE_METHOD_MATCH = YES;
				CODE_SIGN_IDENTITY = "iPhone Developer";
				COPY_PHASE_STRIP = NO;
				CURRENT_PROJECT_VERSION = 1;
				DEBUG_INFORMATION_FORMAT = "dwarf-with-dsym";
				ENABLE_NS_ASSERTIONS = NO;
				ENABLE_STRICT_OBJC_MSGSEND = YES;
				GCC_C_LANGUAGE_STANDARD = gnu11;
				GCC_NO_COMMON_BLOCKS = YES;
				GCC_WARN_64_TO_32_BIT_CONVERSION = YES;
				GCC_WARN_ABOUT_RETURN_TYPE = YES_ERROR;
				GCC_WARN_UNDECLARED_SELECTOR = YES;
				GCC_WARN_UNINITIALIZED_AUTOS = YES_AGGRESSIVE;
				GCC_WARN_UNUSED_FUNCTION = YES;
				GCC_WARN_UNUSED_VARIABLE = YES;
				IPHONEOS_DEPLOYMENT_TARGET = 10.0;
				MTL_ENABLE_DEBUG_INFO = NO;
				SDKROOT = iphoneos;
				SWIFT_OPTIMIZATION_LEVEL = "-Owholemodule";
				VALIDATE_PRODUCT = YES;
				VERSIONING_SYSTEM = "apple-generic";
				VERSION_INFO_PREFIX = "";
			};
			name = "Release-Alpha";
		};
		B5ED792F207E9C2B00A8FD8C /* Release-Alpha */ = {
			isa = XCBuildConfiguration;
			baseConfigurationReference = 507363A502FE93136182BBF6 /* Pods-WordPressAuthenticator.release-alpha.xcconfig */;
			buildSettings = {
				CODE_SIGN_IDENTITY = "";
				CODE_SIGN_STYLE = Automatic;
				DEFINES_MODULE = YES;
				DEVELOPMENT_TEAM = PZYM8XX95Q;
				DYLIB_COMPATIBILITY_VERSION = 1;
				DYLIB_CURRENT_VERSION = 1;
				DYLIB_INSTALL_NAME_BASE = "@rpath";
				INFOPLIST_FILE = WordPressAuthenticator/Info.plist;
				INSTALL_PATH = "$(LOCAL_LIBRARY_DIR)/Frameworks";
				IPHONEOS_DEPLOYMENT_TARGET = 10.0;
				LD_RUNPATH_SEARCH_PATHS = "$(inherited) @executable_path/Frameworks @loader_path/Frameworks";
				PRODUCT_BUNDLE_IDENTIFIER = com.automattic.WordPressAuthenticator;
				PRODUCT_NAME = "$(TARGET_NAME:c99extidentifier)";
				SKIP_INSTALL = YES;
				SWIFT_VERSION = 4.0;
				TARGETED_DEVICE_FAMILY = "1,2";
			};
			name = "Release-Alpha";
		};
		B5ED7930207E9C2B00A8FD8C /* Release-Alpha */ = {
			isa = XCBuildConfiguration;
			baseConfigurationReference = 1AC1F367EC83ED50FF5DD0FA /* Pods-WordPressAuthenticatorTests.release-alpha.xcconfig */;
			buildSettings = {
				ALWAYS_EMBED_SWIFT_STANDARD_LIBRARIES = YES;
				CODE_SIGN_STYLE = Automatic;
				DEVELOPMENT_TEAM = PZYM8XX95Q;
				INFOPLIST_FILE = WordPressAuthenticatorTests/Info.plist;
				LD_RUNPATH_SEARCH_PATHS = "$(inherited) @executable_path/Frameworks @loader_path/Frameworks";
				PRODUCT_BUNDLE_IDENTIFIER = com.automattic.WordPressAuthenticatorTests;
				PRODUCT_NAME = "$(TARGET_NAME)";
				SWIFT_VERSION = 4.0;
				TARGETED_DEVICE_FAMILY = "1,2";
			};
			name = "Release-Alpha";
		};
/* End XCBuildConfiguration section */

/* Begin XCConfigurationList section */
		B5ED78EE207E976500A8FD8C /* Build configuration list for PBXProject "WordPressAuthenticator" */ = {
			isa = XCConfigurationList;
			buildConfigurations = (
				B5ED7906207E976500A8FD8C /* Debug */,
				B5ED7907207E976500A8FD8C /* Release */,
				B5ED792E207E9C2B00A8FD8C /* Release-Alpha */,
				B5ED792B207E9C2100A8FD8C /* Release-Internal */,
			);
			defaultConfigurationIsVisible = 0;
			defaultConfigurationName = Release;
		};
		B5ED7908207E976500A8FD8C /* Build configuration list for PBXNativeTarget "WordPressAuthenticator" */ = {
			isa = XCConfigurationList;
			buildConfigurations = (
				B5ED7909207E976500A8FD8C /* Debug */,
				B5ED790A207E976500A8FD8C /* Release */,
				B5ED792F207E9C2B00A8FD8C /* Release-Alpha */,
				B5ED792C207E9C2100A8FD8C /* Release-Internal */,
			);
			defaultConfigurationIsVisible = 0;
			defaultConfigurationName = Release;
		};
		B5ED790B207E976500A8FD8C /* Build configuration list for PBXNativeTarget "WordPressAuthenticatorTests" */ = {
			isa = XCConfigurationList;
			buildConfigurations = (
				B5ED790C207E976500A8FD8C /* Debug */,
				B5ED790D207E976500A8FD8C /* Release */,
				B5ED7930207E9C2B00A8FD8C /* Release-Alpha */,
				B5ED792D207E9C2100A8FD8C /* Release-Internal */,
			);
			defaultConfigurationIsVisible = 0;
			defaultConfigurationName = Release;
		};
/* End XCConfigurationList section */
	};
	rootObject = B5ED78EB207E976500A8FD8C /* Project object */;
}
