<?xml version="1.0" encoding="UTF-8"?>
<Scheme
   LastUpgradeVersion = "1400"
   version = "1.7">
   <BuildAction
      parallelizeBuildables = "YES"
      buildImplicitDependencies = "YES">
      <BuildActionEntries>
         <BuildActionEntry
            buildForTesting = "YES"
            buildForRunning = "YES"
            buildForProfiling = "YES"
            buildForArchiving = "YES"
            buildForAnalyzing = "YES">
            <BuildableReference
               BuildableIdentifier = "primary"
               BlueprintIdentifier = "FABB1F8F2602FC2C00C8785C"
               BuildableName = "Jetpack.app"
               BlueprintName = "Jetpack"
               ReferencedContainer = "container:WordPress.xcodeproj">
            </BuildableReference>
         </BuildActionEntry>
      </BuildActionEntries>
   </BuildAction>
   <TestAction
      buildConfiguration = "Debug"
      selectedDebuggerIdentifier = "Xcode.DebuggerFoundation.Debugger.LLDB"
      selectedLauncherIdentifier = "Xcode.DebuggerFoundation.Launcher.LLDB"
      shouldUseLaunchSchemeArgsEnv = "YES">
      <PreActions>
         <ExecutionAction
            ActionType = "Xcode.IDEStandardExecutionActionsCore.ExecutionActionType.ShellScriptAction">
            <ActionContent
               title = "Disable AutoFill Passwords"
               scriptText = "echo &quot;==============&gt; PRE-ACTIONS&quot;&#10;# Shutdown all simulators as the changes to plist files only take effect after reboot.&#10;xcrun simctl shutdown all&#10;&#10;# Disable AutoFill Passwords&#10;IPAD_PLIST=&quot;/Users/builder/Library/Developer/CoreSimulator/Devices/FC4B5BA1-C4A0-4C60-94FE-8C40B29C17AD/data/Containers/Shared/SystemGroup/systemgroup.com.apple.configurationprofiles/Library/ConfigurationProfiles/UserSettings.plist&quot;&#10;IPHONE_PLIST=&quot;/Users/builder/Library/Developer/CoreSimulator/Devices/435326FA-9F81-4C3E-96B8-92446A5B0075/data/Containers/Shared/SystemGroup/systemgroup.com.apple.configurationprofiles/Library/ConfigurationProfiles/UserSettings.plist&quot;&#10;/usr/libexec/PlistBuddy -c &quot;Add :restrictedBool:allowPasswordAutoFill:value bool NO&quot; $IPAD_PLIST&#10;/usr/libexec/PlistBuddy -c &quot;Add :restrictedBool:allowPasswordAutoFill:value bool false&quot; $IPHONE_PLIST&#10;&#10;echo &quot;&lt;============== PRE-ACTIONS&quot;&#10;">
            </ActionContent>
         </ExecutionAction>
      </PreActions>
      <TestPlans>
         <TestPlanReference
            reference = "container:UITests/JetpackUITests.xctestplan"
            default = "YES">
         </TestPlanReference>
      </TestPlans>
      <Testables>
         <TestableReference
            skipped = "NO">
            <BuildableReference
               BuildableIdentifier = "primary"
               BlueprintIdentifier = "EA14532229AD874C001F3143"
               BuildableName = "JetpackUITests.xctest"
               BlueprintName = "JetpackUITests"
               ReferencedContainer = "container:WordPress.xcodeproj">
            </BuildableReference>
            <SkippedTests>
               <Test
                  Identifier = "LoginTests/testEmailMagicLinkLogin()">
               </Test>
               <Test
                  Identifier = "SignupTests/testEmailSignup()">
               </Test>
               <Test
                  Identifier = "SupportScreenTests/testSupportForumsCanBeLoadedDuringLogin()">
               </Test>
            </SkippedTests>
         </TestableReference>
      </Testables>
   </TestAction>
   <LaunchAction
      buildConfiguration = "Debug"
      selectedDebuggerIdentifier = "Xcode.DebuggerFoundation.Debugger.LLDB"
      selectedLauncherIdentifier = "Xcode.DebuggerFoundation.Launcher.LLDB"
      launchStyle = "0"
      useCustomWorkingDirectory = "NO"
      ignoresPersistentStateOnLaunch = "NO"
      debugDocumentVersioning = "YES"
      debugServiceExtension = "internal"
      allowLocationSimulation = "YES">
      <BuildableProductRunnable
         runnableDebuggingMode = "0">
         <BuildableReference
            BuildableIdentifier = "primary"
            BlueprintIdentifier = "FABB1F8F2602FC2C00C8785C"
            BuildableName = "Jetpack.app"
            BlueprintName = "Jetpack"
            ReferencedContainer = "container:WordPress.xcodeproj">
         </BuildableReference>
      </BuildableProductRunnable>
      <CommandLineArguments>
         <CommandLineArgument
            argument = "-debugPinghub"
            isEnabled = "NO">
         </CommandLineArgument>
         <CommandLineArgument
            argument = "-extra_debug 1"
            isEnabled = "NO">
         </CommandLineArgument>
         <CommandLineArgument
            argument = "-force-crash-logging 1"
            isEnabled = "NO">
         </CommandLineArgument>
         <CommandLineArgument
            argument = "-com.apple.CoreData.ConcurrencyDebug 1"
            isEnabled = "YES">
         </CommandLineArgument>
         <CommandLineArgument
            argument = "-wpcom-api-base-url http://localhost:8282/"
            isEnabled = "NO">
         </CommandLineArgument>
         <CommandLineArgument
            argument = "-debugJetpackConnectionFlow"
            isEnabled = "NO">
         </CommandLineArgument>
      </CommandLineArguments>
      <EnvironmentVariables>
         <EnvironmentVariable
            key = "OS_ACTIVITY_MODE"
            value = "disable"
            isEnabled = "NO">
         </EnvironmentVariable>
      </EnvironmentVariables>
      <AdditionalOptions>
         <AdditionalOption
            key = "MallocStackLogging"
            value = ""
            isEnabled = "YES">
         </AdditionalOption>
         <AdditionalOption
            key = "PrefersMallocStackLoggingLite"
            value = ""
            isEnabled = "YES">
         </AdditionalOption>
         <AdditionalOption
            key = "MallocScribble"
            value = ""
            isEnabled = "YES">
         </AdditionalOption>
      </AdditionalOptions>
   </LaunchAction>
   <ProfileAction
      buildConfiguration = "Release"
      shouldUseLaunchSchemeArgsEnv = "YES"
      savedToolIdentifier = ""
      useCustomWorkingDirectory = "NO"
      debugDocumentVersioning = "YES">
      <BuildableProductRunnable
         runnableDebuggingMode = "0">
         <BuildableReference
            BuildableIdentifier = "primary"
            BlueprintIdentifier = "FABB1F8F2602FC2C00C8785C"
            BuildableName = "Jetpack.app"
            BlueprintName = "Jetpack"
            ReferencedContainer = "container:WordPress.xcodeproj">
         </BuildableReference>
      </BuildableProductRunnable>
   </ProfileAction>
   <AnalyzeAction
      buildConfiguration = "Debug">
   </AnalyzeAction>
   <ArchiveAction
      buildConfiguration = "Release"
      revealArchiveInOrganizer = "YES">
   </ArchiveAction>
</Scheme>
