{
  "object": {
    "pins": [
      {
        "package": "AutomatticAbout",
        "repositoryURL": "https://github.com/automattic/AutomatticAbout-swift",
        "state": {
          "branch": null,
          "revision": "14b10de6d21b0d2e9ee41fc63b1cffc840d73003",
          "version": "1.1.3"
        }
      },
      {
        "package": "DGCharts",
        "repositoryURL": "https://github.com/danielgindi/Charts",
        "state": {
          "branch": null,
          "revision": "dd9c72e3d7e751e769971092a6bd72d39198ae63",
          "version": "5.1.0"
        }
      },
      {
        "package": "CwlCatchException",
        "repositoryURL": "https://github.com/mattgallagher/CwlCatchException.git",
        "state": {
          "branch": null,
          "revision": "3ef6999c73b6938cc0da422f2c912d0158abb0a0",
          "version": "2.2.0"
        }
      },
      {
        "package": "CwlPreconditionTesting",
        "repositoryURL": "https://github.com/mattgallagher/CwlPreconditionTesting.git",
        "state": {
          "branch": null,
          "revision": "2ef56b2caf25f55fa7eef8784c30d5a767550f54",
          "version": "2.2.1"
        }
      },
      {
        "package": "Lottie",
        "repositoryURL": "https://github.com/airbnb/lottie-ios.git",
        "state": {
          "branch": null,
          "revision": "769b88d83a42ca8d5572b020c96f47e3690b3796",
          "version": "4.4.3"
        }
      },
      {
        "package": "Nimble",
        "repositoryURL": "https://github.com/Quick/Nimble",
        "state": {
          "branch": null,
          "revision": "1f3bde57bde12f5e7b07909848c071e9b73d6edc",
          "version": "10.0.0"
        }
      },
      {
        "package": "ScreenObject",
        "repositoryURL": "https://github.com/Automattic/ScreenObject",
        "state": {
          "branch": null,
          "revision": "328db56c62aab91440ec5e07cc9f7eef6e26a26e",
          "version": "0.2.3"
        }
      },
      {
        "package": "BuildkiteTestCollector",
        "repositoryURL": "https://github.com/buildkite/test-collector-swift",
        "state": {
          "branch": null,
          "revision": "77c7f492f5c1c9ca159f73d18f56bbd1186390b0",
          "version": "0.3.0"
        }
      },
      {
        "package": "XCUITestHelpers",
        "repositoryURL": "https://github.com/Automattic/XCUITestHelpers",
        "state": {
          "branch": null,
          "revision": "5179cb69d58b90761cc713bdee7740c4889d3295",
          "version": "0.4.0"
        }
      }
    ]
  },
  "version": 1
}
