{
  "object": {
    "pins": [
      {
        "package": "ScreenObject",
        "repositoryURL": "https://github.com/Automattic/ScreenObject",
        "state": {
          "branch": null,
          "revision": "df8ee4983e674b583b546bb0640ec83428be2465",
          "version": "0.1.0"
        }
      }
    ]
  },
  "version": 1
}
